
Microsoft Visual Studio Solution File, Format Version 12.00
# Visual Studio Version 16
VisualStudioVersion = 16.0.31205.134
MinimumVisualStudioVersion = 10.0.40219.1
Project("{9A19103F-16F7-4668-BE54-9A1E7A4F7556}") = "MdmControlCore", "MdmControlCore\MdmControlCore.csproj", "{62D0DB1E-0671-4343-A0A9-5D125D277271}"
EndProject
Project("{9A19103F-16F7-4668-BE54-9A1E7A4F7556}") = "MdmControlCoreTests", "MdmControlCoreTests\MdmControlCoreTests.csproj", "{42F55522-56AD-401A-9D41-9F19F7F908F7}"
EndProject
Project("{9A19103F-16F7-4668-BE54-9A1E7A4F7556}") = "MdmControlBlazorTests", "MdmControlBlazorTests\MdmControlBlazorTests.csproj", "{87776FBA-71A6-4831-AC8B-44AB1FD79C77}"
EndProject
Project("{2150E333-8FDC-42A3-9474-1A3956D46DE8}") = "Solution Items", "Solution Items", "{3B3C198D-F175-407E-BBB5-414D08056384}"
	ProjectSection(SolutionItems) = preProject
		CHANGELOG.md = CHANGELOG.md
		LICENSE = LICENSE
		README.md = README.md
	EndProjectSection
EndProject
Project("{9A19103F-16F7-4668-BE54-9A1E7A4F7556}") = "MdmControlBlazor", "MdmControlBlazor\MdmControlBlazor.csproj", "{3DBB903B-FCB1-4247-8AB7-D1DEA66A1634}"
EndProject
Project("{9A19103F-16F7-4668-BE54-9A1E7A4F7556}") = "WebApiExample", "WebApiExample\WebApiExample.csproj", "{3E1A7D8C-6300-434D-9AC5-B8D8EE7A7A11}"
EndProject
Project("{FAE04EC0-301F-11D3-BF4B-00C04F79EFBC}") = "WebApiTerra800", "WebApiTerra\WebApiTerra800.csproj", "{9731F2F4-3D6D-481F-A97A-70EB58B78B3B}"
EndProject
Project("{FAE04EC0-301F-11D3-BF4B-00C04F79EFBC}") = "WebApiTerra2", "WebApiTerra2\WebApiTerra2.csproj", "{BEE72CDD-8556-4FE3-A024-C65E73824A06}"
EndProject
Project("{FAE04EC0-301F-11D3-BF4B-00C04F79EFBC}") = "WebApiTerra2Tests", "WebApiTerra2Tests\WebApiTerra2Tests.csproj", "{134A25D2-9AFD-41EB-8DB5-EE6159EB4A4A}"
EndProject
Project("{9A19103F-16F7-4668-BE54-9A1E7A4F7556}") = "WebApiTerra1000", "WebApiTerra1000\WebApiTerra1000.csproj", "{F2AE8E2B-F002-4C5B-B28D-A4D1B5497F8C}"
EndProject
Project("{00D1A9C2-B5F0-4AF3-8072-F6C62B433612}") = "DbDwh", "DbDwh\DbDwh.sqlproj", "{CCB13807-73C3-44AA-BC52-44319E2FD0EA}"
EndProject
Global
	GlobalSection(SolutionConfigurationPlatforms) = preSolution
		Debug|Any CPU = Debug|Any CPU
		Debug|x64 = Debug|x64
		Release|Any CPU = Release|Any CPU
		Release|x64 = Release|x64
	EndGlobalSection
	GlobalSection(ProjectConfigurationPlatforms) = postSolution
		{62D0DB1E-0671-4343-A0A9-5D125D277271}.Debug|Any CPU.ActiveCfg = Debug|Any CPU
		{62D0DB1E-0671-4343-A0A9-5D125D277271}.Debug|Any CPU.Build.0 = Debug|Any CPU
		{62D0DB1E-0671-4343-A0A9-5D125D277271}.Debug|x64.ActiveCfg = Debug|x64
		{62D0DB1E-0671-4343-A0A9-5D125D277271}.Debug|x64.Build.0 = Debug|x64
		{62D0DB1E-0671-4343-A0A9-5D125D277271}.Release|Any CPU.ActiveCfg = Release|Any CPU
		{62D0DB1E-0671-4343-A0A9-5D125D277271}.Release|Any CPU.Build.0 = Release|Any CPU
		{62D0DB1E-0671-4343-A0A9-5D125D277271}.Release|x64.ActiveCfg = Release|x64
		{62D0DB1E-0671-4343-A0A9-5D125D277271}.Release|x64.Build.0 = Release|x64
		{42F55522-56AD-401A-9D41-9F19F7F908F7}.Debug|Any CPU.ActiveCfg = Debug|Any CPU
		{42F55522-56AD-401A-9D41-9F19F7F908F7}.Debug|Any CPU.Build.0 = Debug|Any CPU
		{42F55522-56AD-401A-9D41-9F19F7F908F7}.Debug|x64.ActiveCfg = Debug|x64
		{42F55522-56AD-401A-9D41-9F19F7F908F7}.Debug|x64.Build.0 = Debug|x64
		{42F55522-56AD-401A-9D41-9F19F7F908F7}.Release|Any CPU.ActiveCfg = Release|Any CPU
		{42F55522-56AD-401A-9D41-9F19F7F908F7}.Release|Any CPU.Build.0 = Release|Any CPU
		{42F55522-56AD-401A-9D41-9F19F7F908F7}.Release|x64.ActiveCfg = Release|x64
		{42F55522-56AD-401A-9D41-9F19F7F908F7}.Release|x64.Build.0 = Release|x64
		{87776FBA-71A6-4831-AC8B-44AB1FD79C77}.Debug|Any CPU.ActiveCfg = Debug|Any CPU
		{87776FBA-71A6-4831-AC8B-44AB1FD79C77}.Debug|Any CPU.Build.0 = Debug|Any CPU
		{87776FBA-71A6-4831-AC8B-44AB1FD79C77}.Debug|x64.ActiveCfg = Debug|x64
		{87776FBA-71A6-4831-AC8B-44AB1FD79C77}.Debug|x64.Build.0 = Debug|x64
		{87776FBA-71A6-4831-AC8B-44AB1FD79C77}.Release|Any CPU.ActiveCfg = Release|Any CPU
		{87776FBA-71A6-4831-AC8B-44AB1FD79C77}.Release|Any CPU.Build.0 = Release|Any CPU
		{87776FBA-71A6-4831-AC8B-44AB1FD79C77}.Release|x64.ActiveCfg = Release|x64
		{87776FBA-71A6-4831-AC8B-44AB1FD79C77}.Release|x64.Build.0 = Release|x64
		{3DBB903B-FCB1-4247-8AB7-D1DEA66A1634}.Debug|Any CPU.ActiveCfg = Debug|Any CPU
		{3DBB903B-FCB1-4247-8AB7-D1DEA66A1634}.Debug|Any CPU.Build.0 = Debug|Any CPU
		{3DBB903B-FCB1-4247-8AB7-D1DEA66A1634}.Debug|x64.ActiveCfg = Debug|x64
		{3DBB903B-FCB1-4247-8AB7-D1DEA66A1634}.Debug|x64.Build.0 = Debug|x64
		{3DBB903B-FCB1-4247-8AB7-D1DEA66A1634}.Release|Any CPU.ActiveCfg = Release|Any CPU
		{3DBB903B-FCB1-4247-8AB7-D1DEA66A1634}.Release|Any CPU.Build.0 = Release|Any CPU
		{3DBB903B-FCB1-4247-8AB7-D1DEA66A1634}.Release|x64.ActiveCfg = Release|x64
		{3DBB903B-FCB1-4247-8AB7-D1DEA66A1634}.Release|x64.Build.0 = Release|x64
		{3E1A7D8C-6300-434D-9AC5-B8D8EE7A7A11}.Debug|Any CPU.ActiveCfg = Debug|Any CPU
		{3E1A7D8C-6300-434D-9AC5-B8D8EE7A7A11}.Debug|Any CPU.Build.0 = Debug|Any CPU
		{3E1A7D8C-6300-434D-9AC5-B8D8EE7A7A11}.Debug|x64.ActiveCfg = Debug|x64
		{3E1A7D8C-6300-434D-9AC5-B8D8EE7A7A11}.Debug|x64.Build.0 = Debug|x64
		{3E1A7D8C-6300-434D-9AC5-B8D8EE7A7A11}.Release|Any CPU.ActiveCfg = Release|Any CPU
		{3E1A7D8C-6300-434D-9AC5-B8D8EE7A7A11}.Release|Any CPU.Build.0 = Release|Any CPU
		{3E1A7D8C-6300-434D-9AC5-B8D8EE7A7A11}.Release|x64.ActiveCfg = Release|x64
		{3E1A7D8C-6300-434D-9AC5-B8D8EE7A7A11}.Release|x64.Build.0 = Release|x64
		{9731F2F4-3D6D-481F-A97A-70EB58B78B3B}.Debug|Any CPU.ActiveCfg = Debug|Any CPU
		{9731F2F4-3D6D-481F-A97A-70EB58B78B3B}.Debug|Any CPU.Build.0 = Debug|Any CPU
		{9731F2F4-3D6D-481F-A97A-70EB58B78B3B}.Debug|x64.ActiveCfg = Debug|x64
		{9731F2F4-3D6D-481F-A97A-70EB58B78B3B}.Debug|x64.Build.0 = Debug|x64
		{9731F2F4-3D6D-481F-A97A-70EB58B78B3B}.Release|Any CPU.ActiveCfg = Release|Any CPU
		{9731F2F4-3D6D-481F-A97A-70EB58B78B3B}.Release|Any CPU.Build.0 = Release|Any CPU
		{9731F2F4-3D6D-481F-A97A-70EB58B78B3B}.Release|x64.ActiveCfg = Release|x64
		{9731F2F4-3D6D-481F-A97A-70EB58B78B3B}.Release|x64.Build.0 = Release|x64
		{BEE72CDD-8556-4FE3-A024-C65E73824A06}.Debug|Any CPU.ActiveCfg = Debug|Any CPU
		{BEE72CDD-8556-4FE3-A024-C65E73824A06}.Debug|Any CPU.Build.0 = Debug|Any CPU
		{BEE72CDD-8556-4FE3-A024-C65E73824A06}.Debug|x64.ActiveCfg = Debug|x64
		{BEE72CDD-8556-4FE3-A024-C65E73824A06}.Debug|x64.Build.0 = Debug|x64
		{BEE72CDD-8556-4FE3-A024-C65E73824A06}.Release|Any CPU.ActiveCfg = Release|Any CPU
		{BEE72CDD-8556-4FE3-A024-C65E73824A06}.Release|Any CPU.Build.0 = Release|Any CPU
		{BEE72CDD-8556-4FE3-A024-C65E73824A06}.Release|x64.ActiveCfg = Release|x64
		{BEE72CDD-8556-4FE3-A024-C65E73824A06}.Release|x64.Build.0 = Release|x64
		{134A25D2-9AFD-41EB-8DB5-EE6159EB4A4A}.Debug|Any CPU.ActiveCfg = Debug|Any CPU
		{134A25D2-9AFD-41EB-8DB5-EE6159EB4A4A}.Debug|Any CPU.Build.0 = Debug|Any CPU
		{134A25D2-9AFD-41EB-8DB5-EE6159EB4A4A}.Debug|x64.ActiveCfg = Debug|x64
		{134A25D2-9AFD-41EB-8DB5-EE6159EB4A4A}.Debug|x64.Build.0 = Debug|x64
		{134A25D2-9AFD-41EB-8DB5-EE6159EB4A4A}.Release|Any CPU.ActiveCfg = Release|Any CPU
		{134A25D2-9AFD-41EB-8DB5-EE6159EB4A4A}.Release|Any CPU.Build.0 = Release|Any CPU
		{134A25D2-9AFD-41EB-8DB5-EE6159EB4A4A}.Release|x64.ActiveCfg = Release|x64
		{134A25D2-9AFD-41EB-8DB5-EE6159EB4A4A}.Release|x64.Build.0 = Release|x64
		{F2AE8E2B-F002-4C5B-B28D-A4D1B5497F8C}.Debug|Any CPU.ActiveCfg = Debug|Any CPU
		{F2AE8E2B-F002-4C5B-B28D-A4D1B5497F8C}.Debug|Any CPU.Build.0 = Debug|Any CPU
		{F2AE8E2B-F002-4C5B-B28D-A4D1B5497F8C}.Debug|x64.ActiveCfg = Debug|x64
		{F2AE8E2B-F002-4C5B-B28D-A4D1B5497F8C}.Debug|x64.Build.0 = Debug|x64
		{F2AE8E2B-F002-4C5B-B28D-A4D1B5497F8C}.Release|Any CPU.ActiveCfg = Release|Any CPU
		{F2AE8E2B-F002-4C5B-B28D-A4D1B5497F8C}.Release|Any CPU.Build.0 = Release|Any CPU
		{F2AE8E2B-F002-4C5B-B28D-A4D1B5497F8C}.Release|x64.ActiveCfg = Release|x64
		{F2AE8E2B-F002-4C5B-B28D-A4D1B5497F8C}.Release|x64.Build.0 = Release|x64
		{CCB13807-73C3-44AA-BC52-44319E2FD0EA}.Debug|Any CPU.ActiveCfg = Debug|Any CPU
		{CCB13807-73C3-44AA-BC52-44319E2FD0EA}.Debug|Any CPU.Build.0 = Debug|Any CPU
		{CCB13807-73C3-44AA-BC52-44319E2FD0EA}.Debug|Any CPU.Deploy.0 = Debug|Any CPU
		{CCB13807-73C3-44AA-BC52-44319E2FD0EA}.Debug|x64.ActiveCfg = Debug|x64
		{CCB13807-73C3-44AA-BC52-44319E2FD0EA}.Debug|x64.Build.0 = Debug|x64
		{CCB13807-73C3-44AA-BC52-44319E2FD0EA}.Debug|x64.Deploy.0 = Debug|x64
		{CCB13807-73C3-44AA-BC52-44319E2FD0EA}.Release|Any CPU.ActiveCfg = Release|Any CPU
		{CCB13807-73C3-44AA-BC52-44319E2FD0EA}.Release|Any CPU.Build.0 = Release|Any CPU
		{CCB13807-73C3-44AA-BC52-44319E2FD0EA}.Release|Any CPU.Deploy.0 = Release|Any CPU
		{CCB13807-73C3-44AA-BC52-44319E2FD0EA}.Release|x64.ActiveCfg = Release|x64
		{CCB13807-73C3-44AA-BC52-44319E2FD0EA}.Release|x64.Build.0 = Release|x64
		{CCB13807-73C3-44AA-BC52-44319E2FD0EA}.Release|x64.Deploy.0 = Release|x64
	EndGlobalSection
	GlobalSection(SolutionProperties) = preSolution
		HideSolutionNode = FALSE
	EndGlobalSection
	GlobalSection(ExtensibilityGlobals) = postSolution
		SolutionGuid = {1DA21178-7AEA-46D5-8376-454F25DB06BE}
	EndGlobalSection
EndGlobal
