Microsoft Visual Studio Solution File, Format Version 12.00
# Visual Studio Version 17
VisualStudioVersion = 17.1.32210.238
MinimumVisualStudioVersion = 10.0.40219.1
Project("{2150E333-8FDC-42A3-9474-1A3956D46DE8}") = "Tests", "Tests", "{CC895F84-6AE9-4AE0-8DA4-21AAA3FE9811}"
EndProject
Project("{2150E333-8FDC-42A3-9474-1A3956D46DE8}") = "Infrastructure", "Infrastructure", "{E799E47F-67BB-4B10-BE06-297B00FD2954}"
EndProject
Project("{2150E333-8FDC-42A3-9474-1A3956D46DE8}") = "Libs", "Libs", "{1819D2D3-A738-42BD-8473-928C0BCDB977}"
EndProject
Project("{2150E333-8FDC-42A3-9474-1A3956D46DE8}") = "Services", "Services", "{A5F7E5F1-61ED-463F-9F5A-0C615709938D}"
EndProject
Project("{FAE04EC0-301F-11D3-BF4B-00C04F79EFBC}") = "Ws.Shared.Tests", "Src\Tests\Ws.Shared.Tests\Ws.Shared.Tests.csproj", "{FEB05EDE-ACC1-4EC3-B5EF-C165E1463A15}"
EndProject
Project("{FAE04EC0-301F-11D3-BF4B-00C04F79EFBC}") = "Ws.Labels.Tests", "Src\Tests\Ws.Labels.Tests\Ws.Labels.Tests.csproj", "{AF754CD4-63A6-447A-A2E7-ADD2BF6D9AFF}"
EndProject
Project("{FAE04EC0-301F-11D3-BF4B-00C04F79EFBC}") = "Ws.Components.Tests", "Src\Tests\Ws.Components.Tests\Ws.Components.Tests.csproj", "{305E98C0-AAFF-4E02-8A38-CDFCAD919C0A}"
EndProject
Project("{FAE04EC0-301F-11D3-BF4B-00C04F79EFBC}") = "Ws.Domain.Models.Tests", "Src\Tests\Ws.Domain.Models.Tests\Ws.Domain.Models.Tests.csproj", "{2B9EC491-0D5B-4B58-AA6D-EC79461DCBB0}"
EndProject
Project("{2150E333-8FDC-42A3-9474-1A3956D46DE8}") = "Apps", "Apps", "{28D3303B-7778-49A6-8B2B-3196442A9FC6}"
EndProject
Project("{2150E333-8FDC-42A3-9474-1A3956D46DE8}") = "Desktop", "Desktop", "{F861BD35-0621-40E5-8B37-8EC2FB35EA2B}"
EndProject
Project("{2150E333-8FDC-42A3-9474-1A3956D46DE8}") = "Mobile", "Mobile", "{FEB9F903-CAC0-445A-9DCE-0A8C2221F531}"
EndProject
Project("{2150E333-8FDC-42A3-9474-1A3956D46DE8}") = "Web", "Web", "{11491EE8-B6F5-4754-A5C2-4774F69D6155}"
EndProject
Project("{2150E333-8FDC-42A3-9474-1A3956D46DE8}") = "1C", "1C", "{4ECD8076-B7B3-4A85-9110-0F350B70BBF0}"
EndProject
Project("{FAE04EC0-301F-11D3-BF4B-00C04F79EFBC}") = "Ws.PalychExchangeApi", "Src\Apps\Exchange\Ws.PalychExchangeApi\Ws.PalychExchangeApi.csproj", "{D5EB39A2-ECFB-4FF9-919F-BEC1D52DA835}"
EndProject
Project("{FAE04EC0-301F-11D3-BF4B-00C04F79EFBC}") = "Ws.Desktop.Models", "Src\Apps\Desktop\Ws.Desktop.Models\Ws.Desktop.Models.csproj", "{B3213DEA-EF03-4819-87C6-C334277FB7F5}"
EndProject
Project("{FAE04EC0-301F-11D3-BF4B-00C04F79EFBC}") = "Ws.Desktop.Api", "Src\Apps\Desktop\Ws.Desktop.Api\Ws.Desktop.Api.csproj", "{DEBC680B-F1B7-4477-80BA-C5A987EA8DE7}"
EndProject
Project("{FAE04EC0-301F-11D3-BF4B-00C04F79EFBC}") = "ScalesDesktop", "Src\Apps\Desktop\ScalesDesktop\ScalesDesktop.csproj", "{0D867A19-B6E1-426E-95B7-4A620F51EC1E}"
EndProject
Project("{FAE04EC0-301F-11D3-BF4B-00C04F79EFBC}") = "ScalesMobile", "Src\Apps\Mobile\ScalesMobile\ScalesMobile.csproj", "{1E8CFE19-57B8-4EB4-82D0-AC769C62D35D}"
EndProject
Project("{FAE04EC0-301F-11D3-BF4B-00C04F79EFBC}") = "DeviceControl", "Src\Apps\Web\DeviceControl\DeviceControl.csproj", "{203EC57D-D5F6-4AF9-ABB9-4CC368029570}"
EndProject
Project("{FAE04EC0-301F-11D3-BF4B-00C04F79EFBC}") = "Ws.Database.EntityFramework", "Src\Infrastructure\Ws.Database.EntityFramework\Ws.Database.EntityFramework.csproj", "{7C9B1A65-B4F8-4359-BA4E-B5B6E57FEFFA}"
EndProject
Project("{FAE04EC0-301F-11D3-BF4B-00C04F79EFBC}") = "Ws.Shared", "Src\Libs\Ws.Shared\Ws.Shared.csproj", "{A0BC603F-BDBE-49B4-9CFE-BE3F3D4D3032}"
EndProject
Project("{FAE04EC0-301F-11D3-BF4B-00C04F79EFBC}") = "Ws.Components", "Src\Libs\Ws.Components\Ws.Components.csproj", "{1FA4B9A3-9E67-4135-AB64-9A4FBD39868C}"
EndProject
Project("{FAE04EC0-301F-11D3-BF4B-00C04F79EFBC}") = "Ws.Database.Nhibernate", "Src\Infrastructure\Ws.Database.Nhibernate\Ws.Database.Nhibernate.csproj", "{569DEDC6-6EA8-42A4-8AA2-14336B824D7B}"
EndProject
Project("{FAE04EC0-301F-11D3-BF4B-00C04F79EFBC}") = "Ws.Domain.Models", "Src\Infrastructure\Ws.Domain.Models\Ws.Domain.Models.csproj", "{F4F7A6A0-EB1D-4FC8-85A2-302E97FC895E}"
EndProject
Project("{FAE04EC0-301F-11D3-BF4B-00C04F79EFBC}") = "Ws.Labels.Service", "Src\Services\Ws.Labels.Service\Ws.Labels.Service.csproj", "{54FEDB07-CB5D-4F54-A10B-235FF6710463}"
EndProject
Project("{FAE04EC0-301F-11D3-BF4B-00C04F79EFBC}") = "Ws.Domain.Services", "Src\Services\Ws.Domain.Services\Ws.Domain.Services.csproj", "{B8435C7E-7B17-4F57-859C-FD2B96C246C5}"
EndProject
Global
	GlobalSection(SolutionConfigurationPlatforms) = preSolution
		DevelopVS|x64 = DevelopVS|x64
		ReleaseVS|x64 = ReleaseVS|x64
	EndGlobalSection
	GlobalSection(ProjectConfigurationPlatforms) = postSolution
		{FEB05EDE-ACC1-4EC3-B5EF-C165E1463A15}.DevelopVS|x64.ActiveCfg = DevelopVS|x64
		{FEB05EDE-ACC1-4EC3-B5EF-C165E1463A15}.DevelopVS|x64.Build.0 = DevelopVS|x64
		{FEB05EDE-ACC1-4EC3-B5EF-C165E1463A15}.ReleaseVS|x64.ActiveCfg = ReleaseVS|x64
		{FEB05EDE-ACC1-4EC3-B5EF-C165E1463A15}.ReleaseVS|x64.Build.0 = ReleaseVS|x64
		{AF754CD4-63A6-447A-A2E7-ADD2BF6D9AFF}.DevelopVS|x64.ActiveCfg = DevelopVS|x64
		{AF754CD4-63A6-447A-A2E7-ADD2BF6D9AFF}.DevelopVS|x64.Build.0 = DevelopVS|x64
		{AF754CD4-63A6-447A-A2E7-ADD2BF6D9AFF}.ReleaseVS|x64.ActiveCfg = ReleaseVS|x64
		{AF754CD4-63A6-447A-A2E7-ADD2BF6D9AFF}.ReleaseVS|x64.Build.0 = ReleaseVS|x64
		{305E98C0-AAFF-4E02-8A38-CDFCAD919C0A}.DevelopVS|x64.ActiveCfg = DevelopVS|x64
		{305E98C0-AAFF-4E02-8A38-CDFCAD919C0A}.DevelopVS|x64.Build.0 = DevelopVS|x64
		{305E98C0-AAFF-4E02-8A38-CDFCAD919C0A}.ReleaseVS|x64.ActiveCfg = ReleaseVS|x64
		{305E98C0-AAFF-4E02-8A38-CDFCAD919C0A}.ReleaseVS|x64.Build.0 = ReleaseVS|x64
		{2B9EC491-0D5B-4B58-AA6D-EC79461DCBB0}.DevelopVS|x64.ActiveCfg = DevelopVS|x64
		{2B9EC491-0D5B-4B58-AA6D-EC79461DCBB0}.DevelopVS|x64.Build.0 = DevelopVS|x64
		{2B9EC491-0D5B-4B58-AA6D-EC79461DCBB0}.ReleaseVS|x64.ActiveCfg = ReleaseVS|x64
		{2B9EC491-0D5B-4B58-AA6D-EC79461DCBB0}.ReleaseVS|x64.Build.0 = ReleaseVS|x64
		{D5EB39A2-ECFB-4FF9-919F-BEC1D52DA835}.DevelopVS|x64.ActiveCfg = DevelopVS|x64
		{D5EB39A2-ECFB-4FF9-919F-BEC1D52DA835}.DevelopVS|x64.Build.0 = DevelopVS|x64
		{D5EB39A2-ECFB-4FF9-919F-BEC1D52DA835}.ReleaseVS|x64.ActiveCfg = ReleaseVS|x64
		{D5EB39A2-ECFB-4FF9-919F-BEC1D52DA835}.ReleaseVS|x64.Build.0 = ReleaseVS|x64
		{B3213DEA-EF03-4819-87C6-C334277FB7F5}.DevelopVS|x64.ActiveCfg = DevelopVS|x64
		{B3213DEA-EF03-4819-87C6-C334277FB7F5}.DevelopVS|x64.Build.0 = DevelopVS|x64
		{B3213DEA-EF03-4819-87C6-C334277FB7F5}.ReleaseVS|x64.ActiveCfg = ReleaseVS|x64
		{B3213DEA-EF03-4819-87C6-C334277FB7F5}.ReleaseVS|x64.Build.0 = ReleaseVS|x64
		{DEBC680B-F1B7-4477-80BA-C5A987EA8DE7}.DevelopVS|x64.ActiveCfg = DevelopVS|x64
		{DEBC680B-F1B7-4477-80BA-C5A987EA8DE7}.DevelopVS|x64.Build.0 = DevelopVS|x64
		{DEBC680B-F1B7-4477-80BA-C5A987EA8DE7}.ReleaseVS|x64.ActiveCfg = ReleaseVS|x64
		{DEBC680B-F1B7-4477-80BA-C5A987EA8DE7}.ReleaseVS|x64.Build.0 = ReleaseVS|x64
		{0D867A19-B6E1-426E-95B7-4A620F51EC1E}.DevelopVS|x64.ActiveCfg = DevelopVS|x64
		{0D867A19-B6E1-426E-95B7-4A620F51EC1E}.DevelopVS|x64.Build.0 = DevelopVS|x64
		{0D867A19-B6E1-426E-95B7-4A620F51EC1E}.ReleaseVS|x64.ActiveCfg = ReleaseVS|x64
		{0D867A19-B6E1-426E-95B7-4A620F51EC1E}.ReleaseVS|x64.Build.0 = ReleaseVS|x64
		{1E8CFE19-57B8-4EB4-82D0-AC769C62D35D}.DevelopVS|x64.ActiveCfg = DevelopVS|x64
		{1E8CFE19-57B8-4EB4-82D0-AC769C62D35D}.DevelopVS|x64.Build.0 = DevelopVS|x64
		{1E8CFE19-57B8-4EB4-82D0-AC769C62D35D}.ReleaseVS|x64.ActiveCfg = ReleaseVS|x64
		{1E8CFE19-57B8-4EB4-82D0-AC769C62D35D}.ReleaseVS|x64.Build.0 = ReleaseVS|x64
		{203EC57D-D5F6-4AF9-ABB9-4CC368029570}.DevelopVS|x64.ActiveCfg = DevelopVS|x64
		{203EC57D-D5F6-4AF9-ABB9-4CC368029570}.DevelopVS|x64.Build.0 = DevelopVS|x64
		{203EC57D-D5F6-4AF9-ABB9-4CC368029570}.ReleaseVS|x64.ActiveCfg = ReleaseVS|x64
		{203EC57D-D5F6-4AF9-ABB9-4CC368029570}.ReleaseVS|x64.Build.0 = ReleaseVS|x64
		{7C9B1A65-B4F8-4359-BA4E-B5B6E57FEFFA}.DevelopVS|x64.ActiveCfg = DevelopVS|x64
		{7C9B1A65-B4F8-4359-BA4E-B5B6E57FEFFA}.DevelopVS|x64.Build.0 = DevelopVS|x64
		{7C9B1A65-B4F8-4359-BA4E-B5B6E57FEFFA}.ReleaseVS|x64.ActiveCfg = ReleaseVS|x64
		{7C9B1A65-B4F8-4359-BA4E-B5B6E57FEFFA}.ReleaseVS|x64.Build.0 = ReleaseVS|x64
		{A0BC603F-BDBE-49B4-9CFE-BE3F3D4D3032}.DevelopVS|x64.ActiveCfg = DevelopVS|x64
		{A0BC603F-BDBE-49B4-9CFE-BE3F3D4D3032}.DevelopVS|x64.Build.0 = DevelopVS|x64
		{A0BC603F-BDBE-49B4-9CFE-BE3F3D4D3032}.ReleaseVS|x64.ActiveCfg = ReleaseVS|x64
		{A0BC603F-BDBE-49B4-9CFE-BE3F3D4D3032}.ReleaseVS|x64.Build.0 = ReleaseVS|x64
		{1FA4B9A3-9E67-4135-AB64-9A4FBD39868C}.DevelopVS|x64.ActiveCfg = DevelopVS|x64
		{1FA4B9A3-9E67-4135-AB64-9A4FBD39868C}.DevelopVS|x64.Build.0 = DevelopVS|x64
		{1FA4B9A3-9E67-4135-AB64-9A4FBD39868C}.ReleaseVS|x64.ActiveCfg = ReleaseVS|x64
		{1FA4B9A3-9E67-4135-AB64-9A4FBD39868C}.ReleaseVS|x64.Build.0 = ReleaseVS|x64
		{569DEDC6-6EA8-42A4-8AA2-14336B824D7B}.DevelopVS|x64.ActiveCfg = DevelopVS|x64
		{569DEDC6-6EA8-42A4-8AA2-14336B824D7B}.DevelopVS|x64.Build.0 = DevelopVS|x64
		{569DEDC6-6EA8-42A4-8AA2-14336B824D7B}.ReleaseVS|x64.ActiveCfg = ReleaseVS|x64
		{569DEDC6-6EA8-42A4-8AA2-14336B824D7B}.ReleaseVS|x64.Build.0 = ReleaseVS|x64
		{F4F7A6A0-EB1D-4FC8-85A2-302E97FC895E}.DevelopVS|x64.ActiveCfg = DevelopVS|x64
		{F4F7A6A0-EB1D-4FC8-85A2-302E97FC895E}.DevelopVS|x64.Build.0 = DevelopVS|x64
		{F4F7A6A0-EB1D-4FC8-85A2-302E97FC895E}.ReleaseVS|x64.ActiveCfg = ReleaseVS|x64
		{F4F7A6A0-EB1D-4FC8-85A2-302E97FC895E}.ReleaseVS|x64.Build.0 = ReleaseVS|x64
		{54FEDB07-CB5D-4F54-A10B-235FF6710463}.DevelopVS|x64.ActiveCfg = DevelopVS|x64
		{54FEDB07-CB5D-4F54-A10B-235FF6710463}.DevelopVS|x64.Build.0 = DevelopVS|x64
		{54FEDB07-CB5D-4F54-A10B-235FF6710463}.ReleaseVS|x64.ActiveCfg = ReleaseVS|x64
		{54FEDB07-CB5D-4F54-A10B-235FF6710463}.ReleaseVS|x64.Build.0 = ReleaseVS|x64
		{B8435C7E-7B17-4F57-859C-FD2B96C246C5}.DevelopVS|x64.ActiveCfg = DevelopVS|x64
		{B8435C7E-7B17-4F57-859C-FD2B96C246C5}.DevelopVS|x64.Build.0 = DevelopVS|x64
		{B8435C7E-7B17-4F57-859C-FD2B96C246C5}.ReleaseVS|x64.ActiveCfg = ReleaseVS|x64
		{B8435C7E-7B17-4F57-859C-FD2B96C246C5}.ReleaseVS|x64.Build.0 = ReleaseVS|x64
	EndGlobalSection
	GlobalSection(SolutionProperties) = preSolution
		HideSolutionNode = FALSE
	EndGlobalSection
	GlobalSection(NestedProjects) = preSolution
		{FEB05EDE-ACC1-4EC3-B5EF-C165E1463A15} = {CC895F84-6AE9-4AE0-8DA4-21AAA3FE9811}
		{AF754CD4-63A6-447A-A2E7-ADD2BF6D9AFF} = {CC895F84-6AE9-4AE0-8DA4-21AAA3FE9811}
		{305E98C0-AAFF-4E02-8A38-CDFCAD919C0A} = {CC895F84-6AE9-4AE0-8DA4-21AAA3FE9811}
		{2B9EC491-0D5B-4B58-AA6D-EC79461DCBB0} = {CC895F84-6AE9-4AE0-8DA4-21AAA3FE9811}
		{F861BD35-0621-40E5-8B37-8EC2FB35EA2B} = {28D3303B-7778-49A6-8B2B-3196442A9FC6}
		{FEB9F903-CAC0-445A-9DCE-0A8C2221F531} = {28D3303B-7778-49A6-8B2B-3196442A9FC6}
		{11491EE8-B6F5-4754-A5C2-4774F69D6155} = {28D3303B-7778-49A6-8B2B-3196442A9FC6}
		{4ECD8076-B7B3-4A85-9110-0F350B70BBF0} = {28D3303B-7778-49A6-8B2B-3196442A9FC6}
		{D5EB39A2-ECFB-4FF9-919F-BEC1D52DA835} = {4ECD8076-B7B3-4A85-9110-0F350B70BBF0}
		{B3213DEA-EF03-4819-87C6-C334277FB7F5} = {F861BD35-0621-40E5-8B37-8EC2FB35EA2B}
		{DEBC680B-F1B7-4477-80BA-C5A987EA8DE7} = {F861BD35-0621-40E5-8B37-8EC2FB35EA2B}
		{0D867A19-B6E1-426E-95B7-4A620F51EC1E} = {F861BD35-0621-40E5-8B37-8EC2FB35EA2B}
		{1E8CFE19-57B8-4EB4-82D0-AC769C62D35D} = {FEB9F903-CAC0-445A-9DCE-0A8C2221F531}
		{203EC57D-D5F6-4AF9-ABB9-4CC368029570} = {11491EE8-B6F5-4754-A5C2-4774F69D6155}
		{7C9B1A65-B4F8-4359-BA4E-B5B6E57FEFFA} = {E799E47F-67BB-4B10-BE06-297B00FD2954}
		{A0BC603F-BDBE-49B4-9CFE-BE3F3D4D3032} = {1819D2D3-A738-42BD-8473-928C0BCDB977}
		{1FA4B9A3-9E67-4135-AB64-9A4FBD39868C} = {1819D2D3-A738-42BD-8473-928C0BCDB977}
		{569DEDC6-6EA8-42A4-8AA2-14336B824D7B} = {E799E47F-67BB-4B10-BE06-297B00FD2954}
		{F4F7A6A0-EB1D-4FC8-85A2-302E97FC895E} = {E799E47F-67BB-4B10-BE06-297B00FD2954}
		{54FEDB07-CB5D-4F54-A10B-235FF6710463} = {A5F7E5F1-61ED-463F-9F5A-0C615709938D}
		{B8435C7E-7B17-4F57-859C-FD2B96C246C5} = {A5F7E5F1-61ED-463F-9F5A-0C615709938D}
	EndGlobalSection
	GlobalSection(ExtensibilityGlobals) = postSolution
		SolutionGuid = {BAF483B4-517E-4CBD-90A7-3F3FC76B238D}
		VisualSVNWorkingCopyRoot = .
	EndGlobalSection
EndGlobal
