Microsoft Visual Studio Solution File, Format Version 12.00
# Visual Studio Version 17
VisualStudioVersion = 17.1.32210.238
MinimumVisualStudioVersion = 10.0.40219.1
Project("{2150E333-8FDC-42A3-9474-1A3956D46DE8}") = "Domain", "Domain", "{7E4603B5-852C-4551-832C-46EA9E7D3ECE}"
EndProject
Project("{2150E333-8FDC-42A3-9474-1A3956D46DE8}") = "Application", "Application", "{F20FF1E7-9D46-4912-B830-EF82E287B995}"
EndProject
Project("{2150E333-8FDC-42A3-9474-1A3956D46DE8}") = "WebApi", "WebApi", "{D80C6DD5-DC97-4ED3-AD04-052B54F6F35F}"
EndProject
Project("{2150E333-8FDC-42A3-9474-1A3956D46DE8}") = "Tests", "Tests", "{CC895F84-6AE9-4AE0-8DA4-21AAA3FE9811}"
EndProject
Project("{2150E333-8FDC-42A3-9474-1A3956D46DE8}") = "Tools", "Tools", "{9EFDDDBD-0814-4C94-90E7-348DA29E426F}"
EndProject
Project("{2150E333-8FDC-42A3-9474-1A3956D46DE8}") = "Infrastructurre", "Infrastructurre", "{E799E47F-67BB-4B10-BE06-297B00FD2954}"
EndProject
Project("{FAE04EC0-301F-11D3-BF4B-00C04F79EFBC}") = "Ws.PrinterCore", "Domain\Ws.PrinterCore\Ws.PrinterCore.csproj", "{A713AB22-2C23-48B6-8974-2FD7230012F7}"
EndProject
Project("{9A19103F-16F7-4668-BE54-9A1E7A4F7556}") = "WsLocalizationCore", "Domain\WsLocalizationCore\WsLocalizationCore.csproj", "{024AC0D8-3E29-482B-B08A-6BF591B0F9E5}"
EndProject
Project("{FAE04EC0-301F-11D3-BF4B-00C04F79EFBC}") = "Ws.MassaCore", "Domain\Ws.MassaCore\Ws.MassaCore.csproj", "{B16ECC51-2EF8-49E6-B77E-B8CC065550A4}"
EndProject
Project("{9A19103F-16F7-4668-BE54-9A1E7A4F7556}") = "Ws.StorageCore", "DataAccess\Ws.StorageCore\Ws.StorageCore.csproj", "{6F69D674-DA0E-4E6C-A5D8-7D1D33F14CD8}"
EndProject
Project("{9A19103F-16F7-4668-BE54-9A1E7A4F7556}") = "Ws.WebApiCore", "Domain\Ws.WebApiCore\Ws.WebApiCore.csproj", "{85DCDDF4-C8E2-402B-B95B-C20AAF34B040}"
EndProject
Project("{9A19103F-16F7-4668-BE54-9A1E7A4F7556}") = "Ws.WebApiScales", "WebApi\Ws.WebApiScales\Ws.WebApiScales.csproj", "{676DD41C-946A-4966-968E-9BE2045620B1}"
EndProject
Project("{FAE04EC0-301F-11D3-BF4B-00C04F79EFBC}") = "ScalesUI", "Presentation\ScalesUI\ScalesUI.csproj", "{0F26292C-8B1B-4CE7-A1B7-D432ED7E492C}"
EndProject
Project("{9A19103F-16F7-4668-BE54-9A1E7A4F7556}") = "Ws.DataCore", "Domain\Ws.DataCore\Ws.DataCore.csproj", "{B5DE7B8C-16AE-4027-9BA5-F977605B850B}"
EndProject
Project("{FAE04EC0-301F-11D3-BF4B-00C04F79EFBC}") = "Ws.LabelCore", "Domain\Ws.LabelCore\Ws.LabelCore.csproj", "{C71C3398-8DA4-4729-AC11-08F48207AFF7}"
EndProject
Project("{9A19103F-16F7-4668-BE54-9A1E7A4F7556}") = "Ws.AssertCoreTests", "Tests\Ws.AssertCoreTests\Ws.AssertCoreTests.csproj", "{0083D85E-2759-419E-B283-2A6D36238BF5}"
EndProject
Project("{9A19103F-16F7-4668-BE54-9A1E7A4F7556}") = "Ws.DataCoreTests", "Tests\Ws.DataCoreTests\Ws.DataCoreTests.csproj", "{3CBD15ED-DCD6-4147-9B3E-0B130C97B6F8}"
EndProject
Project("{9A19103F-16F7-4668-BE54-9A1E7A4F7556}") = "Ws.StorageCoreTests", "Tests\Ws.StorageCoreTests\Ws.StorageCoreTests.csproj", "{C3F29E5E-E856-4250-AAF4-B941B93772CC}"
EndProject
Project("{9A19103F-16F7-4668-BE54-9A1E7A4F7556}") = "Ws.LabelCoreTests", "Tests\Ws.LabelCoreTests\Ws.LabelCoreTests.csproj", "{86A9C840-E60C-4235-B3F4-763AD7BDF1BB}"
EndProject
Project("{9A19103F-16F7-4668-BE54-9A1E7A4F7556}") = "DeviceControl", "Presentation\DeviceControl\DeviceControl.csproj", "{96751649-EBBA-45B6-A324-223F551DC9C7}"
EndProject
Project("{9A19103F-16F7-4668-BE54-9A1E7A4F7556}") = "Ws.LocalizationCoreTests", "Tests\Ws.LocalizationCoreTests\Ws.LocalizationCoreTests.csproj", "{3EBB426C-C1DC-42E3-87A5-C139BA1FB2A9}"
EndProject
Project("{FAE04EC0-301F-11D3-BF4B-00C04F79EFBC}") = "ZplPrintSenderTool", "Tools\ZplPrintSenderTool\ZplPrintSenderTool.csproj", "{5973F987-103A-455D-A5E3-C7429906657A}"
EndProject
Project("{FAE04EC0-301F-11D3-BF4B-00C04F79EFBC}") = "ScalesHybrid", "Presentation\ScalesHybrid\ScalesHybrid.csproj", "{E7D0A5F8-8752-42B3-8C4A-FFE57ED512E9}"
EndProject
Project("{2150E333-8FDC-42A3-9474-1A3956D46DE8}") = "Libs", "Libs", "{1819D2D3-A738-42BD-8473-928C0BCDB977}"
EndProject
Project("{FAE04EC0-301F-11D3-BF4B-00C04F79EFBC}") = "Ws.MassaK", "Libs\Ws.MassaK\Ws.MassaK.csproj", "{FF8BE008-4038-46C4-8E18-DDEF7811D96F}"
EndProject
Project("{FAE04EC0-301F-11D3-BF4B-00C04F79EFBC}") = "Ws.Labels", "Libs\Ws.Labels\Ws.Labels.csproj", "{4DA95566-2782-4A00-9D86-E2AAAAA24F19}"
EndProject
Project("{FAE04EC0-301F-11D3-BF4B-00C04F79EFBC}") = "Ws.Printers", "Libs\Ws.Printers\Ws.Printers.csproj", "{0064D207-693E-42D3-B14B-EB576AD98E1C}"
EndProject
Project("{FAE04EC0-301F-11D3-BF4B-00C04F79EFBC}") = "Ws.Services", "Domain\Ws.Services\Ws.Services.csproj", "{E758C335-85DD-4B0D-A34A-5568426FB777}"
EndProject
Global
	GlobalSection(SolutionConfigurationPlatforms) = preSolution
		DevelopVS|x64 = DevelopVS|x64
		ReleaseVS|x64 = ReleaseVS|x64
	EndGlobalSection
	GlobalSection(ProjectConfigurationPlatforms) = postSolution
		{A713AB22-2C23-48B6-8974-2FD7230012F7}.DevelopVS|x64.ActiveCfg = DevelopVS|x64
		{A713AB22-2C23-48B6-8974-2FD7230012F7}.DevelopVS|x64.Build.0 = DevelopVS|x64
		{A713AB22-2C23-48B6-8974-2FD7230012F7}.ReleaseVS|x64.ActiveCfg = ReleaseVS|x64
		{A713AB22-2C23-48B6-8974-2FD7230012F7}.ReleaseVS|x64.Build.0 = ReleaseVS|x64
		{024AC0D8-3E29-482B-B08A-6BF591B0F9E5}.DevelopVS|x64.ActiveCfg = DevelopVS|x64
		{024AC0D8-3E29-482B-B08A-6BF591B0F9E5}.DevelopVS|x64.Build.0 = DevelopVS|x64
		{024AC0D8-3E29-482B-B08A-6BF591B0F9E5}.ReleaseVS|x64.ActiveCfg = ReleaseVS|x64
		{024AC0D8-3E29-482B-B08A-6BF591B0F9E5}.ReleaseVS|x64.Build.0 = ReleaseVS|x64
		{B16ECC51-2EF8-49E6-B77E-B8CC065550A4}.DevelopVS|x64.ActiveCfg = DevelopVS|x64
		{B16ECC51-2EF8-49E6-B77E-B8CC065550A4}.DevelopVS|x64.Build.0 = DevelopVS|x64
		{B16ECC51-2EF8-49E6-B77E-B8CC065550A4}.ReleaseVS|x64.ActiveCfg = ReleaseVS|x64
		{B16ECC51-2EF8-49E6-B77E-B8CC065550A4}.ReleaseVS|x64.Build.0 = ReleaseVS|x64
		{6F69D674-DA0E-4E6C-A5D8-7D1D33F14CD8}.DevelopVS|x64.ActiveCfg = DevelopVS|x64
		{6F69D674-DA0E-4E6C-A5D8-7D1D33F14CD8}.DevelopVS|x64.Build.0 = DevelopVS|x64
		{6F69D674-DA0E-4E6C-A5D8-7D1D33F14CD8}.ReleaseVS|x64.ActiveCfg = ReleaseVS|x64
		{6F69D674-DA0E-4E6C-A5D8-7D1D33F14CD8}.ReleaseVS|x64.Build.0 = ReleaseVS|x64
		{85DCDDF4-C8E2-402B-B95B-C20AAF34B040}.DevelopVS|x64.ActiveCfg = DevelopVS|x64
		{85DCDDF4-C8E2-402B-B95B-C20AAF34B040}.DevelopVS|x64.Build.0 = DevelopVS|x64
		{85DCDDF4-C8E2-402B-B95B-C20AAF34B040}.ReleaseVS|x64.ActiveCfg = ReleaseVS|x64
		{85DCDDF4-C8E2-402B-B95B-C20AAF34B040}.ReleaseVS|x64.Build.0 = ReleaseVS|x64
		{676DD41C-946A-4966-968E-9BE2045620B1}.DevelopVS|x64.ActiveCfg = DevelopVS|x64
		{676DD41C-946A-4966-968E-9BE2045620B1}.DevelopVS|x64.Build.0 = DevelopVS|x64
		{676DD41C-946A-4966-968E-9BE2045620B1}.ReleaseVS|x64.ActiveCfg = ReleaseVS|x64
		{676DD41C-946A-4966-968E-9BE2045620B1}.ReleaseVS|x64.Build.0 = ReleaseVS|x64
		{0F26292C-8B1B-4CE7-A1B7-D432ED7E492C}.DevelopVS|x64.ActiveCfg = DevelopVS|x64
		{0F26292C-8B1B-4CE7-A1B7-D432ED7E492C}.DevelopVS|x64.Build.0 = DevelopVS|x64
		{0F26292C-8B1B-4CE7-A1B7-D432ED7E492C}.ReleaseVS|x64.ActiveCfg = ReleaseVS|x64
		{0F26292C-8B1B-4CE7-A1B7-D432ED7E492C}.ReleaseVS|x64.Build.0 = ReleaseVS|x64
		{B5DE7B8C-16AE-4027-9BA5-F977605B850B}.DevelopVS|x64.ActiveCfg = DevelopVS|x64
		{B5DE7B8C-16AE-4027-9BA5-F977605B850B}.DevelopVS|x64.Build.0 = DevelopVS|x64
		{B5DE7B8C-16AE-4027-9BA5-F977605B850B}.ReleaseVS|x64.ActiveCfg = ReleaseVS|x64
		{B5DE7B8C-16AE-4027-9BA5-F977605B850B}.ReleaseVS|x64.Build.0 = ReleaseVS|x64
		{C71C3398-8DA4-4729-AC11-08F48207AFF7}.DevelopVS|x64.ActiveCfg = DevelopVS|x64
		{C71C3398-8DA4-4729-AC11-08F48207AFF7}.DevelopVS|x64.Build.0 = DevelopVS|x64
		{C71C3398-8DA4-4729-AC11-08F48207AFF7}.ReleaseVS|x64.ActiveCfg = ReleaseVS|x64
		{C71C3398-8DA4-4729-AC11-08F48207AFF7}.ReleaseVS|x64.Build.0 = ReleaseVS|x64
		{0083D85E-2759-419E-B283-2A6D36238BF5}.DevelopVS|x64.ActiveCfg = DevelopVS|x64
		{0083D85E-2759-419E-B283-2A6D36238BF5}.DevelopVS|x64.Build.0 = DevelopVS|x64
		{0083D85E-2759-419E-B283-2A6D36238BF5}.ReleaseVS|x64.ActiveCfg = ReleaseVS|x64
		{0083D85E-2759-419E-B283-2A6D36238BF5}.ReleaseVS|x64.Build.0 = ReleaseVS|x64
		{3CBD15ED-DCD6-4147-9B3E-0B130C97B6F8}.DevelopVS|x64.ActiveCfg = DevelopVS|x64
		{3CBD15ED-DCD6-4147-9B3E-0B130C97B6F8}.DevelopVS|x64.Build.0 = DevelopVS|x64
		{3CBD15ED-DCD6-4147-9B3E-0B130C97B6F8}.ReleaseVS|x64.ActiveCfg = ReleaseVS|x64
		{3CBD15ED-DCD6-4147-9B3E-0B130C97B6F8}.ReleaseVS|x64.Build.0 = ReleaseVS|x64
		{C3F29E5E-E856-4250-AAF4-B941B93772CC}.DevelopVS|x64.ActiveCfg = DevelopVS|x64
		{C3F29E5E-E856-4250-AAF4-B941B93772CC}.DevelopVS|x64.Build.0 = DevelopVS|x64
		{C3F29E5E-E856-4250-AAF4-B941B93772CC}.ReleaseVS|x64.ActiveCfg = ReleaseVS|x64
		{C3F29E5E-E856-4250-AAF4-B941B93772CC}.ReleaseVS|x64.Build.0 = ReleaseVS|x64
		{86A9C840-E60C-4235-B3F4-763AD7BDF1BB}.DevelopVS|x64.ActiveCfg = DevelopVS|x64
		{86A9C840-E60C-4235-B3F4-763AD7BDF1BB}.DevelopVS|x64.Build.0 = DevelopVS|x64
		{86A9C840-E60C-4235-B3F4-763AD7BDF1BB}.ReleaseVS|x64.ActiveCfg = ReleaseVS|x64
		{86A9C840-E60C-4235-B3F4-763AD7BDF1BB}.ReleaseVS|x64.Build.0 = ReleaseVS|x64
		{96751649-EBBA-45B6-A324-223F551DC9C7}.DevelopVS|x64.ActiveCfg = DevelopVS|x64
		{96751649-EBBA-45B6-A324-223F551DC9C7}.DevelopVS|x64.Build.0 = DevelopVS|x64
		{96751649-EBBA-45B6-A324-223F551DC9C7}.ReleaseVS|x64.ActiveCfg = ReleaseVS|x64
		{96751649-EBBA-45B6-A324-223F551DC9C7}.ReleaseVS|x64.Build.0 = ReleaseVS|x64
		{3EBB426C-C1DC-42E3-87A5-C139BA1FB2A9}.DevelopVS|x64.ActiveCfg = DevelopVS|x64
		{3EBB426C-C1DC-42E3-87A5-C139BA1FB2A9}.DevelopVS|x64.Build.0 = DevelopVS|x64
		{3EBB426C-C1DC-42E3-87A5-C139BA1FB2A9}.ReleaseVS|x64.ActiveCfg = ReleaseVS|x64
		{3EBB426C-C1DC-42E3-87A5-C139BA1FB2A9}.ReleaseVS|x64.Build.0 = ReleaseVS|x64
		{5973F987-103A-455D-A5E3-C7429906657A}.DevelopVS|x64.ActiveCfg = DevelopVS|x64
		{5973F987-103A-455D-A5E3-C7429906657A}.DevelopVS|x64.Build.0 = DevelopVS|x64
		{5973F987-103A-455D-A5E3-C7429906657A}.ReleaseVS|x64.ActiveCfg = ReleaseVS|x64
		{5973F987-103A-455D-A5E3-C7429906657A}.ReleaseVS|x64.Build.0 = ReleaseVS|x64
		{E7D0A5F8-8752-42B3-8C4A-FFE57ED512E9}.DevelopVS|x64.ActiveCfg = DevelopVS|x64
		{E7D0A5F8-8752-42B3-8C4A-FFE57ED512E9}.DevelopVS|x64.Build.0 = DevelopVS|x64
		{E7D0A5F8-8752-42B3-8C4A-FFE57ED512E9}.ReleaseVS|x64.ActiveCfg = ReleaseVS|x64
		{E7D0A5F8-8752-42B3-8C4A-FFE57ED512E9}.ReleaseVS|x64.Build.0 = ReleaseVS|x64
		{4DA95566-2782-4A00-9D86-E2AAAAA24F19}.DevelopVS|x64.ActiveCfg = DevelopVS|x64
		{4DA95566-2782-4A00-9D86-E2AAAAA24F19}.DevelopVS|x64.Build.0 = DevelopVS|x64
		{4DA95566-2782-4A00-9D86-E2AAAAA24F19}.ReleaseVS|x64.ActiveCfg = ReleaseVS|x64
		{4DA95566-2782-4A00-9D86-E2AAAAA24F19}.ReleaseVS|x64.Build.0 = ReleaseVS|x64
		{FF8BE008-4038-46C4-8E18-DDEF7811D96F}.DevelopVS|x64.ActiveCfg = DevelopVS|x64
		{FF8BE008-4038-46C4-8E18-DDEF7811D96F}.DevelopVS|x64.Build.0 = DevelopVS|x64
		{FF8BE008-4038-46C4-8E18-DDEF7811D96F}.ReleaseVS|x64.ActiveCfg = ReleaseVS|x64
		{FF8BE008-4038-46C4-8E18-DDEF7811D96F}.ReleaseVS|x64.Build.0 = ReleaseVS|x64
		{0064D207-693E-42D3-B14B-EB576AD98E1C}.ReleaseVS|x64.ActiveCfg = ReleaseVS|x64
		{0064D207-693E-42D3-B14B-EB576AD98E1C}.ReleaseVS|x64.Build.0 = ReleaseVS|x64
		{0064D207-693E-42D3-B14B-EB576AD98E1C}.DevelopVS|x64.ActiveCfg = DevelopVS|x64
		{0064D207-693E-42D3-B14B-EB576AD98E1C}.DevelopVS|x64.Build.0 = DevelopVS|x64
		{E758C335-85DD-4B0D-A34A-5568426FB777}.DevelopVS|x64.ActiveCfg = DevelopVS|x64
		{E758C335-85DD-4B0D-A34A-5568426FB777}.DevelopVS|x64.Build.0 = DevelopVS|x64
		{E758C335-85DD-4B0D-A34A-5568426FB777}.ReleaseVS|x64.ActiveCfg = ReleaseVS|x64
		{E758C335-85DD-4B0D-A34A-5568426FB777}.ReleaseVS|x64.Build.0 = ReleaseVS|x64
	EndGlobalSection
	GlobalSection(SolutionProperties) = preSolution
		HideSolutionNode = FALSE
	EndGlobalSection
	GlobalSection(NestedProjects) = preSolution
		{A713AB22-2C23-48B6-8974-2FD7230012F7} = {7E4603B5-852C-4551-832C-46EA9E7D3ECE}
		{024AC0D8-3E29-482B-B08A-6BF591B0F9E5} = {7E4603B5-852C-4551-832C-46EA9E7D3ECE}
		{B16ECC51-2EF8-49E6-B77E-B8CC065550A4} = {7E4603B5-852C-4551-832C-46EA9E7D3ECE}
		{6F69D674-DA0E-4E6C-A5D8-7D1D33F14CD8} = {E799E47F-67BB-4B10-BE06-297B00FD2954}
		{85DCDDF4-C8E2-402B-B95B-C20AAF34B040} = {7E4603B5-852C-4551-832C-46EA9E7D3ECE}
		{676DD41C-946A-4966-968E-9BE2045620B1} = {D80C6DD5-DC97-4ED3-AD04-052B54F6F35F}
		{0F26292C-8B1B-4CE7-A1B7-D432ED7E492C} = {F20FF1E7-9D46-4912-B830-EF82E287B995}
		{B5DE7B8C-16AE-4027-9BA5-F977605B850B} = {7E4603B5-852C-4551-832C-46EA9E7D3ECE}
		{C71C3398-8DA4-4729-AC11-08F48207AFF7} = {7E4603B5-852C-4551-832C-46EA9E7D3ECE}
		{0083D85E-2759-419E-B283-2A6D36238BF5} = {CC895F84-6AE9-4AE0-8DA4-21AAA3FE9811}
		{3CBD15ED-DCD6-4147-9B3E-0B130C97B6F8} = {CC895F84-6AE9-4AE0-8DA4-21AAA3FE9811}
		{C3F29E5E-E856-4250-AAF4-B941B93772CC} = {CC895F84-6AE9-4AE0-8DA4-21AAA3FE9811}
		{86A9C840-E60C-4235-B3F4-763AD7BDF1BB} = {CC895F84-6AE9-4AE0-8DA4-21AAA3FE9811}
		{96751649-EBBA-45B6-A324-223F551DC9C7} = {F20FF1E7-9D46-4912-B830-EF82E287B995}
		{3EBB426C-C1DC-42E3-87A5-C139BA1FB2A9} = {CC895F84-6AE9-4AE0-8DA4-21AAA3FE9811}
		{5973F987-103A-455D-A5E3-C7429906657A} = {9EFDDDBD-0814-4C94-90E7-348DA29E426F}
		{E7D0A5F8-8752-42B3-8C4A-FFE57ED512E9} = {F20FF1E7-9D46-4912-B830-EF82E287B995}
		{FF8BE008-4038-46C4-8E18-DDEF7811D96F} = {1819D2D3-A738-42BD-8473-928C0BCDB977}
		{4DA95566-2782-4A00-9D86-E2AAAAA24F19} = {1819D2D3-A738-42BD-8473-928C0BCDB977}
		{0064D207-693E-42D3-B14B-EB576AD98E1C} = {1819D2D3-A738-42BD-8473-928C0BCDB977}
		{E758C335-85DD-4B0D-A34A-5568426FB777} = {7E4603B5-852C-4551-832C-46EA9E7D3ECE}
	EndGlobalSection
	GlobalSection(ExtensibilityGlobals) = postSolution
		SolutionGuid = {BAF483B4-517E-4CBD-90A7-3F3FC76B238D}
		VisualSVNWorkingCopyRoot = .
	EndGlobalSection
EndGlobal
