Microsoft Visual Studio Solution File, Format Version 12.00
# Visual Studio Version 17
VisualStudioVersion = 17.1.32210.238
MinimumVisualStudioVersion = 10.0.40219.1
Project("{2150E333-8FDC-42A3-9474-1A3956D46DE8}") = "Domain", "Domain", "{7E4603B5-852C-4551-832C-46EA9E7D3ECE}"
EndProject
Project("{2150E333-8FDC-42A3-9474-1A3956D46DE8}") = "Clients", "Clients", "{F20FF1E7-9D46-4912-B830-EF82E287B995}"
EndProject
Project("{2150E333-8FDC-42A3-9474-1A3956D46DE8}") = "Tests", "Tests", "{CC895F84-6AE9-4AE0-8DA4-21AAA3FE9811}"
EndProject
Project("{2150E333-8FDC-42A3-9474-1A3956D46DE8}") = "Infrastructure", "Infrastructure", "{E799E47F-67BB-4B10-BE06-297B00FD2954}"
EndProject
Project("{9A19103F-16F7-4668-BE54-9A1E7A4F7556}") = "Ws.Database.Core", "DataAccess\Ws.Database.Core\Ws.Database.Core.csproj", "{6F69D674-DA0E-4E6C-A5D8-7D1D33F14CD8}"
EndProject
Project("{9A19103F-16F7-4668-BE54-9A1E7A4F7556}") = "Ws.WebApiScales", "WebApi\Ws.WebApiScales\Ws.WebApiScales.csproj", "{676DD41C-946A-4966-968E-9BE2045620B1}"
EndProject
Project("{9A19103F-16F7-4668-BE54-9A1E7A4F7556}") = "Ws.Database.Core.Tests", "Tests\Ws.Database.Core.Tests\Ws.Database.Core.Tests.csproj", "{C3F29E5E-E856-4250-AAF4-B941B93772CC}"
EndProject
Project("{9A19103F-16F7-4668-BE54-9A1E7A4F7556}") = "DeviceControl", "Presentation\DeviceControl\DeviceControl.csproj", "{96751649-EBBA-45B6-A324-223F551DC9C7}"
EndProject
Project("{9A19103F-16F7-4668-BE54-9A1E7A4F7556}") = "ScalesDesktop", "Presentation\ScalesDesktop\ScalesDesktop.csproj", "{E7D0A5F8-8752-42B3-8C4A-FFE57ED512E9}"
EndProject
Project("{2150E333-8FDC-42A3-9474-1A3956D46DE8}") = "Libs", "Libs", "{1819D2D3-A738-42BD-8473-928C0BCDB977}"
EndProject
Project("{9A19103F-16F7-4668-BE54-9A1E7A4F7556}") = "Ws.Scales", "Libs\Ws.Scales\Ws.Scales.csproj", "{FF8BE008-4038-46C4-8E18-DDEF7811D96F}"
EndProject
Project("{9A19103F-16F7-4668-BE54-9A1E7A4F7556}") = "Ws.Printers", "Libs\Ws.Printers\Ws.Printers.csproj", "{0064D207-693E-42D3-B14B-EB576AD98E1C}"
EndProject
Project("{9A19103F-16F7-4668-BE54-9A1E7A4F7556}") = "Ws.Domain.Services", "Domain\Ws.Domain.Services\Ws.Domain.Services.csproj", "{E758C335-85DD-4B0D-A34A-5568426FB777}"
EndProject
Project("{9A19103F-16F7-4668-BE54-9A1E7A4F7556}") = "Ws.Labels.Tests", "Tests\Ws.Labels.Tests\Ws.Labels.Tests.csproj", "{7608BF1D-E9CB-42A3-8B90-E7FCCB043268}"
EndProject
Project("{9A19103F-16F7-4668-BE54-9A1E7A4F7556}") = "Ws.Shared", "Libs\Ws.Shared\Ws.Shared.csproj", "{BAAFAE3C-91CD-4C4A-8108-1AE9D2F11EAD}"
EndProject
Project("{9A19103F-16F7-4668-BE54-9A1E7A4F7556}") = "Ws.Shared.Tests", "Tests\Ws.Shared.Tests\Ws.Shared.Tests.csproj", "{A7ED7EB8-3636-419C-A388-B063A4F3CF18}"
EndProject
Project("{9A19103F-16F7-4668-BE54-9A1E7A4F7556}") = "Ws.Labels.Service", "Domain\Ws.Labels.Service\Ws.Labels.Service.csproj", "{EA1C3D1D-EBF6-46D1-8521-A14D960E88E8}"
EndProject
Project("{9A19103F-16F7-4668-BE54-9A1E7A4F7556}") = "Ws.Domain.Models", "Domain\Ws.Domain.Models\Ws.Domain.Models.csproj", "{B12FDEFD-5FC6-4AE7-976D-AF4C639A07E1}"
EndProject
Project("{2150E333-8FDC-42A3-9474-1A3956D46DE8}") = "Abstractions", "Abstractions", "{EB46B103-607C-4E05-9FE0-8660BF675286}"
EndProject
Project("{9A19103F-16F7-4668-BE54-9A1E7A4F7556}") = "Ws.Domain.Abstractions", "Abstractions\Ws.Domain.Abstractions\Ws.Domain.Abstractions.csproj", "{3EEB3AD1-E9B2-4042-9C1F-381FFF9F9EEF}"
EndProject
Project("{2150E333-8FDC-42A3-9474-1A3956D46DE8}") = "Controllers", "Controllers", "{CEE360D7-ED7D-49C0-93C1-133E93574FC2}"
EndProject
Project("{2150E333-8FDC-42A3-9474-1A3956D46DE8}") = "Services", "Services", "{A5F7E5F1-61ED-463F-9F5A-0C615709938D}"
EndProject
Project("{FAE04EC0-301F-11D3-BF4B-00C04F79EFBC}") = "ScalesMobile", "Presentation\ScalesMobile\ScalesMobile.csproj", "{956FA304-F0A4-46EC-B00D-7106B06E279C}"
EndProject
Project("{FAE04EC0-301F-11D3-BF4B-00C04F79EFBC}") = "Ws.UnitOfWork.Abstractions", "Abstractions\Ws.UnitOfWork.Abstractions\Ws.UnitOfWork.Abstractions.csproj", "{68C95C71-F12E-451D-B7CC-C96DBBC112ED}"
EndProject
Project("{FAE04EC0-301F-11D3-BF4B-00C04F79EFBC}") = "Ws.SharedUI", "Ws.SharedUI\Ws.SharedUI.csproj", "{19FB2930-E645-4F86-B087-2D7DA6F414D7}"
EndProject
Global
	GlobalSection(SolutionConfigurationPlatforms) = preSolution
		DevelopVS|x64 = DevelopVS|x64
		ReleaseVS|x64 = ReleaseVS|x64
	EndGlobalSection
	GlobalSection(ProjectConfigurationPlatforms) = postSolution
		{6F69D674-DA0E-4E6C-A5D8-7D1D33F14CD8}.DevelopVS|x64.ActiveCfg = DevelopVS|x64
		{6F69D674-DA0E-4E6C-A5D8-7D1D33F14CD8}.DevelopVS|x64.Build.0 = DevelopVS|x64
		{6F69D674-DA0E-4E6C-A5D8-7D1D33F14CD8}.ReleaseVS|x64.ActiveCfg = ReleaseVS|x64
		{6F69D674-DA0E-4E6C-A5D8-7D1D33F14CD8}.ReleaseVS|x64.Build.0 = ReleaseVS|x64
		{676DD41C-946A-4966-968E-9BE2045620B1}.DevelopVS|x64.ActiveCfg = DevelopVS|x64
		{676DD41C-946A-4966-968E-9BE2045620B1}.DevelopVS|x64.Build.0 = DevelopVS|x64
		{676DD41C-946A-4966-968E-9BE2045620B1}.ReleaseVS|x64.ActiveCfg = ReleaseVS|x64
		{676DD41C-946A-4966-968E-9BE2045620B1}.ReleaseVS|x64.Build.0 = ReleaseVS|x64
		{C3F29E5E-E856-4250-AAF4-B941B93772CC}.DevelopVS|x64.ActiveCfg = DevelopVS|x64
		{C3F29E5E-E856-4250-AAF4-B941B93772CC}.DevelopVS|x64.Build.0 = DevelopVS|x64
		{C3F29E5E-E856-4250-AAF4-B941B93772CC}.ReleaseVS|x64.ActiveCfg = ReleaseVS|x64
		{C3F29E5E-E856-4250-AAF4-B941B93772CC}.ReleaseVS|x64.Build.0 = ReleaseVS|x64
		{96751649-EBBA-45B6-A324-223F551DC9C7}.DevelopVS|x64.ActiveCfg = DevelopVS|x64
		{96751649-EBBA-45B6-A324-223F551DC9C7}.DevelopVS|x64.Build.0 = DevelopVS|x64
		{96751649-EBBA-45B6-A324-223F551DC9C7}.ReleaseVS|x64.ActiveCfg = ReleaseVS|x64
		{96751649-EBBA-45B6-A324-223F551DC9C7}.ReleaseVS|x64.Build.0 = ReleaseVS|x64
		{E7D0A5F8-8752-42B3-8C4A-FFE57ED512E9}.DevelopVS|x64.ActiveCfg = DevelopVS|x64
		{E7D0A5F8-8752-42B3-8C4A-FFE57ED512E9}.DevelopVS|x64.Build.0 = DevelopVS|x64
		{E7D0A5F8-8752-42B3-8C4A-FFE57ED512E9}.DevelopVS|x64.Deploy.0 = DevelopVS|x64
		{E7D0A5F8-8752-42B3-8C4A-FFE57ED512E9}.ReleaseVS|x64.ActiveCfg = ReleaseVS|x64
		{E7D0A5F8-8752-42B3-8C4A-FFE57ED512E9}.ReleaseVS|x64.Build.0 = ReleaseVS|x64
		{E7D0A5F8-8752-42B3-8C4A-FFE57ED512E9}.ReleaseVS|x64.Deploy.0 = ReleaseVS|x64
		{FF8BE008-4038-46C4-8E18-DDEF7811D96F}.DevelopVS|x64.ActiveCfg = DevelopVS|x64
		{FF8BE008-4038-46C4-8E18-DDEF7811D96F}.DevelopVS|x64.Build.0 = DevelopVS|x64
		{FF8BE008-4038-46C4-8E18-DDEF7811D96F}.ReleaseVS|x64.ActiveCfg = ReleaseVS|x64
		{FF8BE008-4038-46C4-8E18-DDEF7811D96F}.ReleaseVS|x64.Build.0 = ReleaseVS|x64
		{0064D207-693E-42D3-B14B-EB576AD98E1C}.DevelopVS|x64.ActiveCfg = DevelopVS|x64
		{0064D207-693E-42D3-B14B-EB576AD98E1C}.DevelopVS|x64.Build.0 = DevelopVS|x64
		{0064D207-693E-42D3-B14B-EB576AD98E1C}.ReleaseVS|x64.ActiveCfg = ReleaseVS|x64
		{0064D207-693E-42D3-B14B-EB576AD98E1C}.ReleaseVS|x64.Build.0 = ReleaseVS|x64
		{E758C335-85DD-4B0D-A34A-5568426FB777}.DevelopVS|x64.ActiveCfg = DevelopVS|x64
		{E758C335-85DD-4B0D-A34A-5568426FB777}.DevelopVS|x64.Build.0 = DevelopVS|x64
		{E758C335-85DD-4B0D-A34A-5568426FB777}.ReleaseVS|x64.ActiveCfg = ReleaseVS|x64
		{E758C335-85DD-4B0D-A34A-5568426FB777}.ReleaseVS|x64.Build.0 = ReleaseVS|x64
		{7608BF1D-E9CB-42A3-8B90-E7FCCB043268}.DevelopVS|x64.ActiveCfg = DevelopVS|x64
		{7608BF1D-E9CB-42A3-8B90-E7FCCB043268}.DevelopVS|x64.Build.0 = DevelopVS|x64
		{7608BF1D-E9CB-42A3-8B90-E7FCCB043268}.ReleaseVS|x64.ActiveCfg = ReleaseVS|x64
		{7608BF1D-E9CB-42A3-8B90-E7FCCB043268}.ReleaseVS|x64.Build.0 = ReleaseVS|x64
		{BAAFAE3C-91CD-4C4A-8108-1AE9D2F11EAD}.DevelopVS|x64.ActiveCfg = DevelopVS|x64
		{BAAFAE3C-91CD-4C4A-8108-1AE9D2F11EAD}.DevelopVS|x64.Build.0 = DevelopVS|x64
		{BAAFAE3C-91CD-4C4A-8108-1AE9D2F11EAD}.ReleaseVS|x64.ActiveCfg = ReleaseVS|x64
		{BAAFAE3C-91CD-4C4A-8108-1AE9D2F11EAD}.ReleaseVS|x64.Build.0 = ReleaseVS|x64
		{A7ED7EB8-3636-419C-A388-B063A4F3CF18}.DevelopVS|x64.ActiveCfg = DevelopVS|x64
		{A7ED7EB8-3636-419C-A388-B063A4F3CF18}.DevelopVS|x64.Build.0 = DevelopVS|x64
		{A7ED7EB8-3636-419C-A388-B063A4F3CF18}.ReleaseVS|x64.ActiveCfg = ReleaseVS|x64
		{A7ED7EB8-3636-419C-A388-B063A4F3CF18}.ReleaseVS|x64.Build.0 = ReleaseVS|x64
		{EA1C3D1D-EBF6-46D1-8521-A14D960E88E8}.DevelopVS|x64.ActiveCfg = DevelopVS|x64
		{EA1C3D1D-EBF6-46D1-8521-A14D960E88E8}.DevelopVS|x64.Build.0 = DevelopVS|x64
		{EA1C3D1D-EBF6-46D1-8521-A14D960E88E8}.ReleaseVS|x64.ActiveCfg = ReleaseVS|x64
		{EA1C3D1D-EBF6-46D1-8521-A14D960E88E8}.ReleaseVS|x64.Build.0 = ReleaseVS|x64
		{B12FDEFD-5FC6-4AE7-976D-AF4C639A07E1}.DevelopVS|x64.ActiveCfg = DevelopVS|x64
		{B12FDEFD-5FC6-4AE7-976D-AF4C639A07E1}.DevelopVS|x64.Build.0 = DevelopVS|x64
		{B12FDEFD-5FC6-4AE7-976D-AF4C639A07E1}.ReleaseVS|x64.ActiveCfg = ReleaseVS|x64
		{B12FDEFD-5FC6-4AE7-976D-AF4C639A07E1}.ReleaseVS|x64.Build.0 = ReleaseVS|x64
		{956FA304-F0A4-46EC-B00D-7106B06E279C}.DevelopVS|x64.ActiveCfg = DevelopVS|x64
		{956FA304-F0A4-46EC-B00D-7106B06E279C}.DevelopVS|x64.Build.0 = DevelopVS|x64
		{956FA304-F0A4-46EC-B00D-7106B06E279C}.DevelopVS|x64.Deploy.0 = DevelopVS|x64
		{956FA304-F0A4-46EC-B00D-7106B06E279C}.ReleaseVS|x64.ActiveCfg = ReleaseVS|x64
		{956FA304-F0A4-46EC-B00D-7106B06E279C}.ReleaseVS|x64.Build.0 = ReleaseVS|x64
		{956FA304-F0A4-46EC-B00D-7106B06E279C}.ReleaseVS|x64.Deploy.0 = ReleaseVS|x64
		{3EEB3AD1-E9B2-4042-9C1F-381FFF9F9EEF}.DevelopVS|x64.ActiveCfg = DevelopVS|x64
		{3EEB3AD1-E9B2-4042-9C1F-381FFF9F9EEF}.DevelopVS|x64.Build.0 = DevelopVS|x64
		{3EEB3AD1-E9B2-4042-9C1F-381FFF9F9EEF}.ReleaseVS|x64.ActiveCfg = ReleaseVS|x64
		{3EEB3AD1-E9B2-4042-9C1F-381FFF9F9EEF}.ReleaseVS|x64.Build.0 = ReleaseVS|x64
		{68C95C71-F12E-451D-B7CC-C96DBBC112ED}.DevelopVS|x64.ActiveCfg = DevelopVS|x64
		{68C95C71-F12E-451D-B7CC-C96DBBC112ED}.DevelopVS|x64.Build.0 = DevelopVS|x64
		{68C95C71-F12E-451D-B7CC-C96DBBC112ED}.ReleaseVS|x64.ActiveCfg = ReleaseVS|x64
		{68C95C71-F12E-451D-B7CC-C96DBBC112ED}.ReleaseVS|x64.Build.0 = ReleaseVS|x64
		{19FB2930-E645-4F86-B087-2D7DA6F414D7}.DevelopVS|x64.ActiveCfg = DevelopVS|x64
		{19FB2930-E645-4F86-B087-2D7DA6F414D7}.DevelopVS|x64.Build.0 = DevelopVS|x64
		{19FB2930-E645-4F86-B087-2D7DA6F414D7}.ReleaseVS|x64.ActiveCfg = ReleaseVS|x64
		{19FB2930-E645-4F86-B087-2D7DA6F414D7}.ReleaseVS|x64.Build.0 = ReleaseVS|x64
	EndGlobalSection
	GlobalSection(SolutionProperties) = preSolution
		HideSolutionNode = FALSE
	EndGlobalSection
	GlobalSection(NestedProjects) = preSolution
		{6F69D674-DA0E-4E6C-A5D8-7D1D33F14CD8} = {E799E47F-67BB-4B10-BE06-297B00FD2954}
		{676DD41C-946A-4966-968E-9BE2045620B1} = {CEE360D7-ED7D-49C0-93C1-133E93574FC2}
		{C3F29E5E-E856-4250-AAF4-B941B93772CC} = {CC895F84-6AE9-4AE0-8DA4-21AAA3FE9811}
		{96751649-EBBA-45B6-A324-223F551DC9C7} = {F20FF1E7-9D46-4912-B830-EF82E287B995}
		{E7D0A5F8-8752-42B3-8C4A-FFE57ED512E9} = {F20FF1E7-9D46-4912-B830-EF82E287B995}
		{FF8BE008-4038-46C4-8E18-DDEF7811D96F} = {1819D2D3-A738-42BD-8473-928C0BCDB977}
		{0064D207-693E-42D3-B14B-EB576AD98E1C} = {1819D2D3-A738-42BD-8473-928C0BCDB977}
		{E758C335-85DD-4B0D-A34A-5568426FB777} = {A5F7E5F1-61ED-463F-9F5A-0C615709938D}
		{7608BF1D-E9CB-42A3-8B90-E7FCCB043268} = {CC895F84-6AE9-4AE0-8DA4-21AAA3FE9811}
		{BAAFAE3C-91CD-4C4A-8108-1AE9D2F11EAD} = {1819D2D3-A738-42BD-8473-928C0BCDB977}
		{A7ED7EB8-3636-419C-A388-B063A4F3CF18} = {CC895F84-6AE9-4AE0-8DA4-21AAA3FE9811}
		{EA1C3D1D-EBF6-46D1-8521-A14D960E88E8} = {A5F7E5F1-61ED-463F-9F5A-0C615709938D}
		{B12FDEFD-5FC6-4AE7-976D-AF4C639A07E1} = {7E4603B5-852C-4551-832C-46EA9E7D3ECE}
		{3EEB3AD1-E9B2-4042-9C1F-381FFF9F9EEF} = {EB46B103-607C-4E05-9FE0-8660BF675286}
		{956FA304-F0A4-46EC-B00D-7106B06E279C} = {F20FF1E7-9D46-4912-B830-EF82E287B995}
		{68C95C71-F12E-451D-B7CC-C96DBBC112ED} = {EB46B103-607C-4E05-9FE0-8660BF675286}
		{19FB2930-E645-4F86-B087-2D7DA6F414D7} = {1819D2D3-A738-42BD-8473-928C0BCDB977}
	EndGlobalSection
	GlobalSection(ExtensibilityGlobals) = postSolution
		VisualSVNWorkingCopyRoot = .
		SolutionGuid = {BAF483B4-517E-4CBD-90A7-3F3FC76B238D}
	EndGlobalSection
EndGlobal
