
Microsoft Visual Studio Solution File, Format Version 12.00
# Visual Studio Version 17
VisualStudioVersion = 17.1.32210.238
MinimumVisualStudioVersion = 10.0.40219.1
Project("{2150E333-8FDC-42A3-9474-1A3956D46DE8}") = "Resources", "Resources", "{94C4EB53-BC8E-45A4-9ACA-B8A2CE45E497}"
EndProject
Project("{2150E333-8FDC-42A3-9474-1A3956D46DE8}") = "Icons", "Icons", "{7433D1A9-AB41-4BFD-A6E8-3B2FEB0F46E5}"
	ProjectSection(SolutionItems) = preProject
		Resources\Icons\exit_1.png = Resources\Icons\exit_1.png
		Resources\Icons\exit_2.png = Resources\Icons\exit_2.png
		Resources\Icons\ScalesUI.ico = Resources\Icons\ScalesUI.ico
		Resources\Icons\settings_1.png = Resources\Icons\settings_1.png
		Resources\Icons\settings_2.png = Resources\Icons\settings_2.png
	EndProjectSection
EndProject
Project("{2150E333-8FDC-42A3-9474-1A3956D46DE8}") = "Gif", "Gif", "{E92E8921-572E-437B-B288-C508B153EF3B}"
	ProjectSection(SolutionItems) = preProject
		Resources\Gif\scales_1.gif = Resources\Gif\scales_1.gif
		Resources\Gif\scales_2.gif = Resources\Gif\scales_2.gif
	EndProjectSection
EndProject
Project("{2150E333-8FDC-42A3-9474-1A3956D46DE8}") = "Fonts", "Fonts", "{F5635B3B-1E4F-448E-861F-43305D58C8D1}"
	ProjectSection(SolutionItems) = preProject
		Resources\Fonts\arial.ttf = Resources\Fonts\arial.ttf
		Resources\Fonts\arialbd.ttf = Resources\Fonts\arialbd.ttf
		Resources\Fonts\arialbi.ttf = Resources\Fonts\arialbi.ttf
		Resources\Fonts\ariali.ttf = Resources\Fonts\ariali.ttf
		Resources\Fonts\cour.ttf = Resources\Fonts\cour.ttf
		Resources\Fonts\courbd.ttf = Resources\Fonts\courbd.ttf
		Resources\Fonts\courbi.ttf = Resources\Fonts\courbi.ttf
		Resources\Fonts\couri.ttf = Resources\Fonts\couri.ttf
	EndProjectSection
EndProject
Project("{2150E333-8FDC-42A3-9474-1A3956D46DE8}") = "Templates", "Templates", "{F93145FD-2BD5-44AE-8FB5-4597B5AD1D33}"
	ProjectSection(SolutionItems) = preProject
		Resources\Templates\Convert XML to TXT simple.xsl = Resources\Templates\Convert XML to TXT simple.xsl
		Resources\Templates\styledata.xml = Resources\Templates\styledata.xml
		Resources\Templates\Template80x100unit.xml = Resources\Templates\Template80x100unit.xml
		Resources\Templates\Template90x60unit.xml = Resources\Templates\Template90x60unit.xml
		Resources\Templates\WeighingFactEntityObject1.xml = Resources\Templates\WeighingFactEntityObject1.xml
		Resources\Templates\~Template80x100unit.xml = Resources\Templates\~Template80x100unit.xml
		Resources\Templates\~Template90x60unit.xml = Resources\Templates\~Template90x60unit.xml
	EndProjectSection
EndProject
Project("{2150E333-8FDC-42A3-9474-1A3956D46DE8}") = "Images", "Images", "{91A97E4B-FC8E-44C1-B0BF-4F91EE4BAE27}"
	ProjectSection(SolutionItems) = preProject
		Resources\Images\EAC 6x6.bmp = Resources\Images\EAC 6x6.bmp
		Resources\Images\EAC.bmp = Resources\Images\EAC.bmp
		Resources\Images\EAC.jpg = Resources\Images\EAC.jpg
		Resources\Images\FORK.bmp = Resources\Images\FORK.bmp
		Resources\Images\REB7.bmp = Resources\Images\REB7.bmp
		Resources\Images\REC5.bmp = Resources\Images\REC5.bmp
		Resources\Images\REC7.bmp = Resources\Images\REC7.bmp
		Resources\Images\TL18.bmp = Resources\Images\TL18.bmp
		Resources\Images\TMO06.bmp = Resources\Images\TMO06.bmp
		Resources\Images\Vilka.jpg = Resources\Images\Vilka.jpg
		Resources\Images\VL.bmp = Resources\Images\VL.bmp
		Resources\Images\Znak-EAC-600x600.jpg = Resources\Images\Znak-EAC-600x600.jpg
		Resources\Images\Безымянный.jpg = Resources\Images\Безымянный.jpg
		Resources\Images\знак-скоропортящийся-продукт.jpg = Resources\Images\знак-скоропортящийся-продукт.jpg
		Resources\Images\минус-18.jpg = Resources\Images\минус-18.jpg
		Resources\Images\от 0 до 6.jpg = Resources\Images\от 0 до 6.jpg
	EndProjectSection
EndProject
Project("{2150E333-8FDC-42A3-9474-1A3956D46DE8}") = "7x7_203dpi", "7x7_203dpi", "{62CCE789-EEFE-4AA7-8C79-3154FCD1FA9D}"
	ProjectSection(SolutionItems) = preProject
		Resources\Images\7x7_203dpi\18 грудисов_7мм_203dpi.bmp = Resources\Images\7x7_203dpi\18 грудисов_7мм_203dpi.bmp
		Resources\Images\7x7_203dpi\6 градусов_7мм_203dpi.bmp = Resources\Images\7x7_203dpi\6 градусов_7мм_203dpi.bmp
		Resources\Images\7x7_203dpi\EAC_7мм_203dpi.bmp = Resources\Images\7x7_203dpi\EAC_7мм_203dpi.bmp
		Resources\Images\7x7_203dpi\Переработка 5_7мм_203dpi.bmp = Resources\Images\7x7_203dpi\Переработка 5_7мм_203dpi.bmp
		Resources\Images\7x7_203dpi\Переработка 7_7мм_203dpi.bmp = Resources\Images\7x7_203dpi\Переработка 7_7мм_203dpi.bmp
		Resources\Images\7x7_203dpi\Рюмка с вилкой_7мм_203 dpi.bmp = Resources\Images\7x7_203dpi\Рюмка с вилкой_7мм_203 dpi.bmp
		Resources\Images\7x7_203dpi\Скороопорт_7мм_203dpi.bmp = Resources\Images\7x7_203dpi\Скороопорт_7мм_203dpi.bmp
	EndProjectSection
EndProject
Project("{2150E333-8FDC-42A3-9474-1A3956D46DE8}") = "7x7_300dpi", "7x7_300dpi", "{24D3D99E-E4F5-4531-967C-746566307077}"
	ProjectSection(SolutionItems) = preProject
		Resources\Images\7x7_300dpi\18 грудисов_7мм_300dpi.bmp = Resources\Images\7x7_300dpi\18 грудисов_7мм_300dpi.bmp
		Resources\Images\7x7_300dpi\6 градусов_7мм_300dpi.bmp = Resources\Images\7x7_300dpi\6 градусов_7мм_300dpi.bmp
		Resources\Images\7x7_300dpi\EAC_7мм_300dpi.bmp = Resources\Images\7x7_300dpi\EAC_7мм_300dpi.bmp
		Resources\Images\7x7_300dpi\Переработка 5_7мм_300dpi.bmp = Resources\Images\7x7_300dpi\Переработка 5_7мм_300dpi.bmp
		Resources\Images\7x7_300dpi\Переработка 7_7мм_300dpi.bmp = Resources\Images\7x7_300dpi\Переработка 7_7мм_300dpi.bmp
		Resources\Images\7x7_300dpi\Рюмка с вилкой_7мм_300 dpi.bmp = Resources\Images\7x7_300dpi\Рюмка с вилкой_7мм_300 dpi.bmp
		Resources\Images\7x7_300dpi\Скороопорт_7мм_300dpi.bmp = Resources\Images\7x7_300dpi\Скороопорт_7мм_300dpi.bmp
	EndProjectSection
EndProject
Project("{2150E333-8FDC-42A3-9474-1A3956D46DE8}") = "10x10_203dpi", "10x10_203dpi", "{D017AF5F-AF6D-4D1A-B1D0-0D27E4DF5B51}"
	ProjectSection(SolutionItems) = preProject
		Resources\Images\10x10_203dpi\18 грудисов_10мм_203dpi.bmp = Resources\Images\10x10_203dpi\18 грудисов_10мм_203dpi.bmp
		Resources\Images\10x10_203dpi\6 градусов_10мм_203dpi.bmp = Resources\Images\10x10_203dpi\6 градусов_10мм_203dpi.bmp
		Resources\Images\10x10_203dpi\EAC_10мм_203dpi.bmp = Resources\Images\10x10_203dpi\EAC_10мм_203dpi.bmp
		Resources\Images\10x10_203dpi\Переработка 5_10мм_203dpi.bmp = Resources\Images\10x10_203dpi\Переработка 5_10мм_203dpi.bmp
		Resources\Images\10x10_203dpi\Переработка 7_10мм_203dpi.bmp = Resources\Images\10x10_203dpi\Переработка 7_10мм_203dpi.bmp
		Resources\Images\10x10_203dpi\Рюмка с вилкой_10мм_203 dpi.bmp = Resources\Images\10x10_203dpi\Рюмка с вилкой_10мм_203 dpi.bmp
		Resources\Images\10x10_203dpi\Скороопорт_10мм_203dpi.bmp = Resources\Images\10x10_203dpi\Скороопорт_10мм_203dpi.bmp
	EndProjectSection
EndProject
Project("{2150E333-8FDC-42A3-9474-1A3956D46DE8}") = "10x10_300dpi", "10x10_300dpi", "{6244AF63-32F6-44CD-B2F0-5FED7B98E55F}"
	ProjectSection(SolutionItems) = preProject
		Resources\Images\10x10_300dpi\18 грудисов_10мм_300dpi.bmp = Resources\Images\10x10_300dpi\18 грудисов_10мм_300dpi.bmp
		Resources\Images\10x10_300dpi\6 градусов_10мм_300dpi.bmp = Resources\Images\10x10_300dpi\6 градусов_10мм_300dpi.bmp
		Resources\Images\10x10_300dpi\EAC_10мм_300dpi.bmp = Resources\Images\10x10_300dpi\EAC_10мм_300dpi.bmp
		Resources\Images\10x10_300dpi\Переработка 5_10мм_300dpi.bmp = Resources\Images\10x10_300dpi\Переработка 5_10мм_300dpi.bmp
		Resources\Images\10x10_300dpi\Переработка 7_10мм_300dpi.bmp = Resources\Images\10x10_300dpi\Переработка 7_10мм_300dpi.bmp
		Resources\Images\10x10_300dpi\Рюмка с вилкой_10мм_300 dpi.bmp = Resources\Images\10x10_300dpi\Рюмка с вилкой_10мм_300 dpi.bmp
		Resources\Images\10x10_300dpi\Скороопорт_10мм_300dpi.bmp = Resources\Images\10x10_300dpi\Скороопорт_10мм_300dpi.bmp
	EndProjectSection
EndProject
Project("{FAE04EC0-301F-11D3-BF4B-00C04F79EFBC}") = "LabelPrint", "LabelPrint\LabelPrint.csproj", "{99B4E0CC-5595-4C51-A559-E619439802C9}"
EndProject
Project("{FAE04EC0-301F-11D3-BF4B-00C04F79EFBC}") = "FontLoader", "FontLoader\FontLoader.csproj", "{DFCE3BBB-986A-4655-B0F3-1BD2C3132623}"
EndProject
Project("{FAE04EC0-301F-11D3-BF4B-00C04F79EFBC}") = "ControlsExamples", "ControlsExamples\ControlsExamples.csproj", "{EC65F24D-2649-49D5-A96B-CE4D7F94262D}"
EndProject
Project("{FAE04EC0-301F-11D3-BF4B-00C04F79EFBC}") = "ZplSdkExamples", "ZplSdkExamples\ZplSdkExamples.csproj", "{4ACDED65-38C5-4734-AF9B-21C2A5D14E3B}"
EndProject
Project("{FAE04EC0-301F-11D3-BF4B-00C04F79EFBC}") = "WebSocketsExamples", "WebSocketsExamples\WebSocketsExamples.csproj", "{451B4CB0-8AA8-4BB6-B20B-1813D3148119}"
EndProject
Project("{FAE04EC0-301F-11D3-BF4B-00C04F79EFBC}") = "ZabbixStubService", "ZabbixStubService\ZabbixStubService.csproj", "{8C23E252-17B8-4ECC-9AF3-2EA30A2DF9CD}"
EndProject
Project("{FAE04EC0-301F-11D3-BF4B-00C04F79EFBC}") = "TscBarcode", "TscBarcode\TscBarcode.csproj", "{1FA7C648-CEB6-487D-AEE7-67922AF5CA52}"
EndProject
Project("{2150E333-8FDC-42A3-9474-1A3956D46DE8}") = "Solution Items", "Solution Items", "{B42401D5-228B-4293-81C3-F3EEFA364F71}"
	ProjectSection(SolutionItems) = preProject
		CHANGELOG.md = CHANGELOG.md
		LICENSE.md = LICENSE.md
		README.md = README.md
		TO_DO_LIST.md = TO_DO_LIST.md
	EndProjectSection
EndProject
Project("{9A19103F-16F7-4668-BE54-9A1E7A4F7556}") = "BlazorResourcesVs", "BlazorResourcesVs\BlazorResourcesVs.csproj", "{75EA4756-B7A3-4F1D-B034-AC6D1E6D98E6}"
EndProject
Project("{9A19103F-16F7-4668-BE54-9A1E7A4F7556}") = "BlazorResourcesVsTests", "BlazorResourcesVsTests\BlazorResourcesVsTests.csproj", "{734BDB45-B45E-43FB-9EC3-21BD562AE82C}"
EndProject
Project("{9A19103F-16F7-4668-BE54-9A1E7A4F7556}") = "BlazorDeviceControl", "BlazorDeviceControl\BlazorDeviceControl.csproj", "{79511343-C888-409F-8FFB-787E3A459F5A}"
EndProject
Project("{9A19103F-16F7-4668-BE54-9A1E7A4F7556}") = "BlazorDeviceControlTests", "BlazorDeviceControlTests\BlazorDeviceControlTests.csproj", "{31BF49F7-5945-4C68-B634-470F37E24D24}"
EndProject
Project("{FAE04EC0-301F-11D3-BF4B-00C04F79EFBC}") = "WeightCore", "WeightCore\WeightCore.csproj", "{51C1AA1F-3104-4438-93EA-9E348F18EAD7}"
EndProject
Project("{FAE04EC0-301F-11D3-BF4B-00C04F79EFBC}") = "ScalesUI", "ScalesUI\ScalesUI.csproj", "{0F26292C-8B1B-4CE7-A1B7-D432ED7E492C}"
EndProject
Project("{FAE04EC0-301F-11D3-BF4B-00C04F79EFBC}") = "ScalesUITests", "ScalesUITests\ScalesUITests.csproj", "{8268D4F8-0190-49BA-AC78-294A0DEC314E}"
EndProject
Project("{2150E333-8FDC-42A3-9474-1A3956D46DE8}") = "Core", "Core", "{7E4603B5-852C-4551-832C-46EA9E7D3ECE}"
EndProject
Project("{2150E333-8FDC-42A3-9474-1A3956D46DE8}") = "Clients", "Clients", "{F20FF1E7-9D46-4912-B830-EF82E287B995}"
EndProject
Project("{2150E333-8FDC-42A3-9474-1A3956D46DE8}") = "Tests", "Tests", "{CC895F84-6AE9-4AE0-8DA4-21AAA3FE9811}"
EndProject
Project("{2150E333-8FDC-42A3-9474-1A3956D46DE8}") = "Services", "Services", "{D80C6DD5-DC97-4ED3-AD04-052B54F6F35F}"
EndProject
Project("{2150E333-8FDC-42A3-9474-1A3956D46DE8}") = "Examples", "Examples", "{604FDA3A-86DD-467C-BC95-F5E9A4A44F3F}"
EndProject
Project("{9A19103F-16F7-4668-BE54-9A1E7A4F7556}") = "BlazorMdmControl", "BlazorMdmControl\BlazorMdmControl.csproj", "{3FA13D69-74DE-47C3-B2CC-C4EC61A948E6}"
EndProject
Project("{9A19103F-16F7-4668-BE54-9A1E7A4F7556}") = "BlazorMdmControlTests", "BlazorMdmControlTests\BlazorMdmControlTests.csproj", "{2EE7518D-DDF9-414D-A90E-DA7F412F4DB4}"
EndProject
Project("{9A19103F-16F7-4668-BE54-9A1E7A4F7556}") = "MdmControlCore", "MdmControlCore\MdmControlCore.csproj", "{27E40318-3299-4A1E-A201-0161430E350B}"
EndProject
Project("{FAE04EC0-301F-11D3-BF4B-00C04F79EFBC}") = "WebApiTerra800", "WebApiTerra800\WebApiTerra800.csproj", "{9731F2F4-3D6D-481F-A97A-70EB58B78B3B}"
EndProject
Project("{9A19103F-16F7-4668-BE54-9A1E7A4F7556}") = "WebApiExample", "WebApiExample\WebApiExample.csproj", "{2CE8B267-3F1C-41F7-91D7-2ADE42ED5611}"
EndProject
Project("{9A19103F-16F7-4668-BE54-9A1E7A4F7556}") = "WebApiTerra1000", "WebApiTerra1000\WebApiTerra1000.csproj", "{1388C2DD-BD93-463F-9D99-599D7967725F}"
EndProject
Project("{FAE04EC0-301F-11D3-BF4B-00C04F79EFBC}") = "ConsoleQuartzExample", "ConsoleQuartzExample\ConsoleQuartzExample.csproj", "{03F82B97-71C5-4E00-AA9E-54DC604089C0}"
EndProject
Project("{FAE04EC0-301F-11D3-BF4B-00C04F79EFBC}") = "TscWpfExample", "TscWpfExample\TscWpfExample.csproj", "{984DA709-BD0D-4D8D-85BC-F377C6E3F360}"
EndProject
Project("{FAE04EC0-301F-11D3-BF4B-00C04F79EFBC}") = "TscWinFormExample", "TscWinFormExample\TscWinFormExample.csproj", "{5973F987-103A-455D-A5E3-C7429906657A}"
EndProject
Project("{FAE04EC0-301F-11D3-BF4B-00C04F79EFBC}") = "WeightCoreTests", "WeightCoreTests\WeightCoreTests.csproj", "{A5F69B63-170B-4703-873A-8855817AD252}"
EndProject
Project("{9A19103F-16F7-4668-BE54-9A1E7A4F7556}") = "MDSoft.SerialPorts", "MDSoft.SerialPorts\MDSoft.SerialPorts.csproj", "{7859DB5A-22A2-44A4-A4E8-4F341C8D3E4E}"
EndProject
Project("{FAE04EC0-301F-11D3-BF4B-00C04F79EFBC}") = "SerialPortExchangeTool", "SerialPortExchangeTool\SerialPortExchangeTool.csproj", "{AB204B9C-C58F-4567-A9BD-46A78A6D49BA}"
EndProject
Project("{9A19103F-16F7-4668-BE54-9A1E7A4F7556}") = "BlazorAppTemplate", "BlazorAppTemplate\BlazorAppTemplate.csproj", "{919F5A7B-33F0-407C-8606-58BAC4971D0E}"
EndProject
Project("{9A19103F-16F7-4668-BE54-9A1E7A4F7556}") = "BlazorAppTemplate202112", "BlazorAppTemplate202112\BlazorAppTemplate202112.csproj", "{AAD26C56-6784-406F-B6DB-26E5526A270D}"
EndProject
Project("{9A19103F-16F7-4668-BE54-9A1E7A4F7556}") = "DataCore", "DataCore\DataCore.csproj", "{2A3AF48B-DC5B-4359-B056-3605631440F5}"
EndProject
Project("{9A19103F-16F7-4668-BE54-9A1E7A4F7556}") = "DataCoreTests", "DataCoreTests\DataCoreTests.csproj", "{DB1E89F9-DA50-4C3A-ADCB-E2DF03C71D80}"
EndProject
Project("{9A19103F-16F7-4668-BE54-9A1E7A4F7556}") = "BlazorCore", "BlazorCore\BlazorCore.csproj", "{A2EF44CD-8CD2-4AE2-8D7E-A191AF6A07C9}"
EndProject
Project("{9A19103F-16F7-4668-BE54-9A1E7A4F7556}") = "BlazorCoreTests", "BlazorCoreTests\BlazorCoreTests.csproj", "{56738D2C-7E81-4E61-ADD4-0E1F91E539A9}"
EndProject
Project("{9A19103F-16F7-4668-BE54-9A1E7A4F7556}") = "WebApiTerra1000Tests", "WebApiTerra1000Tests\WebApiTerra1000Tests.csproj", "{99E4F265-9C8D-44A0-B5F3-F05D9AA54487}"
EndProject
Global
	GlobalSection(SolutionConfigurationPlatforms) = preSolution
		Debug|Any CPU = Debug|Any CPU
		Debug|x64 = Debug|x64
		Debug|x86 = Debug|x86
		Release|Any CPU = Release|Any CPU
		Release|x64 = Release|x64
		Release|x86 = Release|x86
	EndGlobalSection
	GlobalSection(ProjectConfigurationPlatforms) = postSolution
		{99B4E0CC-5595-4C51-A559-E619439802C9}.Debug|Any CPU.ActiveCfg = Debug|Any CPU
		{99B4E0CC-5595-4C51-A559-E619439802C9}.Debug|Any CPU.Build.0 = Debug|Any CPU
		{99B4E0CC-5595-4C51-A559-E619439802C9}.Debug|x64.ActiveCfg = Debug|x64
		{99B4E0CC-5595-4C51-A559-E619439802C9}.Debug|x64.Build.0 = Debug|x64
		{99B4E0CC-5595-4C51-A559-E619439802C9}.Debug|x86.ActiveCfg = Debug|Any CPU
		{99B4E0CC-5595-4C51-A559-E619439802C9}.Debug|x86.Build.0 = Debug|Any CPU
		{99B4E0CC-5595-4C51-A559-E619439802C9}.Release|Any CPU.ActiveCfg = Release|Any CPU
		{99B4E0CC-5595-4C51-A559-E619439802C9}.Release|Any CPU.Build.0 = Release|Any CPU
		{99B4E0CC-5595-4C51-A559-E619439802C9}.Release|x64.ActiveCfg = Release|x64
		{99B4E0CC-5595-4C51-A559-E619439802C9}.Release|x64.Build.0 = Release|x64
		{99B4E0CC-5595-4C51-A559-E619439802C9}.Release|x86.ActiveCfg = Release|Any CPU
		{99B4E0CC-5595-4C51-A559-E619439802C9}.Release|x86.Build.0 = Release|Any CPU
		{DFCE3BBB-986A-4655-B0F3-1BD2C3132623}.Debug|Any CPU.ActiveCfg = Debug|Any CPU
		{DFCE3BBB-986A-4655-B0F3-1BD2C3132623}.Debug|Any CPU.Build.0 = Debug|Any CPU
		{DFCE3BBB-986A-4655-B0F3-1BD2C3132623}.Debug|x64.ActiveCfg = Debug|x64
		{DFCE3BBB-986A-4655-B0F3-1BD2C3132623}.Debug|x64.Build.0 = Debug|x64
		{DFCE3BBB-986A-4655-B0F3-1BD2C3132623}.Debug|x86.ActiveCfg = Debug|Any CPU
		{DFCE3BBB-986A-4655-B0F3-1BD2C3132623}.Debug|x86.Build.0 = Debug|Any CPU
		{DFCE3BBB-986A-4655-B0F3-1BD2C3132623}.Release|Any CPU.ActiveCfg = Release|Any CPU
		{DFCE3BBB-986A-4655-B0F3-1BD2C3132623}.Release|Any CPU.Build.0 = Release|Any CPU
		{DFCE3BBB-986A-4655-B0F3-1BD2C3132623}.Release|x64.ActiveCfg = Release|x64
		{DFCE3BBB-986A-4655-B0F3-1BD2C3132623}.Release|x64.Build.0 = Release|x64
		{DFCE3BBB-986A-4655-B0F3-1BD2C3132623}.Release|x86.ActiveCfg = Release|Any CPU
		{DFCE3BBB-986A-4655-B0F3-1BD2C3132623}.Release|x86.Build.0 = Release|Any CPU
		{EC65F24D-2649-49D5-A96B-CE4D7F94262D}.Debug|Any CPU.ActiveCfg = Debug|Any CPU
		{EC65F24D-2649-49D5-A96B-CE4D7F94262D}.Debug|Any CPU.Build.0 = Debug|Any CPU
		{EC65F24D-2649-49D5-A96B-CE4D7F94262D}.Debug|x64.ActiveCfg = Debug|x64
		{EC65F24D-2649-49D5-A96B-CE4D7F94262D}.Debug|x64.Build.0 = Debug|x64
		{EC65F24D-2649-49D5-A96B-CE4D7F94262D}.Debug|x86.ActiveCfg = Debug|Any CPU
		{EC65F24D-2649-49D5-A96B-CE4D7F94262D}.Debug|x86.Build.0 = Debug|Any CPU
		{EC65F24D-2649-49D5-A96B-CE4D7F94262D}.Release|Any CPU.ActiveCfg = Release|Any CPU
		{EC65F24D-2649-49D5-A96B-CE4D7F94262D}.Release|Any CPU.Build.0 = Release|Any CPU
		{EC65F24D-2649-49D5-A96B-CE4D7F94262D}.Release|x64.ActiveCfg = Release|x64
		{EC65F24D-2649-49D5-A96B-CE4D7F94262D}.Release|x64.Build.0 = Release|x64
		{EC65F24D-2649-49D5-A96B-CE4D7F94262D}.Release|x86.ActiveCfg = Release|Any CPU
		{EC65F24D-2649-49D5-A96B-CE4D7F94262D}.Release|x86.Build.0 = Release|Any CPU
		{4ACDED65-38C5-4734-AF9B-21C2A5D14E3B}.Debug|Any CPU.ActiveCfg = Debug|Any CPU
		{4ACDED65-38C5-4734-AF9B-21C2A5D14E3B}.Debug|Any CPU.Build.0 = Debug|Any CPU
		{4ACDED65-38C5-4734-AF9B-21C2A5D14E3B}.Debug|x64.ActiveCfg = Debug|x64
		{4ACDED65-38C5-4734-AF9B-21C2A5D14E3B}.Debug|x64.Build.0 = Debug|x64
		{4ACDED65-38C5-4734-AF9B-21C2A5D14E3B}.Debug|x86.ActiveCfg = Debug|Any CPU
		{4ACDED65-38C5-4734-AF9B-21C2A5D14E3B}.Debug|x86.Build.0 = Debug|Any CPU
		{4ACDED65-38C5-4734-AF9B-21C2A5D14E3B}.Release|Any CPU.ActiveCfg = Release|Any CPU
		{4ACDED65-38C5-4734-AF9B-21C2A5D14E3B}.Release|Any CPU.Build.0 = Release|Any CPU
		{4ACDED65-38C5-4734-AF9B-21C2A5D14E3B}.Release|x64.ActiveCfg = Release|x64
		{4ACDED65-38C5-4734-AF9B-21C2A5D14E3B}.Release|x64.Build.0 = Release|x64
		{4ACDED65-38C5-4734-AF9B-21C2A5D14E3B}.Release|x86.ActiveCfg = Release|Any CPU
		{4ACDED65-38C5-4734-AF9B-21C2A5D14E3B}.Release|x86.Build.0 = Release|Any CPU
		{451B4CB0-8AA8-4BB6-B20B-1813D3148119}.Debug|Any CPU.ActiveCfg = Debug|Any CPU
		{451B4CB0-8AA8-4BB6-B20B-1813D3148119}.Debug|Any CPU.Build.0 = Debug|Any CPU
		{451B4CB0-8AA8-4BB6-B20B-1813D3148119}.Debug|x64.ActiveCfg = Debug|x64
		{451B4CB0-8AA8-4BB6-B20B-1813D3148119}.Debug|x64.Build.0 = Debug|x64
		{451B4CB0-8AA8-4BB6-B20B-1813D3148119}.Debug|x86.ActiveCfg = Debug|Any CPU
		{451B4CB0-8AA8-4BB6-B20B-1813D3148119}.Debug|x86.Build.0 = Debug|Any CPU
		{451B4CB0-8AA8-4BB6-B20B-1813D3148119}.Release|Any CPU.ActiveCfg = Release|Any CPU
		{451B4CB0-8AA8-4BB6-B20B-1813D3148119}.Release|Any CPU.Build.0 = Release|Any CPU
		{451B4CB0-8AA8-4BB6-B20B-1813D3148119}.Release|x64.ActiveCfg = Release|x64
		{451B4CB0-8AA8-4BB6-B20B-1813D3148119}.Release|x64.Build.0 = Release|x64
		{451B4CB0-8AA8-4BB6-B20B-1813D3148119}.Release|x86.ActiveCfg = Release|Any CPU
		{451B4CB0-8AA8-4BB6-B20B-1813D3148119}.Release|x86.Build.0 = Release|Any CPU
		{8C23E252-17B8-4ECC-9AF3-2EA30A2DF9CD}.Debug|Any CPU.ActiveCfg = Debug|Any CPU
		{8C23E252-17B8-4ECC-9AF3-2EA30A2DF9CD}.Debug|Any CPU.Build.0 = Debug|Any CPU
		{8C23E252-17B8-4ECC-9AF3-2EA30A2DF9CD}.Debug|x64.ActiveCfg = Debug|x64
		{8C23E252-17B8-4ECC-9AF3-2EA30A2DF9CD}.Debug|x64.Build.0 = Debug|x64
		{8C23E252-17B8-4ECC-9AF3-2EA30A2DF9CD}.Debug|x86.ActiveCfg = Debug|Any CPU
		{8C23E252-17B8-4ECC-9AF3-2EA30A2DF9CD}.Debug|x86.Build.0 = Debug|Any CPU
		{8C23E252-17B8-4ECC-9AF3-2EA30A2DF9CD}.Release|Any CPU.ActiveCfg = Release|Any CPU
		{8C23E252-17B8-4ECC-9AF3-2EA30A2DF9CD}.Release|Any CPU.Build.0 = Release|Any CPU
		{8C23E252-17B8-4ECC-9AF3-2EA30A2DF9CD}.Release|x64.ActiveCfg = Release|x64
		{8C23E252-17B8-4ECC-9AF3-2EA30A2DF9CD}.Release|x64.Build.0 = Release|x64
		{8C23E252-17B8-4ECC-9AF3-2EA30A2DF9CD}.Release|x86.ActiveCfg = Release|Any CPU
		{8C23E252-17B8-4ECC-9AF3-2EA30A2DF9CD}.Release|x86.Build.0 = Release|Any CPU
		{1FA7C648-CEB6-487D-AEE7-67922AF5CA52}.Debug|Any CPU.ActiveCfg = Debug|Any CPU
		{1FA7C648-CEB6-487D-AEE7-67922AF5CA52}.Debug|Any CPU.Build.0 = Debug|Any CPU
		{1FA7C648-CEB6-487D-AEE7-67922AF5CA52}.Debug|x64.ActiveCfg = Debug|x64
		{1FA7C648-CEB6-487D-AEE7-67922AF5CA52}.Debug|x64.Build.0 = Debug|x64
		{1FA7C648-CEB6-487D-AEE7-67922AF5CA52}.Debug|x86.ActiveCfg = Debug|Any CPU
		{1FA7C648-CEB6-487D-AEE7-67922AF5CA52}.Debug|x86.Build.0 = Debug|Any CPU
		{1FA7C648-CEB6-487D-AEE7-67922AF5CA52}.Release|Any CPU.ActiveCfg = Release|Any CPU
		{1FA7C648-CEB6-487D-AEE7-67922AF5CA52}.Release|Any CPU.Build.0 = Release|Any CPU
		{1FA7C648-CEB6-487D-AEE7-67922AF5CA52}.Release|x64.ActiveCfg = Release|x64
		{1FA7C648-CEB6-487D-AEE7-67922AF5CA52}.Release|x64.Build.0 = Release|x64
		{1FA7C648-CEB6-487D-AEE7-67922AF5CA52}.Release|x86.ActiveCfg = Release|Any CPU
		{1FA7C648-CEB6-487D-AEE7-67922AF5CA52}.Release|x86.Build.0 = Release|Any CPU
		{75EA4756-B7A3-4F1D-B034-AC6D1E6D98E6}.Debug|Any CPU.ActiveCfg = Debug|Any CPU
		{75EA4756-B7A3-4F1D-B034-AC6D1E6D98E6}.Debug|Any CPU.Build.0 = Debug|Any CPU
		{75EA4756-B7A3-4F1D-B034-AC6D1E6D98E6}.Debug|x64.ActiveCfg = Debug|x64
		{75EA4756-B7A3-4F1D-B034-AC6D1E6D98E6}.Debug|x64.Build.0 = Debug|x64
		{75EA4756-B7A3-4F1D-B034-AC6D1E6D98E6}.Debug|x86.ActiveCfg = Debug|Any CPU
		{75EA4756-B7A3-4F1D-B034-AC6D1E6D98E6}.Debug|x86.Build.0 = Debug|Any CPU
		{75EA4756-B7A3-4F1D-B034-AC6D1E6D98E6}.Release|Any CPU.ActiveCfg = Release|Any CPU
		{75EA4756-B7A3-4F1D-B034-AC6D1E6D98E6}.Release|Any CPU.Build.0 = Release|Any CPU
		{75EA4756-B7A3-4F1D-B034-AC6D1E6D98E6}.Release|x64.ActiveCfg = Release|x64
		{75EA4756-B7A3-4F1D-B034-AC6D1E6D98E6}.Release|x64.Build.0 = Release|x64
		{75EA4756-B7A3-4F1D-B034-AC6D1E6D98E6}.Release|x86.ActiveCfg = Release|Any CPU
		{75EA4756-B7A3-4F1D-B034-AC6D1E6D98E6}.Release|x86.Build.0 = Release|Any CPU
		{734BDB45-B45E-43FB-9EC3-21BD562AE82C}.Debug|Any CPU.ActiveCfg = Debug|Any CPU
		{734BDB45-B45E-43FB-9EC3-21BD562AE82C}.Debug|Any CPU.Build.0 = Debug|Any CPU
		{734BDB45-B45E-43FB-9EC3-21BD562AE82C}.Debug|x64.ActiveCfg = Debug|x64
		{734BDB45-B45E-43FB-9EC3-21BD562AE82C}.Debug|x64.Build.0 = Debug|x64
		{734BDB45-B45E-43FB-9EC3-21BD562AE82C}.Debug|x86.ActiveCfg = Debug|Any CPU
		{734BDB45-B45E-43FB-9EC3-21BD562AE82C}.Debug|x86.Build.0 = Debug|Any CPU
		{734BDB45-B45E-43FB-9EC3-21BD562AE82C}.Release|Any CPU.ActiveCfg = Release|Any CPU
		{734BDB45-B45E-43FB-9EC3-21BD562AE82C}.Release|Any CPU.Build.0 = Release|Any CPU
		{734BDB45-B45E-43FB-9EC3-21BD562AE82C}.Release|x64.ActiveCfg = Release|x64
		{734BDB45-B45E-43FB-9EC3-21BD562AE82C}.Release|x64.Build.0 = Release|x64
		{734BDB45-B45E-43FB-9EC3-21BD562AE82C}.Release|x86.ActiveCfg = Release|Any CPU
		{734BDB45-B45E-43FB-9EC3-21BD562AE82C}.Release|x86.Build.0 = Release|Any CPU
		{79511343-C888-409F-8FFB-787E3A459F5A}.Debug|Any CPU.ActiveCfg = Debug|Any CPU
		{79511343-C888-409F-8FFB-787E3A459F5A}.Debug|Any CPU.Build.0 = Debug|Any CPU
		{79511343-C888-409F-8FFB-787E3A459F5A}.Debug|x64.ActiveCfg = Debug|x64
		{79511343-C888-409F-8FFB-787E3A459F5A}.Debug|x64.Build.0 = Debug|x64
		{79511343-C888-409F-8FFB-787E3A459F5A}.Debug|x86.ActiveCfg = Debug|Any CPU
		{79511343-C888-409F-8FFB-787E3A459F5A}.Debug|x86.Build.0 = Debug|Any CPU
		{79511343-C888-409F-8FFB-787E3A459F5A}.Release|Any CPU.ActiveCfg = Release|Any CPU
		{79511343-C888-409F-8FFB-787E3A459F5A}.Release|Any CPU.Build.0 = Release|Any CPU
		{79511343-C888-409F-8FFB-787E3A459F5A}.Release|x64.ActiveCfg = Release|x64
		{79511343-C888-409F-8FFB-787E3A459F5A}.Release|x64.Build.0 = Release|x64
		{79511343-C888-409F-8FFB-787E3A459F5A}.Release|x86.ActiveCfg = Release|Any CPU
		{79511343-C888-409F-8FFB-787E3A459F5A}.Release|x86.Build.0 = Release|Any CPU
		{31BF49F7-5945-4C68-B634-470F37E24D24}.Debug|Any CPU.ActiveCfg = Debug|Any CPU
		{31BF49F7-5945-4C68-B634-470F37E24D24}.Debug|Any CPU.Build.0 = Debug|Any CPU
		{31BF49F7-5945-4C68-B634-470F37E24D24}.Debug|x64.ActiveCfg = Debug|x64
		{31BF49F7-5945-4C68-B634-470F37E24D24}.Debug|x64.Build.0 = Debug|x64
		{31BF49F7-5945-4C68-B634-470F37E24D24}.Debug|x86.ActiveCfg = Debug|Any CPU
		{31BF49F7-5945-4C68-B634-470F37E24D24}.Debug|x86.Build.0 = Debug|Any CPU
		{31BF49F7-5945-4C68-B634-470F37E24D24}.Release|Any CPU.ActiveCfg = Release|Any CPU
		{31BF49F7-5945-4C68-B634-470F37E24D24}.Release|Any CPU.Build.0 = Release|Any CPU
		{31BF49F7-5945-4C68-B634-470F37E24D24}.Release|x64.ActiveCfg = Release|x64
		{31BF49F7-5945-4C68-B634-470F37E24D24}.Release|x64.Build.0 = Release|x64
		{31BF49F7-5945-4C68-B634-470F37E24D24}.Release|x86.ActiveCfg = Release|Any CPU
		{31BF49F7-5945-4C68-B634-470F37E24D24}.Release|x86.Build.0 = Release|Any CPU
		{51C1AA1F-3104-4438-93EA-9E348F18EAD7}.Debug|Any CPU.ActiveCfg = Debug|Any CPU
		{51C1AA1F-3104-4438-93EA-9E348F18EAD7}.Debug|Any CPU.Build.0 = Debug|Any CPU
		{51C1AA1F-3104-4438-93EA-9E348F18EAD7}.Debug|x64.ActiveCfg = Debug|x64
		{51C1AA1F-3104-4438-93EA-9E348F18EAD7}.Debug|x64.Build.0 = Debug|x64
		{51C1AA1F-3104-4438-93EA-9E348F18EAD7}.Debug|x86.ActiveCfg = Debug|Any CPU
		{51C1AA1F-3104-4438-93EA-9E348F18EAD7}.Debug|x86.Build.0 = Debug|Any CPU
		{51C1AA1F-3104-4438-93EA-9E348F18EAD7}.Release|Any CPU.ActiveCfg = Release|Any CPU
		{51C1AA1F-3104-4438-93EA-9E348F18EAD7}.Release|Any CPU.Build.0 = Release|Any CPU
		{51C1AA1F-3104-4438-93EA-9E348F18EAD7}.Release|x64.ActiveCfg = Release|x64
		{51C1AA1F-3104-4438-93EA-9E348F18EAD7}.Release|x64.Build.0 = Release|x64
		{51C1AA1F-3104-4438-93EA-9E348F18EAD7}.Release|x86.ActiveCfg = Release|Any CPU
		{51C1AA1F-3104-4438-93EA-9E348F18EAD7}.Release|x86.Build.0 = Release|Any CPU
		{0F26292C-8B1B-4CE7-A1B7-D432ED7E492C}.Debug|Any CPU.ActiveCfg = Debug|Any CPU
		{0F26292C-8B1B-4CE7-A1B7-D432ED7E492C}.Debug|Any CPU.Build.0 = Debug|Any CPU
		{0F26292C-8B1B-4CE7-A1B7-D432ED7E492C}.Debug|x64.ActiveCfg = Debug|x64
		{0F26292C-8B1B-4CE7-A1B7-D432ED7E492C}.Debug|x64.Build.0 = Debug|x64
		{0F26292C-8B1B-4CE7-A1B7-D432ED7E492C}.Debug|x86.ActiveCfg = Debug|Any CPU
		{0F26292C-8B1B-4CE7-A1B7-D432ED7E492C}.Debug|x86.Build.0 = Debug|Any CPU
		{0F26292C-8B1B-4CE7-A1B7-D432ED7E492C}.Release|Any CPU.ActiveCfg = Release|Any CPU
		{0F26292C-8B1B-4CE7-A1B7-D432ED7E492C}.Release|Any CPU.Build.0 = Release|Any CPU
		{0F26292C-8B1B-4CE7-A1B7-D432ED7E492C}.Release|x64.ActiveCfg = Release|x64
		{0F26292C-8B1B-4CE7-A1B7-D432ED7E492C}.Release|x64.Build.0 = Release|x64
		{0F26292C-8B1B-4CE7-A1B7-D432ED7E492C}.Release|x86.ActiveCfg = Release|Any CPU
		{0F26292C-8B1B-4CE7-A1B7-D432ED7E492C}.Release|x86.Build.0 = Release|Any CPU
		{8268D4F8-0190-49BA-AC78-294A0DEC314E}.Debug|Any CPU.ActiveCfg = Debug|Any CPU
		{8268D4F8-0190-49BA-AC78-294A0DEC314E}.Debug|Any CPU.Build.0 = Debug|Any CPU
		{8268D4F8-0190-49BA-AC78-294A0DEC314E}.Debug|x64.ActiveCfg = Debug|x64
		{8268D4F8-0190-49BA-AC78-294A0DEC314E}.Debug|x64.Build.0 = Debug|x64
		{8268D4F8-0190-49BA-AC78-294A0DEC314E}.Debug|x86.ActiveCfg = Debug|Any CPU
		{8268D4F8-0190-49BA-AC78-294A0DEC314E}.Debug|x86.Build.0 = Debug|Any CPU
		{8268D4F8-0190-49BA-AC78-294A0DEC314E}.Release|Any CPU.ActiveCfg = Release|Any CPU
		{8268D4F8-0190-49BA-AC78-294A0DEC314E}.Release|Any CPU.Build.0 = Release|Any CPU
		{8268D4F8-0190-49BA-AC78-294A0DEC314E}.Release|x64.ActiveCfg = Release|x64
		{8268D4F8-0190-49BA-AC78-294A0DEC314E}.Release|x64.Build.0 = Release|x64
		{8268D4F8-0190-49BA-AC78-294A0DEC314E}.Release|x86.ActiveCfg = Release|Any CPU
		{8268D4F8-0190-49BA-AC78-294A0DEC314E}.Release|x86.Build.0 = Release|Any CPU
		{3FA13D69-74DE-47C3-B2CC-C4EC61A948E6}.Debug|Any CPU.ActiveCfg = Debug|Any CPU
		{3FA13D69-74DE-47C3-B2CC-C4EC61A948E6}.Debug|Any CPU.Build.0 = Debug|Any CPU
		{3FA13D69-74DE-47C3-B2CC-C4EC61A948E6}.Debug|x64.ActiveCfg = Debug|x64
		{3FA13D69-74DE-47C3-B2CC-C4EC61A948E6}.Debug|x64.Build.0 = Debug|x64
		{3FA13D69-74DE-47C3-B2CC-C4EC61A948E6}.Debug|x86.ActiveCfg = Debug|Any CPU
		{3FA13D69-74DE-47C3-B2CC-C4EC61A948E6}.Debug|x86.Build.0 = Debug|Any CPU
		{3FA13D69-74DE-47C3-B2CC-C4EC61A948E6}.Release|Any CPU.ActiveCfg = Release|Any CPU
		{3FA13D69-74DE-47C3-B2CC-C4EC61A948E6}.Release|Any CPU.Build.0 = Release|Any CPU
		{3FA13D69-74DE-47C3-B2CC-C4EC61A948E6}.Release|x64.ActiveCfg = Release|x64
		{3FA13D69-74DE-47C3-B2CC-C4EC61A948E6}.Release|x64.Build.0 = Release|x64
		{3FA13D69-74DE-47C3-B2CC-C4EC61A948E6}.Release|x86.ActiveCfg = Release|Any CPU
		{3FA13D69-74DE-47C3-B2CC-C4EC61A948E6}.Release|x86.Build.0 = Release|Any CPU
		{2EE7518D-DDF9-414D-A90E-DA7F412F4DB4}.Debug|Any CPU.ActiveCfg = Debug|Any CPU
		{2EE7518D-DDF9-414D-A90E-DA7F412F4DB4}.Debug|Any CPU.Build.0 = Debug|Any CPU
		{2EE7518D-DDF9-414D-A90E-DA7F412F4DB4}.Debug|x64.ActiveCfg = Debug|x64
		{2EE7518D-DDF9-414D-A90E-DA7F412F4DB4}.Debug|x64.Build.0 = Debug|x64
		{2EE7518D-DDF9-414D-A90E-DA7F412F4DB4}.Debug|x86.ActiveCfg = Debug|Any CPU
		{2EE7518D-DDF9-414D-A90E-DA7F412F4DB4}.Debug|x86.Build.0 = Debug|Any CPU
		{2EE7518D-DDF9-414D-A90E-DA7F412F4DB4}.Release|Any CPU.ActiveCfg = Release|Any CPU
		{2EE7518D-DDF9-414D-A90E-DA7F412F4DB4}.Release|Any CPU.Build.0 = Release|Any CPU
		{2EE7518D-DDF9-414D-A90E-DA7F412F4DB4}.Release|x64.ActiveCfg = Release|x64
		{2EE7518D-DDF9-414D-A90E-DA7F412F4DB4}.Release|x64.Build.0 = Release|x64
		{2EE7518D-DDF9-414D-A90E-DA7F412F4DB4}.Release|x86.ActiveCfg = Release|Any CPU
		{2EE7518D-DDF9-414D-A90E-DA7F412F4DB4}.Release|x86.Build.0 = Release|Any CPU
		{27E40318-3299-4A1E-A201-0161430E350B}.Debug|Any CPU.ActiveCfg = Debug|Any CPU
		{27E40318-3299-4A1E-A201-0161430E350B}.Debug|Any CPU.Build.0 = Debug|Any CPU
		{27E40318-3299-4A1E-A201-0161430E350B}.Debug|x64.ActiveCfg = Debug|x64
		{27E40318-3299-4A1E-A201-0161430E350B}.Debug|x64.Build.0 = Debug|x64
		{27E40318-3299-4A1E-A201-0161430E350B}.Debug|x86.ActiveCfg = Debug|Any CPU
		{27E40318-3299-4A1E-A201-0161430E350B}.Debug|x86.Build.0 = Debug|Any CPU
		{27E40318-3299-4A1E-A201-0161430E350B}.Release|Any CPU.ActiveCfg = Release|Any CPU
		{27E40318-3299-4A1E-A201-0161430E350B}.Release|Any CPU.Build.0 = Release|Any CPU
		{27E40318-3299-4A1E-A201-0161430E350B}.Release|x64.ActiveCfg = Release|x64
		{27E40318-3299-4A1E-A201-0161430E350B}.Release|x64.Build.0 = Release|x64
		{27E40318-3299-4A1E-A201-0161430E350B}.Release|x86.ActiveCfg = Release|Any CPU
		{27E40318-3299-4A1E-A201-0161430E350B}.Release|x86.Build.0 = Release|Any CPU
		{9731F2F4-3D6D-481F-A97A-70EB58B78B3B}.Debug|Any CPU.ActiveCfg = Debug|Any CPU
		{9731F2F4-3D6D-481F-A97A-70EB58B78B3B}.Debug|Any CPU.Build.0 = Debug|Any CPU
		{9731F2F4-3D6D-481F-A97A-70EB58B78B3B}.Debug|x64.ActiveCfg = Debug|x64
		{9731F2F4-3D6D-481F-A97A-70EB58B78B3B}.Debug|x64.Build.0 = Debug|x64
		{9731F2F4-3D6D-481F-A97A-70EB58B78B3B}.Debug|x86.ActiveCfg = Debug|Any CPU
		{9731F2F4-3D6D-481F-A97A-70EB58B78B3B}.Debug|x86.Build.0 = Debug|Any CPU
		{9731F2F4-3D6D-481F-A97A-70EB58B78B3B}.Release|Any CPU.ActiveCfg = Release|Any CPU
		{9731F2F4-3D6D-481F-A97A-70EB58B78B3B}.Release|Any CPU.Build.0 = Release|Any CPU
		{9731F2F4-3D6D-481F-A97A-70EB58B78B3B}.Release|x64.ActiveCfg = Release|x64
		{9731F2F4-3D6D-481F-A97A-70EB58B78B3B}.Release|x64.Build.0 = Release|x64
		{9731F2F4-3D6D-481F-A97A-70EB58B78B3B}.Release|x86.ActiveCfg = Release|Any CPU
		{9731F2F4-3D6D-481F-A97A-70EB58B78B3B}.Release|x86.Build.0 = Release|Any CPU
		{2CE8B267-3F1C-41F7-91D7-2ADE42ED5611}.Debug|Any CPU.ActiveCfg = Debug|Any CPU
		{2CE8B267-3F1C-41F7-91D7-2ADE42ED5611}.Debug|Any CPU.Build.0 = Debug|Any CPU
		{2CE8B267-3F1C-41F7-91D7-2ADE42ED5611}.Debug|x64.ActiveCfg = Debug|x64
		{2CE8B267-3F1C-41F7-91D7-2ADE42ED5611}.Debug|x64.Build.0 = Debug|x64
		{2CE8B267-3F1C-41F7-91D7-2ADE42ED5611}.Debug|x86.ActiveCfg = Debug|Any CPU
		{2CE8B267-3F1C-41F7-91D7-2ADE42ED5611}.Debug|x86.Build.0 = Debug|Any CPU
		{2CE8B267-3F1C-41F7-91D7-2ADE42ED5611}.Release|Any CPU.ActiveCfg = Release|Any CPU
		{2CE8B267-3F1C-41F7-91D7-2ADE42ED5611}.Release|Any CPU.Build.0 = Release|Any CPU
		{2CE8B267-3F1C-41F7-91D7-2ADE42ED5611}.Release|x64.ActiveCfg = Release|x64
		{2CE8B267-3F1C-41F7-91D7-2ADE42ED5611}.Release|x64.Build.0 = Release|x64
		{2CE8B267-3F1C-41F7-91D7-2ADE42ED5611}.Release|x86.ActiveCfg = Release|Any CPU
		{2CE8B267-3F1C-41F7-91D7-2ADE42ED5611}.Release|x86.Build.0 = Release|Any CPU
		{1388C2DD-BD93-463F-9D99-599D7967725F}.Debug|Any CPU.ActiveCfg = Debug|Any CPU
		{1388C2DD-BD93-463F-9D99-599D7967725F}.Debug|Any CPU.Build.0 = Debug|Any CPU
		{1388C2DD-BD93-463F-9D99-599D7967725F}.Debug|x64.ActiveCfg = Debug|x64
		{1388C2DD-BD93-463F-9D99-599D7967725F}.Debug|x64.Build.0 = Debug|x64
		{1388C2DD-BD93-463F-9D99-599D7967725F}.Debug|x86.ActiveCfg = Debug|Any CPU
		{1388C2DD-BD93-463F-9D99-599D7967725F}.Debug|x86.Build.0 = Debug|Any CPU
		{1388C2DD-BD93-463F-9D99-599D7967725F}.Release|Any CPU.ActiveCfg = Release|Any CPU
		{1388C2DD-BD93-463F-9D99-599D7967725F}.Release|Any CPU.Build.0 = Release|Any CPU
		{1388C2DD-BD93-463F-9D99-599D7967725F}.Release|x64.ActiveCfg = Release|x64
		{1388C2DD-BD93-463F-9D99-599D7967725F}.Release|x64.Build.0 = Release|x64
		{1388C2DD-BD93-463F-9D99-599D7967725F}.Release|x86.ActiveCfg = Release|Any CPU
		{1388C2DD-BD93-463F-9D99-599D7967725F}.Release|x86.Build.0 = Release|Any CPU
		{03F82B97-71C5-4E00-AA9E-54DC604089C0}.Debug|Any CPU.ActiveCfg = Debug|Any CPU
		{03F82B97-71C5-4E00-AA9E-54DC604089C0}.Debug|Any CPU.Build.0 = Debug|Any CPU
		{03F82B97-71C5-4E00-AA9E-54DC604089C0}.Debug|x64.ActiveCfg = Debug|Any CPU
		{03F82B97-71C5-4E00-AA9E-54DC604089C0}.Debug|x64.Build.0 = Debug|Any CPU
		{03F82B97-71C5-4E00-AA9E-54DC604089C0}.Debug|x86.ActiveCfg = Debug|Any CPU
		{03F82B97-71C5-4E00-AA9E-54DC604089C0}.Debug|x86.Build.0 = Debug|Any CPU
		{03F82B97-71C5-4E00-AA9E-54DC604089C0}.Release|Any CPU.ActiveCfg = Release|Any CPU
		{03F82B97-71C5-4E00-AA9E-54DC604089C0}.Release|Any CPU.Build.0 = Release|Any CPU
		{03F82B97-71C5-4E00-AA9E-54DC604089C0}.Release|x64.ActiveCfg = Release|Any CPU
		{03F82B97-71C5-4E00-AA9E-54DC604089C0}.Release|x64.Build.0 = Release|Any CPU
		{03F82B97-71C5-4E00-AA9E-54DC604089C0}.Release|x86.ActiveCfg = Release|Any CPU
		{03F82B97-71C5-4E00-AA9E-54DC604089C0}.Release|x86.Build.0 = Release|Any CPU
		{984DA709-BD0D-4D8D-85BC-F377C6E3F360}.Debug|Any CPU.ActiveCfg = Debug|Any CPU
		{984DA709-BD0D-4D8D-85BC-F377C6E3F360}.Debug|Any CPU.Build.0 = Debug|Any CPU
		{984DA709-BD0D-4D8D-85BC-F377C6E3F360}.Debug|x64.ActiveCfg = Debug|Any CPU
		{984DA709-BD0D-4D8D-85BC-F377C6E3F360}.Debug|x64.Build.0 = Debug|Any CPU
		{984DA709-BD0D-4D8D-85BC-F377C6E3F360}.Debug|x86.ActiveCfg = Debug|Any CPU
		{984DA709-BD0D-4D8D-85BC-F377C6E3F360}.Debug|x86.Build.0 = Debug|Any CPU
		{984DA709-BD0D-4D8D-85BC-F377C6E3F360}.Release|Any CPU.ActiveCfg = Release|Any CPU
		{984DA709-BD0D-4D8D-85BC-F377C6E3F360}.Release|Any CPU.Build.0 = Release|Any CPU
		{984DA709-BD0D-4D8D-85BC-F377C6E3F360}.Release|x64.ActiveCfg = Release|Any CPU
		{984DA709-BD0D-4D8D-85BC-F377C6E3F360}.Release|x64.Build.0 = Release|Any CPU
		{984DA709-BD0D-4D8D-85BC-F377C6E3F360}.Release|x86.ActiveCfg = Release|Any CPU
		{984DA709-BD0D-4D8D-85BC-F377C6E3F360}.Release|x86.Build.0 = Release|Any CPU
		{5973F987-103A-455D-A5E3-C7429906657A}.Debug|Any CPU.ActiveCfg = Debug|Any CPU
		{5973F987-103A-455D-A5E3-C7429906657A}.Debug|Any CPU.Build.0 = Debug|Any CPU
		{5973F987-103A-455D-A5E3-C7429906657A}.Debug|x64.ActiveCfg = Debug|Any CPU
		{5973F987-103A-455D-A5E3-C7429906657A}.Debug|x64.Build.0 = Debug|Any CPU
		{5973F987-103A-455D-A5E3-C7429906657A}.Debug|x86.ActiveCfg = Debug|x86
		{5973F987-103A-455D-A5E3-C7429906657A}.Debug|x86.Build.0 = Debug|x86
		{5973F987-103A-455D-A5E3-C7429906657A}.Release|Any CPU.ActiveCfg = Release|Any CPU
		{5973F987-103A-455D-A5E3-C7429906657A}.Release|Any CPU.Build.0 = Release|Any CPU
		{5973F987-103A-455D-A5E3-C7429906657A}.Release|x64.ActiveCfg = Release|Any CPU
		{5973F987-103A-455D-A5E3-C7429906657A}.Release|x64.Build.0 = Release|Any CPU
		{5973F987-103A-455D-A5E3-C7429906657A}.Release|x86.ActiveCfg = Release|x86
		{5973F987-103A-455D-A5E3-C7429906657A}.Release|x86.Build.0 = Release|x86
		{A5F69B63-170B-4703-873A-8855817AD252}.Debug|Any CPU.ActiveCfg = Debug|Any CPU
		{A5F69B63-170B-4703-873A-8855817AD252}.Debug|Any CPU.Build.0 = Debug|Any CPU
		{A5F69B63-170B-4703-873A-8855817AD252}.Debug|x64.ActiveCfg = Debug|Any CPU
		{A5F69B63-170B-4703-873A-8855817AD252}.Debug|x64.Build.0 = Debug|Any CPU
		{A5F69B63-170B-4703-873A-8855817AD252}.Debug|x86.ActiveCfg = Debug|Any CPU
		{A5F69B63-170B-4703-873A-8855817AD252}.Debug|x86.Build.0 = Debug|Any CPU
		{A5F69B63-170B-4703-873A-8855817AD252}.Release|Any CPU.ActiveCfg = Release|Any CPU
		{A5F69B63-170B-4703-873A-8855817AD252}.Release|Any CPU.Build.0 = Release|Any CPU
		{A5F69B63-170B-4703-873A-8855817AD252}.Release|x64.ActiveCfg = Release|Any CPU
		{A5F69B63-170B-4703-873A-8855817AD252}.Release|x64.Build.0 = Release|Any CPU
		{A5F69B63-170B-4703-873A-8855817AD252}.Release|x86.ActiveCfg = Release|Any CPU
		{A5F69B63-170B-4703-873A-8855817AD252}.Release|x86.Build.0 = Release|Any CPU
		{7859DB5A-22A2-44A4-A4E8-4F341C8D3E4E}.Debug|Any CPU.ActiveCfg = Debug|Any CPU
		{7859DB5A-22A2-44A4-A4E8-4F341C8D3E4E}.Debug|Any CPU.Build.0 = Debug|Any CPU
		{7859DB5A-22A2-44A4-A4E8-4F341C8D3E4E}.Debug|x64.ActiveCfg = Debug|Any CPU
		{7859DB5A-22A2-44A4-A4E8-4F341C8D3E4E}.Debug|x64.Build.0 = Debug|Any CPU
		{7859DB5A-22A2-44A4-A4E8-4F341C8D3E4E}.Debug|x86.ActiveCfg = Debug|Any CPU
		{7859DB5A-22A2-44A4-A4E8-4F341C8D3E4E}.Debug|x86.Build.0 = Debug|Any CPU
		{7859DB5A-22A2-44A4-A4E8-4F341C8D3E4E}.Release|Any CPU.ActiveCfg = Release|Any CPU
		{7859DB5A-22A2-44A4-A4E8-4F341C8D3E4E}.Release|Any CPU.Build.0 = Release|Any CPU
		{7859DB5A-22A2-44A4-A4E8-4F341C8D3E4E}.Release|x64.ActiveCfg = Release|Any CPU
		{7859DB5A-22A2-44A4-A4E8-4F341C8D3E4E}.Release|x64.Build.0 = Release|Any CPU
		{7859DB5A-22A2-44A4-A4E8-4F341C8D3E4E}.Release|x86.ActiveCfg = Release|Any CPU
		{7859DB5A-22A2-44A4-A4E8-4F341C8D3E4E}.Release|x86.Build.0 = Release|Any CPU
		{AB204B9C-C58F-4567-A9BD-46A78A6D49BA}.Debug|Any CPU.ActiveCfg = Debug|x86
		{AB204B9C-C58F-4567-A9BD-46A78A6D49BA}.Debug|Any CPU.Build.0 = Debug|x86
		{AB204B9C-C58F-4567-A9BD-46A78A6D49BA}.Debug|x64.ActiveCfg = Debug|x86
		{AB204B9C-C58F-4567-A9BD-46A78A6D49BA}.Debug|x64.Build.0 = Debug|x86
		{AB204B9C-C58F-4567-A9BD-46A78A6D49BA}.Debug|x86.ActiveCfg = Debug|x86
		{AB204B9C-C58F-4567-A9BD-46A78A6D49BA}.Debug|x86.Build.0 = Debug|x86
		{AB204B9C-C58F-4567-A9BD-46A78A6D49BA}.Release|Any CPU.ActiveCfg = Release|x86
		{AB204B9C-C58F-4567-A9BD-46A78A6D49BA}.Release|Any CPU.Build.0 = Release|x86
		{AB204B9C-C58F-4567-A9BD-46A78A6D49BA}.Release|x64.ActiveCfg = Release|x86
		{AB204B9C-C58F-4567-A9BD-46A78A6D49BA}.Release|x64.Build.0 = Release|x86
		{AB204B9C-C58F-4567-A9BD-46A78A6D49BA}.Release|x86.ActiveCfg = Release|x86
		{AB204B9C-C58F-4567-A9BD-46A78A6D49BA}.Release|x86.Build.0 = Release|x86
		{919F5A7B-33F0-407C-8606-58BAC4971D0E}.Debug|Any CPU.ActiveCfg = Debug|Any CPU
		{919F5A7B-33F0-407C-8606-58BAC4971D0E}.Debug|Any CPU.Build.0 = Debug|Any CPU
		{919F5A7B-33F0-407C-8606-58BAC4971D0E}.Debug|x64.ActiveCfg = Debug|x64
		{919F5A7B-33F0-407C-8606-58BAC4971D0E}.Debug|x64.Build.0 = Debug|x64
		{919F5A7B-33F0-407C-8606-58BAC4971D0E}.Debug|x86.ActiveCfg = Debug|Any CPU
		{919F5A7B-33F0-407C-8606-58BAC4971D0E}.Debug|x86.Build.0 = Debug|Any CPU
		{919F5A7B-33F0-407C-8606-58BAC4971D0E}.Release|Any CPU.ActiveCfg = Release|Any CPU
		{919F5A7B-33F0-407C-8606-58BAC4971D0E}.Release|Any CPU.Build.0 = Release|Any CPU
		{919F5A7B-33F0-407C-8606-58BAC4971D0E}.Release|x64.ActiveCfg = Release|x64
		{919F5A7B-33F0-407C-8606-58BAC4971D0E}.Release|x64.Build.0 = Release|x64
		{919F5A7B-33F0-407C-8606-58BAC4971D0E}.Release|x86.ActiveCfg = Release|Any CPU
		{919F5A7B-33F0-407C-8606-58BAC4971D0E}.Release|x86.Build.0 = Release|Any CPU
		{AAD26C56-6784-406F-B6DB-26E5526A270D}.Debug|Any CPU.ActiveCfg = Debug|Any CPU
		{AAD26C56-6784-406F-B6DB-26E5526A270D}.Debug|Any CPU.Build.0 = Debug|Any CPU
		{AAD26C56-6784-406F-B6DB-26E5526A270D}.Debug|x64.ActiveCfg = Debug|Any CPU
		{AAD26C56-6784-406F-B6DB-26E5526A270D}.Debug|x64.Build.0 = Debug|Any CPU
		{AAD26C56-6784-406F-B6DB-26E5526A270D}.Debug|x86.ActiveCfg = Debug|Any CPU
		{AAD26C56-6784-406F-B6DB-26E5526A270D}.Debug|x86.Build.0 = Debug|Any CPU
		{AAD26C56-6784-406F-B6DB-26E5526A270D}.Release|Any CPU.ActiveCfg = Release|Any CPU
		{AAD26C56-6784-406F-B6DB-26E5526A270D}.Release|Any CPU.Build.0 = Release|Any CPU
		{AAD26C56-6784-406F-B6DB-26E5526A270D}.Release|x64.ActiveCfg = Release|Any CPU
		{AAD26C56-6784-406F-B6DB-26E5526A270D}.Release|x64.Build.0 = Release|Any CPU
		{AAD26C56-6784-406F-B6DB-26E5526A270D}.Release|x86.ActiveCfg = Release|Any CPU
		{AAD26C56-6784-406F-B6DB-26E5526A270D}.Release|x86.Build.0 = Release|Any CPU
		{2A3AF48B-DC5B-4359-B056-3605631440F5}.Debug|Any CPU.ActiveCfg = Debug|Any CPU
		{2A3AF48B-DC5B-4359-B056-3605631440F5}.Debug|Any CPU.Build.0 = Debug|Any CPU
		{2A3AF48B-DC5B-4359-B056-3605631440F5}.Debug|x64.ActiveCfg = Debug|Any CPU
		{2A3AF48B-DC5B-4359-B056-3605631440F5}.Debug|x64.Build.0 = Debug|Any CPU
		{2A3AF48B-DC5B-4359-B056-3605631440F5}.Debug|x86.ActiveCfg = Debug|Any CPU
		{2A3AF48B-DC5B-4359-B056-3605631440F5}.Debug|x86.Build.0 = Debug|Any CPU
		{2A3AF48B-DC5B-4359-B056-3605631440F5}.Release|Any CPU.ActiveCfg = Release|Any CPU
		{2A3AF48B-DC5B-4359-B056-3605631440F5}.Release|Any CPU.Build.0 = Release|Any CPU
		{2A3AF48B-DC5B-4359-B056-3605631440F5}.Release|x64.ActiveCfg = Release|Any CPU
		{2A3AF48B-DC5B-4359-B056-3605631440F5}.Release|x64.Build.0 = Release|Any CPU
		{2A3AF48B-DC5B-4359-B056-3605631440F5}.Release|x86.ActiveCfg = Release|Any CPU
		{2A3AF48B-DC5B-4359-B056-3605631440F5}.Release|x86.Build.0 = Release|Any CPU
		{DB1E89F9-DA50-4C3A-ADCB-E2DF03C71D80}.Debug|Any CPU.ActiveCfg = Debug|Any CPU
		{DB1E89F9-DA50-4C3A-ADCB-E2DF03C71D80}.Debug|Any CPU.Build.0 = Debug|Any CPU
		{DB1E89F9-DA50-4C3A-ADCB-E2DF03C71D80}.Debug|x64.ActiveCfg = Debug|Any CPU
		{DB1E89F9-DA50-4C3A-ADCB-E2DF03C71D80}.Debug|x64.Build.0 = Debug|Any CPU
		{DB1E89F9-DA50-4C3A-ADCB-E2DF03C71D80}.Debug|x86.ActiveCfg = Debug|Any CPU
		{DB1E89F9-DA50-4C3A-ADCB-E2DF03C71D80}.Debug|x86.Build.0 = Debug|Any CPU
		{DB1E89F9-DA50-4C3A-ADCB-E2DF03C71D80}.Release|Any CPU.ActiveCfg = Release|Any CPU
		{DB1E89F9-DA50-4C3A-ADCB-E2DF03C71D80}.Release|Any CPU.Build.0 = Release|Any CPU
		{DB1E89F9-DA50-4C3A-ADCB-E2DF03C71D80}.Release|x64.ActiveCfg = Release|Any CPU
		{DB1E89F9-DA50-4C3A-ADCB-E2DF03C71D80}.Release|x64.Build.0 = Release|Any CPU
		{DB1E89F9-DA50-4C3A-ADCB-E2DF03C71D80}.Release|x86.ActiveCfg = Release|Any CPU
		{DB1E89F9-DA50-4C3A-ADCB-E2DF03C71D80}.Release|x86.Build.0 = Release|Any CPU
		{A2EF44CD-8CD2-4AE2-8D7E-A191AF6A07C9}.Debug|Any CPU.ActiveCfg = Debug|Any CPU
		{A2EF44CD-8CD2-4AE2-8D7E-A191AF6A07C9}.Debug|Any CPU.Build.0 = Debug|Any CPU
		{A2EF44CD-8CD2-4AE2-8D7E-A191AF6A07C9}.Debug|x64.ActiveCfg = Debug|Any CPU
		{A2EF44CD-8CD2-4AE2-8D7E-A191AF6A07C9}.Debug|x64.Build.0 = Debug|Any CPU
		{A2EF44CD-8CD2-4AE2-8D7E-A191AF6A07C9}.Debug|x86.ActiveCfg = Debug|Any CPU
		{A2EF44CD-8CD2-4AE2-8D7E-A191AF6A07C9}.Debug|x86.Build.0 = Debug|Any CPU
		{A2EF44CD-8CD2-4AE2-8D7E-A191AF6A07C9}.Release|Any CPU.ActiveCfg = Release|Any CPU
		{A2EF44CD-8CD2-4AE2-8D7E-A191AF6A07C9}.Release|Any CPU.Build.0 = Release|Any CPU
		{A2EF44CD-8CD2-4AE2-8D7E-A191AF6A07C9}.Release|x64.ActiveCfg = Release|Any CPU
		{A2EF44CD-8CD2-4AE2-8D7E-A191AF6A07C9}.Release|x64.Build.0 = Release|Any CPU
		{A2EF44CD-8CD2-4AE2-8D7E-A191AF6A07C9}.Release|x86.ActiveCfg = Release|Any CPU
		{A2EF44CD-8CD2-4AE2-8D7E-A191AF6A07C9}.Release|x86.Build.0 = Release|Any CPU
		{56738D2C-7E81-4E61-ADD4-0E1F91E539A9}.Debug|Any CPU.ActiveCfg = Debug|Any CPU
		{56738D2C-7E81-4E61-ADD4-0E1F91E539A9}.Debug|Any CPU.Build.0 = Debug|Any CPU
		{56738D2C-7E81-4E61-ADD4-0E1F91E539A9}.Debug|x64.ActiveCfg = Debug|Any CPU
		{56738D2C-7E81-4E61-ADD4-0E1F91E539A9}.Debug|x64.Build.0 = Debug|Any CPU
		{56738D2C-7E81-4E61-ADD4-0E1F91E539A9}.Debug|x86.ActiveCfg = Debug|Any CPU
		{56738D2C-7E81-4E61-ADD4-0E1F91E539A9}.Debug|x86.Build.0 = Debug|Any CPU
		{56738D2C-7E81-4E61-ADD4-0E1F91E539A9}.Release|Any CPU.ActiveCfg = Release|Any CPU
		{56738D2C-7E81-4E61-ADD4-0E1F91E539A9}.Release|Any CPU.Build.0 = Release|Any CPU
		{56738D2C-7E81-4E61-ADD4-0E1F91E539A9}.Release|x64.ActiveCfg = Release|Any CPU
		{56738D2C-7E81-4E61-ADD4-0E1F91E539A9}.Release|x64.Build.0 = Release|Any CPU
		{56738D2C-7E81-4E61-ADD4-0E1F91E539A9}.Release|x86.ActiveCfg = Release|Any CPU
		{56738D2C-7E81-4E61-ADD4-0E1F91E539A9}.Release|x86.Build.0 = Release|Any CPU
		{99E4F265-9C8D-44A0-B5F3-F05D9AA54487}.Debug|Any CPU.ActiveCfg = Debug|Any CPU
		{99E4F265-9C8D-44A0-B5F3-F05D9AA54487}.Debug|Any CPU.Build.0 = Debug|Any CPU
		{99E4F265-9C8D-44A0-B5F3-F05D9AA54487}.Debug|x64.ActiveCfg = Debug|Any CPU
		{99E4F265-9C8D-44A0-B5F3-F05D9AA54487}.Debug|x64.Build.0 = Debug|Any CPU
		{99E4F265-9C8D-44A0-B5F3-F05D9AA54487}.Debug|x86.ActiveCfg = Debug|Any CPU
		{99E4F265-9C8D-44A0-B5F3-F05D9AA54487}.Debug|x86.Build.0 = Debug|Any CPU
		{99E4F265-9C8D-44A0-B5F3-F05D9AA54487}.Release|Any CPU.ActiveCfg = Release|Any CPU
		{99E4F265-9C8D-44A0-B5F3-F05D9AA54487}.Release|Any CPU.Build.0 = Release|Any CPU
		{99E4F265-9C8D-44A0-B5F3-F05D9AA54487}.Release|x64.ActiveCfg = Release|Any CPU
		{99E4F265-9C8D-44A0-B5F3-F05D9AA54487}.Release|x64.Build.0 = Release|Any CPU
		{99E4F265-9C8D-44A0-B5F3-F05D9AA54487}.Release|x86.ActiveCfg = Release|Any CPU
		{99E4F265-9C8D-44A0-B5F3-F05D9AA54487}.Release|x86.Build.0 = Release|Any CPU
	EndGlobalSection
	GlobalSection(SolutionProperties) = preSolution
		HideSolutionNode = FALSE
	EndGlobalSection
	GlobalSection(NestedProjects) = preSolution
		{7433D1A9-AB41-4BFD-A6E8-3B2FEB0F46E5} = {94C4EB53-BC8E-45A4-9ACA-B8A2CE45E497}
		{E92E8921-572E-437B-B288-C508B153EF3B} = {94C4EB53-BC8E-45A4-9ACA-B8A2CE45E497}
		{F5635B3B-1E4F-448E-861F-43305D58C8D1} = {94C4EB53-BC8E-45A4-9ACA-B8A2CE45E497}
		{F93145FD-2BD5-44AE-8FB5-4597B5AD1D33} = {94C4EB53-BC8E-45A4-9ACA-B8A2CE45E497}
		{91A97E4B-FC8E-44C1-B0BF-4F91EE4BAE27} = {94C4EB53-BC8E-45A4-9ACA-B8A2CE45E497}
		{62CCE789-EEFE-4AA7-8C79-3154FCD1FA9D} = {91A97E4B-FC8E-44C1-B0BF-4F91EE4BAE27}
		{24D3D99E-E4F5-4531-967C-746566307077} = {91A97E4B-FC8E-44C1-B0BF-4F91EE4BAE27}
		{D017AF5F-AF6D-4D1A-B1D0-0D27E4DF5B51} = {91A97E4B-FC8E-44C1-B0BF-4F91EE4BAE27}
		{6244AF63-32F6-44CD-B2F0-5FED7B98E55F} = {91A97E4B-FC8E-44C1-B0BF-4F91EE4BAE27}
		{99B4E0CC-5595-4C51-A559-E619439802C9} = {604FDA3A-86DD-467C-BC95-F5E9A4A44F3F}
		{DFCE3BBB-986A-4655-B0F3-1BD2C3132623} = {604FDA3A-86DD-467C-BC95-F5E9A4A44F3F}
		{EC65F24D-2649-49D5-A96B-CE4D7F94262D} = {604FDA3A-86DD-467C-BC95-F5E9A4A44F3F}
		{4ACDED65-38C5-4734-AF9B-21C2A5D14E3B} = {604FDA3A-86DD-467C-BC95-F5E9A4A44F3F}
		{451B4CB0-8AA8-4BB6-B20B-1813D3148119} = {604FDA3A-86DD-467C-BC95-F5E9A4A44F3F}
		{8C23E252-17B8-4ECC-9AF3-2EA30A2DF9CD} = {D80C6DD5-DC97-4ED3-AD04-052B54F6F35F}
		{1FA7C648-CEB6-487D-AEE7-67922AF5CA52} = {604FDA3A-86DD-467C-BC95-F5E9A4A44F3F}
		{75EA4756-B7A3-4F1D-B034-AC6D1E6D98E6} = {F20FF1E7-9D46-4912-B830-EF82E287B995}
		{734BDB45-B45E-43FB-9EC3-21BD562AE82C} = {CC895F84-6AE9-4AE0-8DA4-21AAA3FE9811}
		{79511343-C888-409F-8FFB-787E3A459F5A} = {F20FF1E7-9D46-4912-B830-EF82E287B995}
		{31BF49F7-5945-4C68-B634-470F37E24D24} = {CC895F84-6AE9-4AE0-8DA4-21AAA3FE9811}
		{51C1AA1F-3104-4438-93EA-9E348F18EAD7} = {7E4603B5-852C-4551-832C-46EA9E7D3ECE}
		{0F26292C-8B1B-4CE7-A1B7-D432ED7E492C} = {F20FF1E7-9D46-4912-B830-EF82E287B995}
		{8268D4F8-0190-49BA-AC78-294A0DEC314E} = {CC895F84-6AE9-4AE0-8DA4-21AAA3FE9811}
		{3FA13D69-74DE-47C3-B2CC-C4EC61A948E6} = {F20FF1E7-9D46-4912-B830-EF82E287B995}
		{2EE7518D-DDF9-414D-A90E-DA7F412F4DB4} = {CC895F84-6AE9-4AE0-8DA4-21AAA3FE9811}
		{27E40318-3299-4A1E-A201-0161430E350B} = {7E4603B5-852C-4551-832C-46EA9E7D3ECE}
		{9731F2F4-3D6D-481F-A97A-70EB58B78B3B} = {D80C6DD5-DC97-4ED3-AD04-052B54F6F35F}
		{2CE8B267-3F1C-41F7-91D7-2ADE42ED5611} = {604FDA3A-86DD-467C-BC95-F5E9A4A44F3F}
		{1388C2DD-BD93-463F-9D99-599D7967725F} = {D80C6DD5-DC97-4ED3-AD04-052B54F6F35F}
		{03F82B97-71C5-4E00-AA9E-54DC604089C0} = {604FDA3A-86DD-467C-BC95-F5E9A4A44F3F}
		{984DA709-BD0D-4D8D-85BC-F377C6E3F360} = {604FDA3A-86DD-467C-BC95-F5E9A4A44F3F}
		{5973F987-103A-455D-A5E3-C7429906657A} = {604FDA3A-86DD-467C-BC95-F5E9A4A44F3F}
		{A5F69B63-170B-4703-873A-8855817AD252} = {CC895F84-6AE9-4AE0-8DA4-21AAA3FE9811}
		{7859DB5A-22A2-44A4-A4E8-4F341C8D3E4E} = {7E4603B5-852C-4551-832C-46EA9E7D3ECE}
		{AB204B9C-C58F-4567-A9BD-46A78A6D49BA} = {F20FF1E7-9D46-4912-B830-EF82E287B995}
		{919F5A7B-33F0-407C-8606-58BAC4971D0E} = {604FDA3A-86DD-467C-BC95-F5E9A4A44F3F}
		{AAD26C56-6784-406F-B6DB-26E5526A270D} = {604FDA3A-86DD-467C-BC95-F5E9A4A44F3F}
		{2A3AF48B-DC5B-4359-B056-3605631440F5} = {7E4603B5-852C-4551-832C-46EA9E7D3ECE}
		{DB1E89F9-DA50-4C3A-ADCB-E2DF03C71D80} = {CC895F84-6AE9-4AE0-8DA4-21AAA3FE9811}
		{A2EF44CD-8CD2-4AE2-8D7E-A191AF6A07C9} = {7E4603B5-852C-4551-832C-46EA9E7D3ECE}
		{56738D2C-7E81-4E61-ADD4-0E1F91E539A9} = {CC895F84-6AE9-4AE0-8DA4-21AAA3FE9811}
		{99E4F265-9C8D-44A0-B5F3-F05D9AA54487} = {CC895F84-6AE9-4AE0-8DA4-21AAA3FE9811}
	EndGlobalSection
	GlobalSection(ExtensibilityGlobals) = postSolution
		VisualSVNWorkingCopyRoot = .
		SolutionGuid = {BAF483B4-517E-4CBD-90A7-3F3FC76B238D}
	EndGlobalSection
EndGlobal
