
Microsoft Visual Studio Solution File, Format Version 12.00
# Visual Studio Version 17
VisualStudioVersion = 17.0.31521.260
MinimumVisualStudioVersion = 10.0.40219.1
Project("{FAE04EC0-301F-11D3-BF4B-00C04F79EFBC}") = "ScalesUI2", "ScalesUI2\ScalesUI2.csproj", "{0F26292C-8B1B-4CE7-A1B7-D432ED7E492C}"
EndProject
Project("{FAE04EC0-301F-11D3-BF4B-00C04F79EFBC}") = "SsccWebAPI", "SsccWebAPI\SsccWebAPI.csproj", "{40F82761-D45D-4923-A7F0-DF47A5C3DD90}"
EndProject
Project("{2150E333-8FDC-42A3-9474-1A3956D46DE8}") = "Resources", "Resources", "{94C4EB53-BC8E-45A4-9ACA-B8A2CE45E497}"
EndProject
Project("{2150E333-8FDC-42A3-9474-1A3956D46DE8}") = "Icons", "Icons", "{7433D1A9-AB41-4BFD-A6E8-3B2FEB0F46E5}"
	ProjectSection(SolutionItems) = preProject
		Resources\Icons\exit_1.png = Resources\Icons\exit_1.png
		Resources\Icons\exit_2.png = Resources\Icons\exit_2.png
		Resources\Icons\ScalesUI.ico = Resources\Icons\ScalesUI.ico
		Resources\Icons\settings_1.png = Resources\Icons\settings_1.png
		Resources\Icons\settings_2.png = Resources\Icons\settings_2.png
	EndProjectSection
EndProject
Project("{2150E333-8FDC-42A3-9474-1A3956D46DE8}") = "Gif", "Gif", "{E92E8921-572E-437B-B288-C508B153EF3B}"
	ProjectSection(SolutionItems) = preProject
		Resources\Gif\scales_1.gif = Resources\Gif\scales_1.gif
		Resources\Gif\scales_2.gif = Resources\Gif\scales_2.gif
	EndProjectSection
EndProject
Project("{2150E333-8FDC-42A3-9474-1A3956D46DE8}") = "Fonts", "Fonts", "{F5635B3B-1E4F-448E-861F-43305D58C8D1}"
	ProjectSection(SolutionItems) = preProject
		Resources\Fonts\arial.ttf = Resources\Fonts\arial.ttf
		Resources\Fonts\arialbd.ttf = Resources\Fonts\arialbd.ttf
		Resources\Fonts\arialbi.ttf = Resources\Fonts\arialbi.ttf
		Resources\Fonts\ariali.ttf = Resources\Fonts\ariali.ttf
		Resources\Fonts\cour.ttf = Resources\Fonts\cour.ttf
		Resources\Fonts\courbd.ttf = Resources\Fonts\courbd.ttf
		Resources\Fonts\courbi.ttf = Resources\Fonts\courbi.ttf
		Resources\Fonts\couri.ttf = Resources\Fonts\couri.ttf
	EndProjectSection
EndProject
Project("{2150E333-8FDC-42A3-9474-1A3956D46DE8}") = "Templates", "Templates", "{F93145FD-2BD5-44AE-8FB5-4597B5AD1D33}"
	ProjectSection(SolutionItems) = preProject
		Resources\Templates\Convert XML to TXT simple.xsl = Resources\Templates\Convert XML to TXT simple.xsl
		Resources\Templates\styledata.xml = Resources\Templates\styledata.xml
		Resources\Templates\Template80x100unit.xml = Resources\Templates\Template80x100unit.xml
		Resources\Templates\Template90x60unit.xml = Resources\Templates\Template90x60unit.xml
		Resources\Templates\WeighingFactEntityObject1.xml = Resources\Templates\WeighingFactEntityObject1.xml
		Resources\Templates\~Template80x100unit.xml = Resources\Templates\~Template80x100unit.xml
		Resources\Templates\~Template90x60unit.xml = Resources\Templates\~Template90x60unit.xml
	EndProjectSection
EndProject
Project("{2150E333-8FDC-42A3-9474-1A3956D46DE8}") = "Images", "Images", "{91A97E4B-FC8E-44C1-B0BF-4F91EE4BAE27}"
	ProjectSection(SolutionItems) = preProject
		Resources\Images\EAC 6x6.bmp = Resources\Images\EAC 6x6.bmp
		Resources\Images\EAC.bmp = Resources\Images\EAC.bmp
		Resources\Images\EAC.jpg = Resources\Images\EAC.jpg
		Resources\Images\FORK.bmp = Resources\Images\FORK.bmp
		Resources\Images\REB7.bmp = Resources\Images\REB7.bmp
		Resources\Images\REC5.bmp = Resources\Images\REC5.bmp
		Resources\Images\REC7.bmp = Resources\Images\REC7.bmp
		Resources\Images\TL18.bmp = Resources\Images\TL18.bmp
		Resources\Images\TMO06.bmp = Resources\Images\TMO06.bmp
		Resources\Images\Vilka.jpg = Resources\Images\Vilka.jpg
		Resources\Images\VL.bmp = Resources\Images\VL.bmp
		Resources\Images\Znak-EAC-600x600.jpg = Resources\Images\Znak-EAC-600x600.jpg
		Resources\Images\Безымянный.jpg = Resources\Images\Безымянный.jpg
		Resources\Images\знак-скоропортящийся-продукт.jpg = Resources\Images\знак-скоропортящийся-продукт.jpg
		Resources\Images\минус-18.jpg = Resources\Images\минус-18.jpg
		Resources\Images\от 0 до 6.jpg = Resources\Images\от 0 до 6.jpg
	EndProjectSection
EndProject
Project("{2150E333-8FDC-42A3-9474-1A3956D46DE8}") = "7x7_203dpi", "7x7_203dpi", "{62CCE789-EEFE-4AA7-8C79-3154FCD1FA9D}"
	ProjectSection(SolutionItems) = preProject
		Resources\Images\7x7_203dpi\18 грудисов_7мм_203dpi.bmp = Resources\Images\7x7_203dpi\18 грудисов_7мм_203dpi.bmp
		Resources\Images\7x7_203dpi\6 градусов_7мм_203dpi.bmp = Resources\Images\7x7_203dpi\6 градусов_7мм_203dpi.bmp
		Resources\Images\7x7_203dpi\EAC_7мм_203dpi.bmp = Resources\Images\7x7_203dpi\EAC_7мм_203dpi.bmp
		Resources\Images\7x7_203dpi\Переработка 5_7мм_203dpi.bmp = Resources\Images\7x7_203dpi\Переработка 5_7мм_203dpi.bmp
		Resources\Images\7x7_203dpi\Переработка 7_7мм_203dpi.bmp = Resources\Images\7x7_203dpi\Переработка 7_7мм_203dpi.bmp
		Resources\Images\7x7_203dpi\Рюмка с вилкой_7мм_203 dpi.bmp = Resources\Images\7x7_203dpi\Рюмка с вилкой_7мм_203 dpi.bmp
		Resources\Images\7x7_203dpi\Скороопорт_7мм_203dpi.bmp = Resources\Images\7x7_203dpi\Скороопорт_7мм_203dpi.bmp
	EndProjectSection
EndProject
Project("{2150E333-8FDC-42A3-9474-1A3956D46DE8}") = "7x7_300dpi", "7x7_300dpi", "{24D3D99E-E4F5-4531-967C-746566307077}"
	ProjectSection(SolutionItems) = preProject
		Resources\Images\7x7_300dpi\18 грудисов_7мм_300dpi.bmp = Resources\Images\7x7_300dpi\18 грудисов_7мм_300dpi.bmp
		Resources\Images\7x7_300dpi\6 градусов_7мм_300dpi.bmp = Resources\Images\7x7_300dpi\6 градусов_7мм_300dpi.bmp
		Resources\Images\7x7_300dpi\EAC_7мм_300dpi.bmp = Resources\Images\7x7_300dpi\EAC_7мм_300dpi.bmp
		Resources\Images\7x7_300dpi\Переработка 5_7мм_300dpi.bmp = Resources\Images\7x7_300dpi\Переработка 5_7мм_300dpi.bmp
		Resources\Images\7x7_300dpi\Переработка 7_7мм_300dpi.bmp = Resources\Images\7x7_300dpi\Переработка 7_7мм_300dpi.bmp
		Resources\Images\7x7_300dpi\Рюмка с вилкой_7мм_300 dpi.bmp = Resources\Images\7x7_300dpi\Рюмка с вилкой_7мм_300 dpi.bmp
		Resources\Images\7x7_300dpi\Скороопорт_7мм_300dpi.bmp = Resources\Images\7x7_300dpi\Скороопорт_7мм_300dpi.bmp
	EndProjectSection
EndProject
Project("{2150E333-8FDC-42A3-9474-1A3956D46DE8}") = "10x10_203dpi", "10x10_203dpi", "{D017AF5F-AF6D-4D1A-B1D0-0D27E4DF5B51}"
	ProjectSection(SolutionItems) = preProject
		Resources\Images\10x10_203dpi\18 грудисов_10мм_203dpi.bmp = Resources\Images\10x10_203dpi\18 грудисов_10мм_203dpi.bmp
		Resources\Images\10x10_203dpi\6 градусов_10мм_203dpi.bmp = Resources\Images\10x10_203dpi\6 градусов_10мм_203dpi.bmp
		Resources\Images\10x10_203dpi\EAC_10мм_203dpi.bmp = Resources\Images\10x10_203dpi\EAC_10мм_203dpi.bmp
		Resources\Images\10x10_203dpi\Переработка 5_10мм_203dpi.bmp = Resources\Images\10x10_203dpi\Переработка 5_10мм_203dpi.bmp
		Resources\Images\10x10_203dpi\Переработка 7_10мм_203dpi.bmp = Resources\Images\10x10_203dpi\Переработка 7_10мм_203dpi.bmp
		Resources\Images\10x10_203dpi\Рюмка с вилкой_10мм_203 dpi.bmp = Resources\Images\10x10_203dpi\Рюмка с вилкой_10мм_203 dpi.bmp
		Resources\Images\10x10_203dpi\Скороопорт_10мм_203dpi.bmp = Resources\Images\10x10_203dpi\Скороопорт_10мм_203dpi.bmp
	EndProjectSection
EndProject
Project("{2150E333-8FDC-42A3-9474-1A3956D46DE8}") = "10x10_300dpi", "10x10_300dpi", "{6244AF63-32F6-44CD-B2F0-5FED7B98E55F}"
	ProjectSection(SolutionItems) = preProject
		Resources\Images\10x10_300dpi\18 грудисов_10мм_300dpi.bmp = Resources\Images\10x10_300dpi\18 грудисов_10мм_300dpi.bmp
		Resources\Images\10x10_300dpi\6 градусов_10мм_300dpi.bmp = Resources\Images\10x10_300dpi\6 градусов_10мм_300dpi.bmp
		Resources\Images\10x10_300dpi\EAC_10мм_300dpi.bmp = Resources\Images\10x10_300dpi\EAC_10мм_300dpi.bmp
		Resources\Images\10x10_300dpi\Переработка 5_10мм_300dpi.bmp = Resources\Images\10x10_300dpi\Переработка 5_10мм_300dpi.bmp
		Resources\Images\10x10_300dpi\Переработка 7_10мм_300dpi.bmp = Resources\Images\10x10_300dpi\Переработка 7_10мм_300dpi.bmp
		Resources\Images\10x10_300dpi\Рюмка с вилкой_10мм_300 dpi.bmp = Resources\Images\10x10_300dpi\Рюмка с вилкой_10мм_300 dpi.bmp
		Resources\Images\10x10_300dpi\Скороопорт_10мм_300dpi.bmp = Resources\Images\10x10_300dpi\Скороопорт_10мм_300dpi.bmp
	EndProjectSection
EndProject
Project("{FAE04EC0-301F-11D3-BF4B-00C04F79EFBC}") = "ScalesUI2Tests", "ScalesUI2Tests\ScalesUI2Tests.csproj", "{8268D4F8-0190-49BA-AC78-294A0DEC314E}"
EndProject
Project("{FAE04EC0-301F-11D3-BF4B-00C04F79EFBC}") = "TapangaMaha", "TapangaMaha\TapangaMaha.csproj", "{EE02E952-B02B-450A-98B6-3FE97497389B}"
EndProject
Project("{FAE04EC0-301F-11D3-BF4B-00C04F79EFBC}") = "ScalesCore", "ScalesCore\ScalesCore.csproj", "{EACE79E2-5365-498D-8259-1E9A441A64B7}"
EndProject
Project("{FAE04EC0-301F-11D3-BF4B-00C04F79EFBC}") = "ScalesCoreTests", "ScalesCoreTests\ScalesCoreTests.csproj", "{2CBEC9B0-82FC-4F69-A635-162CACA67E79}"
EndProject
Project("{FAE04EC0-301F-11D3-BF4B-00C04F79EFBC}") = "LabelPrint", "LabelPrint\LabelPrint.csproj", "{99B4E0CC-5595-4C51-A559-E619439802C9}"
EndProject
Project("{FAE04EC0-301F-11D3-BF4B-00C04F79EFBC}") = "LabelPrintTests", "LabelPrintTests\LabelPrintTests.csproj", "{71E932D3-0722-4F8D-AD80-4276C61854DA}"
EndProject
Project("{FAE04EC0-301F-11D3-BF4B-00C04F79EFBC}") = "FontLoader", "FontLoader\FontLoader.csproj", "{DFCE3BBB-986A-4655-B0F3-1BD2C3132623}"
EndProject
Project("{FAE04EC0-301F-11D3-BF4B-00C04F79EFBC}") = "UICommon", "UICommon\UICommon.csproj", "{A814560E-4946-4DA4-9735-5E7FFF27DA85}"
EndProject
Project("{FAE04EC0-301F-11D3-BF4B-00C04F79EFBC}") = "UtilsLib", "UtilsLib\UtilsLib.csproj", "{1571A974-21F0-4027-AD38-0C100EB9C124}"
EndProject
Project("{FAE04EC0-301F-11D3-BF4B-00C04F79EFBC}") = "ControlsExamples", "ControlsExamples\ControlsExamples.csproj", "{EC65F24D-2649-49D5-A96B-CE4D7F94262D}"
EndProject
Project("{FAE04EC0-301F-11D3-BF4B-00C04F79EFBC}") = "ZplSdkExamples", "ZplSdkExamples\ZplSdkExamples.csproj", "{4ACDED65-38C5-4734-AF9B-21C2A5D14E3B}"
EndProject
Project("{FAE04EC0-301F-11D3-BF4B-00C04F79EFBC}") = "WebSocketsExamples", "WebSocketsExamples\WebSocketsExamples.csproj", "{451B4CB0-8AA8-4BB6-B20B-1813D3148119}"
EndProject
Project("{FAE04EC0-301F-11D3-BF4B-00C04F79EFBC}") = "ZabbixStubService", "ZabbixStubService\ZabbixStubService.csproj", "{8C23E252-17B8-4ECC-9AF3-2EA30A2DF9CD}"
EndProject
Project("{159641D6-6404-4A2A-AE62-294DE0FE8301}") = "ScalesDTSX", "ScalesDTSX\ScalesDTSX.dtproj", "{0778D6BF-AB00-4EBC-9FFC-7BAA9AD700D2}"
EndProject
Project("{FAE04EC0-301F-11D3-BF4B-00C04F79EFBC}") = "TscBarcode", "TscBarcode\TscBarcode.csproj", "{1FA7C648-CEB6-487D-AEE7-67922AF5CA52}"
EndProject
Project("{2150E333-8FDC-42A3-9474-1A3956D46DE8}") = "Solution Items", "Solution Items", "{B42401D5-228B-4293-81C3-F3EEFA364F71}"
	ProjectSection(SolutionItems) = preProject
		CHANGELOG.md = CHANGELOG.md
		LICENSE.md = LICENSE.md
		README.md = README.md
	EndProjectSection
EndProject
Project("{FAE04EC0-301F-11D3-BF4B-00C04F79EFBC}") = "ScalesMsi", "ScalesMsi\ScalesMsi.csproj", "{DB56273B-09B6-4D0A-B7C3-C160D5BF781B}"
	ProjectSection(ProjectDependencies) = postProject
		{0F26292C-8B1B-4CE7-A1B7-D432ED7E492C} = {0F26292C-8B1B-4CE7-A1B7-D432ED7E492C}
	EndProjectSection
EndProject
Project("{FAE04EC0-301F-11D3-BF4B-00C04F79EFBC}") = "ScalesMsiTests", "ScalesMsiTests\ScalesMsiTests.csproj", "{068AF81E-354C-41C4-B4DF-AE6D19B1D18C}"
EndProject
Project("{00D1A9C2-B5F0-4AF3-8072-F6C62B433612}") = "ScalesDb2021", "ScalesDb2021\ScalesDb2021.sqlproj", "{0F0419A1-2FC9-44BA-8987-9668BACAFC84}"
EndProject
Project("{00D1A9C2-B5F0-4AF3-8072-F6C62B433612}") = "ScalesDB", "ScalesDB\ScalesDB.sqlproj", "{11AABCF9-7C81-4A30-9889-E7EF0DBFD533}"
EndProject
Project("{FAE04EC0-301F-11D3-BF4B-00C04F79EFBC}") = "Hardware", "Hardware\Hardware.csproj", "{51C1AA1F-3104-4438-93EA-9E348F18EAD7}"
EndProject
Project("{FAE04EC0-301F-11D3-BF4B-00C04F79EFBC}") = "HardwareTests", "HardwareTests\HardwareTests.csproj", "{7BF7EC6A-7F21-4319-8994-87D6763EF524}"
EndProject
Project("{9A19103F-16F7-4668-BE54-9A1E7A4F7556}") = "DeviceControlCore", "DeviceControlCore\DeviceControlCore.csproj", "{66C3C690-C64C-4C35-B496-3ADB6B5D7BE9}"
EndProject
Project("{9A19103F-16F7-4668-BE54-9A1E7A4F7556}") = "DeviceControlCoreTests", "DeviceControlCoreTests\DeviceControlCoreTests.csproj", "{913F871D-77C5-432F-8BA7-10170E9818D7}"
EndProject
Project("{9A19103F-16F7-4668-BE54-9A1E7A4F7556}") = "DeviceControlBlazor", "DeviceControlBlazor\DeviceControlBlazor.csproj", "{183B5D17-B8A4-4A2E-AE01-33A92426B520}"
EndProject
Project("{9A19103F-16F7-4668-BE54-9A1E7A4F7556}") = "DeviceControlBlazorTests", "DeviceControlBlazorTests\DeviceControlBlazorTests.csproj", "{68055D28-5A64-4A55-80D0-3A11015B05F2}"
	ProjectSection(ProjectDependencies) = postProject
		{183B5D17-B8A4-4A2E-AE01-33A92426B520} = {183B5D17-B8A4-4A2E-AE01-33A92426B520}
	EndProjectSection
EndProject
Project("{9A19103F-16F7-4668-BE54-9A1E7A4F7556}") = "BlazorAppExample", "BlazorAppExample\BlazorAppExample.csproj", "{F1C3B9B5-D958-493B-BC95-AE34AE235BD0}"
EndProject
Project("{9A19103F-16F7-4668-BE54-9A1E7A4F7556}") = "BlazorCore", "BlazorCore\BlazorCore.csproj", "{3E4418DC-A2AB-4C21-85E4-8E5751BBE425}"
EndProject
Project("{9A19103F-16F7-4668-BE54-9A1E7A4F7556}") = "BlazorCoreTests", "BlazorCoreTests\BlazorCoreTests.csproj", "{01A7F41D-4911-4E5E-BEA0-D6CEA5D9EDF2}"
EndProject
Project("{9A19103F-16F7-4668-BE54-9A1E7A4F7556}") = "BlazorResourcesVs", "BlazorResourcesVs\BlazorResourcesVs.csproj", "{75EA4756-B7A3-4F1D-B034-AC6D1E6D98E6}"
EndProject
Project("{9A19103F-16F7-4668-BE54-9A1E7A4F7556}") = "BlazorResourcesVsTests", "BlazorResourcesVsTests\BlazorResourcesVsTests.csproj", "{734BDB45-B45E-43FB-9EC3-21BD562AE82C}"
EndProject
Global
	GlobalSection(SolutionConfigurationPlatforms) = preSolution
		Debug|Any CPU = Debug|Any CPU
		Debug|x64 = Debug|x64
		Debug|x86 = Debug|x86
		Dev|Any CPU = Dev|Any CPU
		Dev|x64 = Dev|x64
		Dev|x86 = Dev|x86
		Release|Any CPU = Release|Any CPU
		Release|x64 = Release|x64
		Release|x86 = Release|x86
	EndGlobalSection
	GlobalSection(ProjectConfigurationPlatforms) = postSolution
		{0F26292C-8B1B-4CE7-A1B7-D432ED7E492C}.Debug|Any CPU.ActiveCfg = Debug|Any CPU
		{0F26292C-8B1B-4CE7-A1B7-D432ED7E492C}.Debug|Any CPU.Build.0 = Debug|Any CPU
		{0F26292C-8B1B-4CE7-A1B7-D432ED7E492C}.Debug|x64.ActiveCfg = Debug|x64
		{0F26292C-8B1B-4CE7-A1B7-D432ED7E492C}.Debug|x64.Build.0 = Debug|x64
		{0F26292C-8B1B-4CE7-A1B7-D432ED7E492C}.Debug|x86.ActiveCfg = Debug|Any CPU
		{0F26292C-8B1B-4CE7-A1B7-D432ED7E492C}.Debug|x86.Build.0 = Debug|Any CPU
		{0F26292C-8B1B-4CE7-A1B7-D432ED7E492C}.Dev|Any CPU.ActiveCfg = Dev|Any CPU
		{0F26292C-8B1B-4CE7-A1B7-D432ED7E492C}.Dev|Any CPU.Build.0 = Dev|Any CPU
		{0F26292C-8B1B-4CE7-A1B7-D432ED7E492C}.Dev|x64.ActiveCfg = Dev|x64
		{0F26292C-8B1B-4CE7-A1B7-D432ED7E492C}.Dev|x64.Build.0 = Dev|x64
		{0F26292C-8B1B-4CE7-A1B7-D432ED7E492C}.Dev|x86.ActiveCfg = Dev|Any CPU
		{0F26292C-8B1B-4CE7-A1B7-D432ED7E492C}.Dev|x86.Build.0 = Dev|Any CPU
		{0F26292C-8B1B-4CE7-A1B7-D432ED7E492C}.Release|Any CPU.ActiveCfg = Release|Any CPU
		{0F26292C-8B1B-4CE7-A1B7-D432ED7E492C}.Release|Any CPU.Build.0 = Release|Any CPU
		{0F26292C-8B1B-4CE7-A1B7-D432ED7E492C}.Release|x64.ActiveCfg = Release|x64
		{0F26292C-8B1B-4CE7-A1B7-D432ED7E492C}.Release|x64.Build.0 = Release|x64
		{0F26292C-8B1B-4CE7-A1B7-D432ED7E492C}.Release|x86.ActiveCfg = Release|Any CPU
		{0F26292C-8B1B-4CE7-A1B7-D432ED7E492C}.Release|x86.Build.0 = Release|Any CPU
		{40F82761-D45D-4923-A7F0-DF47A5C3DD90}.Debug|Any CPU.ActiveCfg = Debug|Any CPU
		{40F82761-D45D-4923-A7F0-DF47A5C3DD90}.Debug|Any CPU.Build.0 = Debug|Any CPU
		{40F82761-D45D-4923-A7F0-DF47A5C3DD90}.Debug|x64.ActiveCfg = Debug|x64
		{40F82761-D45D-4923-A7F0-DF47A5C3DD90}.Debug|x64.Build.0 = Debug|x64
		{40F82761-D45D-4923-A7F0-DF47A5C3DD90}.Debug|x86.ActiveCfg = Debug|Any CPU
		{40F82761-D45D-4923-A7F0-DF47A5C3DD90}.Debug|x86.Build.0 = Debug|Any CPU
		{40F82761-D45D-4923-A7F0-DF47A5C3DD90}.Dev|Any CPU.ActiveCfg = Dev|Any CPU
		{40F82761-D45D-4923-A7F0-DF47A5C3DD90}.Dev|Any CPU.Build.0 = Dev|Any CPU
		{40F82761-D45D-4923-A7F0-DF47A5C3DD90}.Dev|x64.ActiveCfg = Dev|x64
		{40F82761-D45D-4923-A7F0-DF47A5C3DD90}.Dev|x64.Build.0 = Dev|x64
		{40F82761-D45D-4923-A7F0-DF47A5C3DD90}.Dev|x86.ActiveCfg = Dev|Any CPU
		{40F82761-D45D-4923-A7F0-DF47A5C3DD90}.Dev|x86.Build.0 = Dev|Any CPU
		{40F82761-D45D-4923-A7F0-DF47A5C3DD90}.Release|Any CPU.ActiveCfg = Release|Any CPU
		{40F82761-D45D-4923-A7F0-DF47A5C3DD90}.Release|Any CPU.Build.0 = Release|Any CPU
		{40F82761-D45D-4923-A7F0-DF47A5C3DD90}.Release|x64.ActiveCfg = Release|x64
		{40F82761-D45D-4923-A7F0-DF47A5C3DD90}.Release|x64.Build.0 = Release|x64
		{40F82761-D45D-4923-A7F0-DF47A5C3DD90}.Release|x86.ActiveCfg = Release|Any CPU
		{40F82761-D45D-4923-A7F0-DF47A5C3DD90}.Release|x86.Build.0 = Release|Any CPU
		{8268D4F8-0190-49BA-AC78-294A0DEC314E}.Debug|Any CPU.ActiveCfg = Debug|Any CPU
		{8268D4F8-0190-49BA-AC78-294A0DEC314E}.Debug|Any CPU.Build.0 = Debug|Any CPU
		{8268D4F8-0190-49BA-AC78-294A0DEC314E}.Debug|x64.ActiveCfg = Debug|x64
		{8268D4F8-0190-49BA-AC78-294A0DEC314E}.Debug|x64.Build.0 = Debug|x64
		{8268D4F8-0190-49BA-AC78-294A0DEC314E}.Debug|x86.ActiveCfg = Debug|Any CPU
		{8268D4F8-0190-49BA-AC78-294A0DEC314E}.Debug|x86.Build.0 = Debug|Any CPU
		{8268D4F8-0190-49BA-AC78-294A0DEC314E}.Dev|Any CPU.ActiveCfg = Dev|Any CPU
		{8268D4F8-0190-49BA-AC78-294A0DEC314E}.Dev|Any CPU.Build.0 = Dev|Any CPU
		{8268D4F8-0190-49BA-AC78-294A0DEC314E}.Dev|x64.ActiveCfg = Dev|x64
		{8268D4F8-0190-49BA-AC78-294A0DEC314E}.Dev|x64.Build.0 = Dev|x64
		{8268D4F8-0190-49BA-AC78-294A0DEC314E}.Dev|x86.ActiveCfg = Dev|Any CPU
		{8268D4F8-0190-49BA-AC78-294A0DEC314E}.Dev|x86.Build.0 = Dev|Any CPU
		{8268D4F8-0190-49BA-AC78-294A0DEC314E}.Release|Any CPU.ActiveCfg = Release|Any CPU
		{8268D4F8-0190-49BA-AC78-294A0DEC314E}.Release|Any CPU.Build.0 = Release|Any CPU
		{8268D4F8-0190-49BA-AC78-294A0DEC314E}.Release|x64.ActiveCfg = Release|x64
		{8268D4F8-0190-49BA-AC78-294A0DEC314E}.Release|x64.Build.0 = Release|x64
		{8268D4F8-0190-49BA-AC78-294A0DEC314E}.Release|x86.ActiveCfg = Release|Any CPU
		{8268D4F8-0190-49BA-AC78-294A0DEC314E}.Release|x86.Build.0 = Release|Any CPU
		{EE02E952-B02B-450A-98B6-3FE97497389B}.Debug|Any CPU.ActiveCfg = Debug|Any CPU
		{EE02E952-B02B-450A-98B6-3FE97497389B}.Debug|Any CPU.Build.0 = Debug|Any CPU
		{EE02E952-B02B-450A-98B6-3FE97497389B}.Debug|x64.ActiveCfg = Debug|x64
		{EE02E952-B02B-450A-98B6-3FE97497389B}.Debug|x64.Build.0 = Debug|x64
		{EE02E952-B02B-450A-98B6-3FE97497389B}.Debug|x86.ActiveCfg = Debug|Any CPU
		{EE02E952-B02B-450A-98B6-3FE97497389B}.Debug|x86.Build.0 = Debug|Any CPU
		{EE02E952-B02B-450A-98B6-3FE97497389B}.Dev|Any CPU.ActiveCfg = Dev|Any CPU
		{EE02E952-B02B-450A-98B6-3FE97497389B}.Dev|Any CPU.Build.0 = Dev|Any CPU
		{EE02E952-B02B-450A-98B6-3FE97497389B}.Dev|x64.ActiveCfg = Dev|x64
		{EE02E952-B02B-450A-98B6-3FE97497389B}.Dev|x64.Build.0 = Dev|x64
		{EE02E952-B02B-450A-98B6-3FE97497389B}.Dev|x86.ActiveCfg = Dev|Any CPU
		{EE02E952-B02B-450A-98B6-3FE97497389B}.Dev|x86.Build.0 = Dev|Any CPU
		{EE02E952-B02B-450A-98B6-3FE97497389B}.Release|Any CPU.ActiveCfg = Release|Any CPU
		{EE02E952-B02B-450A-98B6-3FE97497389B}.Release|Any CPU.Build.0 = Release|Any CPU
		{EE02E952-B02B-450A-98B6-3FE97497389B}.Release|x64.ActiveCfg = Release|x64
		{EE02E952-B02B-450A-98B6-3FE97497389B}.Release|x64.Build.0 = Release|x64
		{EE02E952-B02B-450A-98B6-3FE97497389B}.Release|x86.ActiveCfg = Release|Any CPU
		{EE02E952-B02B-450A-98B6-3FE97497389B}.Release|x86.Build.0 = Release|Any CPU
		{EACE79E2-5365-498D-8259-1E9A441A64B7}.Debug|Any CPU.ActiveCfg = Debug|Any CPU
		{EACE79E2-5365-498D-8259-1E9A441A64B7}.Debug|Any CPU.Build.0 = Debug|Any CPU
		{EACE79E2-5365-498D-8259-1E9A441A64B7}.Debug|x64.ActiveCfg = Debug|x64
		{EACE79E2-5365-498D-8259-1E9A441A64B7}.Debug|x64.Build.0 = Debug|x64
		{EACE79E2-5365-498D-8259-1E9A441A64B7}.Debug|x86.ActiveCfg = Debug|Any CPU
		{EACE79E2-5365-498D-8259-1E9A441A64B7}.Debug|x86.Build.0 = Debug|Any CPU
		{EACE79E2-5365-498D-8259-1E9A441A64B7}.Dev|Any CPU.ActiveCfg = Dev|Any CPU
		{EACE79E2-5365-498D-8259-1E9A441A64B7}.Dev|Any CPU.Build.0 = Dev|Any CPU
		{EACE79E2-5365-498D-8259-1E9A441A64B7}.Dev|x64.ActiveCfg = Dev|x64
		{EACE79E2-5365-498D-8259-1E9A441A64B7}.Dev|x64.Build.0 = Dev|x64
		{EACE79E2-5365-498D-8259-1E9A441A64B7}.Dev|x86.ActiveCfg = Dev|Any CPU
		{EACE79E2-5365-498D-8259-1E9A441A64B7}.Dev|x86.Build.0 = Dev|Any CPU
		{EACE79E2-5365-498D-8259-1E9A441A64B7}.Release|Any CPU.ActiveCfg = Release|Any CPU
		{EACE79E2-5365-498D-8259-1E9A441A64B7}.Release|Any CPU.Build.0 = Release|Any CPU
		{EACE79E2-5365-498D-8259-1E9A441A64B7}.Release|x64.ActiveCfg = Release|x64
		{EACE79E2-5365-498D-8259-1E9A441A64B7}.Release|x64.Build.0 = Release|x64
		{EACE79E2-5365-498D-8259-1E9A441A64B7}.Release|x86.ActiveCfg = Release|Any CPU
		{EACE79E2-5365-498D-8259-1E9A441A64B7}.Release|x86.Build.0 = Release|Any CPU
		{2CBEC9B0-82FC-4F69-A635-162CACA67E79}.Debug|Any CPU.ActiveCfg = Debug|Any CPU
		{2CBEC9B0-82FC-4F69-A635-162CACA67E79}.Debug|Any CPU.Build.0 = Debug|Any CPU
		{2CBEC9B0-82FC-4F69-A635-162CACA67E79}.Debug|x64.ActiveCfg = Debug|x64
		{2CBEC9B0-82FC-4F69-A635-162CACA67E79}.Debug|x64.Build.0 = Debug|x64
		{2CBEC9B0-82FC-4F69-A635-162CACA67E79}.Debug|x86.ActiveCfg = Debug|Any CPU
		{2CBEC9B0-82FC-4F69-A635-162CACA67E79}.Debug|x86.Build.0 = Debug|Any CPU
		{2CBEC9B0-82FC-4F69-A635-162CACA67E79}.Dev|Any CPU.ActiveCfg = Dev|Any CPU
		{2CBEC9B0-82FC-4F69-A635-162CACA67E79}.Dev|Any CPU.Build.0 = Dev|Any CPU
		{2CBEC9B0-82FC-4F69-A635-162CACA67E79}.Dev|x64.ActiveCfg = Dev|x64
		{2CBEC9B0-82FC-4F69-A635-162CACA67E79}.Dev|x64.Build.0 = Dev|x64
		{2CBEC9B0-82FC-4F69-A635-162CACA67E79}.Dev|x86.ActiveCfg = Dev|Any CPU
		{2CBEC9B0-82FC-4F69-A635-162CACA67E79}.Dev|x86.Build.0 = Dev|Any CPU
		{2CBEC9B0-82FC-4F69-A635-162CACA67E79}.Release|Any CPU.ActiveCfg = Release|Any CPU
		{2CBEC9B0-82FC-4F69-A635-162CACA67E79}.Release|Any CPU.Build.0 = Release|Any CPU
		{2CBEC9B0-82FC-4F69-A635-162CACA67E79}.Release|x64.ActiveCfg = Release|x64
		{2CBEC9B0-82FC-4F69-A635-162CACA67E79}.Release|x64.Build.0 = Release|x64
		{2CBEC9B0-82FC-4F69-A635-162CACA67E79}.Release|x86.ActiveCfg = Release|Any CPU
		{2CBEC9B0-82FC-4F69-A635-162CACA67E79}.Release|x86.Build.0 = Release|Any CPU
		{99B4E0CC-5595-4C51-A559-E619439802C9}.Debug|Any CPU.ActiveCfg = Debug|Any CPU
		{99B4E0CC-5595-4C51-A559-E619439802C9}.Debug|Any CPU.Build.0 = Debug|Any CPU
		{99B4E0CC-5595-4C51-A559-E619439802C9}.Debug|x64.ActiveCfg = Debug|x64
		{99B4E0CC-5595-4C51-A559-E619439802C9}.Debug|x64.Build.0 = Debug|x64
		{99B4E0CC-5595-4C51-A559-E619439802C9}.Debug|x86.ActiveCfg = Debug|Any CPU
		{99B4E0CC-5595-4C51-A559-E619439802C9}.Debug|x86.Build.0 = Debug|Any CPU
		{99B4E0CC-5595-4C51-A559-E619439802C9}.Dev|Any CPU.ActiveCfg = Dev|Any CPU
		{99B4E0CC-5595-4C51-A559-E619439802C9}.Dev|Any CPU.Build.0 = Dev|Any CPU
		{99B4E0CC-5595-4C51-A559-E619439802C9}.Dev|x64.ActiveCfg = Dev|x64
		{99B4E0CC-5595-4C51-A559-E619439802C9}.Dev|x64.Build.0 = Dev|x64
		{99B4E0CC-5595-4C51-A559-E619439802C9}.Dev|x86.ActiveCfg = Dev|Any CPU
		{99B4E0CC-5595-4C51-A559-E619439802C9}.Dev|x86.Build.0 = Dev|Any CPU
		{99B4E0CC-5595-4C51-A559-E619439802C9}.Release|Any CPU.ActiveCfg = Release|Any CPU
		{99B4E0CC-5595-4C51-A559-E619439802C9}.Release|Any CPU.Build.0 = Release|Any CPU
		{99B4E0CC-5595-4C51-A559-E619439802C9}.Release|x64.ActiveCfg = Release|x64
		{99B4E0CC-5595-4C51-A559-E619439802C9}.Release|x64.Build.0 = Release|x64
		{99B4E0CC-5595-4C51-A559-E619439802C9}.Release|x86.ActiveCfg = Release|Any CPU
		{99B4E0CC-5595-4C51-A559-E619439802C9}.Release|x86.Build.0 = Release|Any CPU
		{71E932D3-0722-4F8D-AD80-4276C61854DA}.Debug|Any CPU.ActiveCfg = Debug|Any CPU
		{71E932D3-0722-4F8D-AD80-4276C61854DA}.Debug|Any CPU.Build.0 = Debug|Any CPU
		{71E932D3-0722-4F8D-AD80-4276C61854DA}.Debug|x64.ActiveCfg = Debug|x64
		{71E932D3-0722-4F8D-AD80-4276C61854DA}.Debug|x64.Build.0 = Debug|x64
		{71E932D3-0722-4F8D-AD80-4276C61854DA}.Debug|x86.ActiveCfg = Debug|Any CPU
		{71E932D3-0722-4F8D-AD80-4276C61854DA}.Debug|x86.Build.0 = Debug|Any CPU
		{71E932D3-0722-4F8D-AD80-4276C61854DA}.Dev|Any CPU.ActiveCfg = Dev|Any CPU
		{71E932D3-0722-4F8D-AD80-4276C61854DA}.Dev|Any CPU.Build.0 = Dev|Any CPU
		{71E932D3-0722-4F8D-AD80-4276C61854DA}.Dev|x64.ActiveCfg = Dev|x64
		{71E932D3-0722-4F8D-AD80-4276C61854DA}.Dev|x64.Build.0 = Dev|x64
		{71E932D3-0722-4F8D-AD80-4276C61854DA}.Dev|x86.ActiveCfg = Dev|Any CPU
		{71E932D3-0722-4F8D-AD80-4276C61854DA}.Dev|x86.Build.0 = Dev|Any CPU
		{71E932D3-0722-4F8D-AD80-4276C61854DA}.Release|Any CPU.ActiveCfg = Release|Any CPU
		{71E932D3-0722-4F8D-AD80-4276C61854DA}.Release|Any CPU.Build.0 = Release|Any CPU
		{71E932D3-0722-4F8D-AD80-4276C61854DA}.Release|x64.ActiveCfg = Release|x64
		{71E932D3-0722-4F8D-AD80-4276C61854DA}.Release|x64.Build.0 = Release|x64
		{71E932D3-0722-4F8D-AD80-4276C61854DA}.Release|x86.ActiveCfg = Release|Any CPU
		{71E932D3-0722-4F8D-AD80-4276C61854DA}.Release|x86.Build.0 = Release|Any CPU
		{DFCE3BBB-986A-4655-B0F3-1BD2C3132623}.Debug|Any CPU.ActiveCfg = Debug|Any CPU
		{DFCE3BBB-986A-4655-B0F3-1BD2C3132623}.Debug|Any CPU.Build.0 = Debug|Any CPU
		{DFCE3BBB-986A-4655-B0F3-1BD2C3132623}.Debug|x64.ActiveCfg = Debug|x64
		{DFCE3BBB-986A-4655-B0F3-1BD2C3132623}.Debug|x64.Build.0 = Debug|x64
		{DFCE3BBB-986A-4655-B0F3-1BD2C3132623}.Debug|x86.ActiveCfg = Debug|Any CPU
		{DFCE3BBB-986A-4655-B0F3-1BD2C3132623}.Debug|x86.Build.0 = Debug|Any CPU
		{DFCE3BBB-986A-4655-B0F3-1BD2C3132623}.Dev|Any CPU.ActiveCfg = Dev|Any CPU
		{DFCE3BBB-986A-4655-B0F3-1BD2C3132623}.Dev|Any CPU.Build.0 = Dev|Any CPU
		{DFCE3BBB-986A-4655-B0F3-1BD2C3132623}.Dev|x64.ActiveCfg = Dev|x64
		{DFCE3BBB-986A-4655-B0F3-1BD2C3132623}.Dev|x64.Build.0 = Dev|x64
		{DFCE3BBB-986A-4655-B0F3-1BD2C3132623}.Dev|x86.ActiveCfg = Dev|Any CPU
		{DFCE3BBB-986A-4655-B0F3-1BD2C3132623}.Dev|x86.Build.0 = Dev|Any CPU
		{DFCE3BBB-986A-4655-B0F3-1BD2C3132623}.Release|Any CPU.ActiveCfg = Release|Any CPU
		{DFCE3BBB-986A-4655-B0F3-1BD2C3132623}.Release|Any CPU.Build.0 = Release|Any CPU
		{DFCE3BBB-986A-4655-B0F3-1BD2C3132623}.Release|x64.ActiveCfg = Release|x64
		{DFCE3BBB-986A-4655-B0F3-1BD2C3132623}.Release|x64.Build.0 = Release|x64
		{DFCE3BBB-986A-4655-B0F3-1BD2C3132623}.Release|x86.ActiveCfg = Release|Any CPU
		{DFCE3BBB-986A-4655-B0F3-1BD2C3132623}.Release|x86.Build.0 = Release|Any CPU
		{A814560E-4946-4DA4-9735-5E7FFF27DA85}.Debug|Any CPU.ActiveCfg = Debug|Any CPU
		{A814560E-4946-4DA4-9735-5E7FFF27DA85}.Debug|Any CPU.Build.0 = Debug|Any CPU
		{A814560E-4946-4DA4-9735-5E7FFF27DA85}.Debug|x64.ActiveCfg = Debug|x64
		{A814560E-4946-4DA4-9735-5E7FFF27DA85}.Debug|x64.Build.0 = Debug|x64
		{A814560E-4946-4DA4-9735-5E7FFF27DA85}.Debug|x86.ActiveCfg = Debug|Any CPU
		{A814560E-4946-4DA4-9735-5E7FFF27DA85}.Debug|x86.Build.0 = Debug|Any CPU
		{A814560E-4946-4DA4-9735-5E7FFF27DA85}.Dev|Any CPU.ActiveCfg = Dev|Any CPU
		{A814560E-4946-4DA4-9735-5E7FFF27DA85}.Dev|Any CPU.Build.0 = Dev|Any CPU
		{A814560E-4946-4DA4-9735-5E7FFF27DA85}.Dev|x64.ActiveCfg = Dev|x64
		{A814560E-4946-4DA4-9735-5E7FFF27DA85}.Dev|x64.Build.0 = Dev|x64
		{A814560E-4946-4DA4-9735-5E7FFF27DA85}.Dev|x86.ActiveCfg = Dev|Any CPU
		{A814560E-4946-4DA4-9735-5E7FFF27DA85}.Dev|x86.Build.0 = Dev|Any CPU
		{A814560E-4946-4DA4-9735-5E7FFF27DA85}.Release|Any CPU.ActiveCfg = Release|Any CPU
		{A814560E-4946-4DA4-9735-5E7FFF27DA85}.Release|Any CPU.Build.0 = Release|Any CPU
		{A814560E-4946-4DA4-9735-5E7FFF27DA85}.Release|x64.ActiveCfg = Release|x64
		{A814560E-4946-4DA4-9735-5E7FFF27DA85}.Release|x64.Build.0 = Release|x64
		{A814560E-4946-4DA4-9735-5E7FFF27DA85}.Release|x86.ActiveCfg = Release|Any CPU
		{A814560E-4946-4DA4-9735-5E7FFF27DA85}.Release|x86.Build.0 = Release|Any CPU
		{1571A974-21F0-4027-AD38-0C100EB9C124}.Debug|Any CPU.ActiveCfg = Debug|Any CPU
		{1571A974-21F0-4027-AD38-0C100EB9C124}.Debug|Any CPU.Build.0 = Debug|Any CPU
		{1571A974-21F0-4027-AD38-0C100EB9C124}.Debug|x64.ActiveCfg = Debug|x64
		{1571A974-21F0-4027-AD38-0C100EB9C124}.Debug|x64.Build.0 = Debug|x64
		{1571A974-21F0-4027-AD38-0C100EB9C124}.Debug|x86.ActiveCfg = Debug|Any CPU
		{1571A974-21F0-4027-AD38-0C100EB9C124}.Debug|x86.Build.0 = Debug|Any CPU
		{1571A974-21F0-4027-AD38-0C100EB9C124}.Dev|Any CPU.ActiveCfg = Dev|Any CPU
		{1571A974-21F0-4027-AD38-0C100EB9C124}.Dev|Any CPU.Build.0 = Dev|Any CPU
		{1571A974-21F0-4027-AD38-0C100EB9C124}.Dev|x64.ActiveCfg = Dev|x64
		{1571A974-21F0-4027-AD38-0C100EB9C124}.Dev|x64.Build.0 = Dev|x64
		{1571A974-21F0-4027-AD38-0C100EB9C124}.Dev|x86.ActiveCfg = Dev|Any CPU
		{1571A974-21F0-4027-AD38-0C100EB9C124}.Dev|x86.Build.0 = Dev|Any CPU
		{1571A974-21F0-4027-AD38-0C100EB9C124}.Release|Any CPU.ActiveCfg = Release|Any CPU
		{1571A974-21F0-4027-AD38-0C100EB9C124}.Release|Any CPU.Build.0 = Release|Any CPU
		{1571A974-21F0-4027-AD38-0C100EB9C124}.Release|x64.ActiveCfg = Release|x64
		{1571A974-21F0-4027-AD38-0C100EB9C124}.Release|x64.Build.0 = Release|x64
		{1571A974-21F0-4027-AD38-0C100EB9C124}.Release|x86.ActiveCfg = Release|Any CPU
		{1571A974-21F0-4027-AD38-0C100EB9C124}.Release|x86.Build.0 = Release|Any CPU
		{EC65F24D-2649-49D5-A96B-CE4D7F94262D}.Debug|Any CPU.ActiveCfg = Debug|Any CPU
		{EC65F24D-2649-49D5-A96B-CE4D7F94262D}.Debug|Any CPU.Build.0 = Debug|Any CPU
		{EC65F24D-2649-49D5-A96B-CE4D7F94262D}.Debug|x64.ActiveCfg = Debug|x64
		{EC65F24D-2649-49D5-A96B-CE4D7F94262D}.Debug|x64.Build.0 = Debug|x64
		{EC65F24D-2649-49D5-A96B-CE4D7F94262D}.Debug|x86.ActiveCfg = Debug|Any CPU
		{EC65F24D-2649-49D5-A96B-CE4D7F94262D}.Debug|x86.Build.0 = Debug|Any CPU
		{EC65F24D-2649-49D5-A96B-CE4D7F94262D}.Dev|Any CPU.ActiveCfg = Dev|Any CPU
		{EC65F24D-2649-49D5-A96B-CE4D7F94262D}.Dev|Any CPU.Build.0 = Dev|Any CPU
		{EC65F24D-2649-49D5-A96B-CE4D7F94262D}.Dev|x64.ActiveCfg = Dev|x64
		{EC65F24D-2649-49D5-A96B-CE4D7F94262D}.Dev|x64.Build.0 = Dev|x64
		{EC65F24D-2649-49D5-A96B-CE4D7F94262D}.Dev|x86.ActiveCfg = Dev|Any CPU
		{EC65F24D-2649-49D5-A96B-CE4D7F94262D}.Dev|x86.Build.0 = Dev|Any CPU
		{EC65F24D-2649-49D5-A96B-CE4D7F94262D}.Release|Any CPU.ActiveCfg = Release|Any CPU
		{EC65F24D-2649-49D5-A96B-CE4D7F94262D}.Release|Any CPU.Build.0 = Release|Any CPU
		{EC65F24D-2649-49D5-A96B-CE4D7F94262D}.Release|x64.ActiveCfg = Release|x64
		{EC65F24D-2649-49D5-A96B-CE4D7F94262D}.Release|x64.Build.0 = Release|x64
		{EC65F24D-2649-49D5-A96B-CE4D7F94262D}.Release|x86.ActiveCfg = Release|Any CPU
		{EC65F24D-2649-49D5-A96B-CE4D7F94262D}.Release|x86.Build.0 = Release|Any CPU
		{4ACDED65-38C5-4734-AF9B-21C2A5D14E3B}.Debug|Any CPU.ActiveCfg = Debug|Any CPU
		{4ACDED65-38C5-4734-AF9B-21C2A5D14E3B}.Debug|Any CPU.Build.0 = Debug|Any CPU
		{4ACDED65-38C5-4734-AF9B-21C2A5D14E3B}.Debug|x64.ActiveCfg = Debug|x64
		{4ACDED65-38C5-4734-AF9B-21C2A5D14E3B}.Debug|x64.Build.0 = Debug|x64
		{4ACDED65-38C5-4734-AF9B-21C2A5D14E3B}.Debug|x86.ActiveCfg = Debug|Any CPU
		{4ACDED65-38C5-4734-AF9B-21C2A5D14E3B}.Debug|x86.Build.0 = Debug|Any CPU
		{4ACDED65-38C5-4734-AF9B-21C2A5D14E3B}.Dev|Any CPU.ActiveCfg = Dev|Any CPU
		{4ACDED65-38C5-4734-AF9B-21C2A5D14E3B}.Dev|Any CPU.Build.0 = Dev|Any CPU
		{4ACDED65-38C5-4734-AF9B-21C2A5D14E3B}.Dev|x64.ActiveCfg = Dev|x64
		{4ACDED65-38C5-4734-AF9B-21C2A5D14E3B}.Dev|x64.Build.0 = Dev|x64
		{4ACDED65-38C5-4734-AF9B-21C2A5D14E3B}.Dev|x86.ActiveCfg = Dev|Any CPU
		{4ACDED65-38C5-4734-AF9B-21C2A5D14E3B}.Dev|x86.Build.0 = Dev|Any CPU
		{4ACDED65-38C5-4734-AF9B-21C2A5D14E3B}.Release|Any CPU.ActiveCfg = Release|Any CPU
		{4ACDED65-38C5-4734-AF9B-21C2A5D14E3B}.Release|Any CPU.Build.0 = Release|Any CPU
		{4ACDED65-38C5-4734-AF9B-21C2A5D14E3B}.Release|x64.ActiveCfg = Release|x64
		{4ACDED65-38C5-4734-AF9B-21C2A5D14E3B}.Release|x64.Build.0 = Release|x64
		{4ACDED65-38C5-4734-AF9B-21C2A5D14E3B}.Release|x86.ActiveCfg = Release|Any CPU
		{4ACDED65-38C5-4734-AF9B-21C2A5D14E3B}.Release|x86.Build.0 = Release|Any CPU
		{451B4CB0-8AA8-4BB6-B20B-1813D3148119}.Debug|Any CPU.ActiveCfg = Debug|Any CPU
		{451B4CB0-8AA8-4BB6-B20B-1813D3148119}.Debug|Any CPU.Build.0 = Debug|Any CPU
		{451B4CB0-8AA8-4BB6-B20B-1813D3148119}.Debug|x64.ActiveCfg = Debug|x64
		{451B4CB0-8AA8-4BB6-B20B-1813D3148119}.Debug|x64.Build.0 = Debug|x64
		{451B4CB0-8AA8-4BB6-B20B-1813D3148119}.Debug|x86.ActiveCfg = Debug|Any CPU
		{451B4CB0-8AA8-4BB6-B20B-1813D3148119}.Debug|x86.Build.0 = Debug|Any CPU
		{451B4CB0-8AA8-4BB6-B20B-1813D3148119}.Dev|Any CPU.ActiveCfg = Dev|Any CPU
		{451B4CB0-8AA8-4BB6-B20B-1813D3148119}.Dev|Any CPU.Build.0 = Dev|Any CPU
		{451B4CB0-8AA8-4BB6-B20B-1813D3148119}.Dev|x64.ActiveCfg = Dev|x64
		{451B4CB0-8AA8-4BB6-B20B-1813D3148119}.Dev|x64.Build.0 = Dev|x64
		{451B4CB0-8AA8-4BB6-B20B-1813D3148119}.Dev|x86.ActiveCfg = Dev|Any CPU
		{451B4CB0-8AA8-4BB6-B20B-1813D3148119}.Dev|x86.Build.0 = Dev|Any CPU
		{451B4CB0-8AA8-4BB6-B20B-1813D3148119}.Release|Any CPU.ActiveCfg = Release|Any CPU
		{451B4CB0-8AA8-4BB6-B20B-1813D3148119}.Release|Any CPU.Build.0 = Release|Any CPU
		{451B4CB0-8AA8-4BB6-B20B-1813D3148119}.Release|x64.ActiveCfg = Release|x64
		{451B4CB0-8AA8-4BB6-B20B-1813D3148119}.Release|x64.Build.0 = Release|x64
		{451B4CB0-8AA8-4BB6-B20B-1813D3148119}.Release|x86.ActiveCfg = Release|Any CPU
		{451B4CB0-8AA8-4BB6-B20B-1813D3148119}.Release|x86.Build.0 = Release|Any CPU
		{8C23E252-17B8-4ECC-9AF3-2EA30A2DF9CD}.Debug|Any CPU.ActiveCfg = Debug|Any CPU
		{8C23E252-17B8-4ECC-9AF3-2EA30A2DF9CD}.Debug|Any CPU.Build.0 = Debug|Any CPU
		{8C23E252-17B8-4ECC-9AF3-2EA30A2DF9CD}.Debug|x64.ActiveCfg = Debug|x64
		{8C23E252-17B8-4ECC-9AF3-2EA30A2DF9CD}.Debug|x64.Build.0 = Debug|x64
		{8C23E252-17B8-4ECC-9AF3-2EA30A2DF9CD}.Debug|x86.ActiveCfg = Debug|Any CPU
		{8C23E252-17B8-4ECC-9AF3-2EA30A2DF9CD}.Debug|x86.Build.0 = Debug|Any CPU
		{8C23E252-17B8-4ECC-9AF3-2EA30A2DF9CD}.Dev|Any CPU.ActiveCfg = Dev|Any CPU
		{8C23E252-17B8-4ECC-9AF3-2EA30A2DF9CD}.Dev|Any CPU.Build.0 = Dev|Any CPU
		{8C23E252-17B8-4ECC-9AF3-2EA30A2DF9CD}.Dev|x64.ActiveCfg = Dev|x64
		{8C23E252-17B8-4ECC-9AF3-2EA30A2DF9CD}.Dev|x64.Build.0 = Dev|x64
		{8C23E252-17B8-4ECC-9AF3-2EA30A2DF9CD}.Dev|x86.ActiveCfg = Dev|Any CPU
		{8C23E252-17B8-4ECC-9AF3-2EA30A2DF9CD}.Dev|x86.Build.0 = Dev|Any CPU
		{8C23E252-17B8-4ECC-9AF3-2EA30A2DF9CD}.Release|Any CPU.ActiveCfg = Release|Any CPU
		{8C23E252-17B8-4ECC-9AF3-2EA30A2DF9CD}.Release|Any CPU.Build.0 = Release|Any CPU
		{8C23E252-17B8-4ECC-9AF3-2EA30A2DF9CD}.Release|x64.ActiveCfg = Release|x64
		{8C23E252-17B8-4ECC-9AF3-2EA30A2DF9CD}.Release|x64.Build.0 = Release|x64
		{8C23E252-17B8-4ECC-9AF3-2EA30A2DF9CD}.Release|x86.ActiveCfg = Release|Any CPU
		{8C23E252-17B8-4ECC-9AF3-2EA30A2DF9CD}.Release|x86.Build.0 = Release|Any CPU
		{0778D6BF-AB00-4EBC-9FFC-7BAA9AD700D2}.Debug|Any CPU.ActiveCfg = Development
		{0778D6BF-AB00-4EBC-9FFC-7BAA9AD700D2}.Debug|Any CPU.Build.0 = Development
		{0778D6BF-AB00-4EBC-9FFC-7BAA9AD700D2}.Debug|x64.ActiveCfg = Development
		{0778D6BF-AB00-4EBC-9FFC-7BAA9AD700D2}.Debug|x64.Build.0 = Development
		{0778D6BF-AB00-4EBC-9FFC-7BAA9AD700D2}.Debug|x86.ActiveCfg = Development
		{0778D6BF-AB00-4EBC-9FFC-7BAA9AD700D2}.Debug|x86.Build.0 = Development
		{0778D6BF-AB00-4EBC-9FFC-7BAA9AD700D2}.Dev|Any CPU.ActiveCfg = Development
		{0778D6BF-AB00-4EBC-9FFC-7BAA9AD700D2}.Dev|x64.ActiveCfg = Development
		{0778D6BF-AB00-4EBC-9FFC-7BAA9AD700D2}.Dev|x86.ActiveCfg = Development
		{0778D6BF-AB00-4EBC-9FFC-7BAA9AD700D2}.Release|Any CPU.ActiveCfg = Development
		{0778D6BF-AB00-4EBC-9FFC-7BAA9AD700D2}.Release|Any CPU.Build.0 = Development
		{0778D6BF-AB00-4EBC-9FFC-7BAA9AD700D2}.Release|x64.ActiveCfg = Development
		{0778D6BF-AB00-4EBC-9FFC-7BAA9AD700D2}.Release|x64.Build.0 = Development
		{0778D6BF-AB00-4EBC-9FFC-7BAA9AD700D2}.Release|x86.ActiveCfg = Development
		{0778D6BF-AB00-4EBC-9FFC-7BAA9AD700D2}.Release|x86.Build.0 = Development
		{1FA7C648-CEB6-487D-AEE7-67922AF5CA52}.Debug|Any CPU.ActiveCfg = Debug|Any CPU
		{1FA7C648-CEB6-487D-AEE7-67922AF5CA52}.Debug|Any CPU.Build.0 = Debug|Any CPU
		{1FA7C648-CEB6-487D-AEE7-67922AF5CA52}.Debug|x64.ActiveCfg = Debug|x64
		{1FA7C648-CEB6-487D-AEE7-67922AF5CA52}.Debug|x64.Build.0 = Debug|x64
		{1FA7C648-CEB6-487D-AEE7-67922AF5CA52}.Debug|x86.ActiveCfg = Debug|Any CPU
		{1FA7C648-CEB6-487D-AEE7-67922AF5CA52}.Debug|x86.Build.0 = Debug|Any CPU
		{1FA7C648-CEB6-487D-AEE7-67922AF5CA52}.Dev|Any CPU.ActiveCfg = Dev|Any CPU
		{1FA7C648-CEB6-487D-AEE7-67922AF5CA52}.Dev|Any CPU.Build.0 = Dev|Any CPU
		{1FA7C648-CEB6-487D-AEE7-67922AF5CA52}.Dev|x64.ActiveCfg = Dev|x64
		{1FA7C648-CEB6-487D-AEE7-67922AF5CA52}.Dev|x64.Build.0 = Dev|x64
		{1FA7C648-CEB6-487D-AEE7-67922AF5CA52}.Dev|x86.ActiveCfg = Dev|Any CPU
		{1FA7C648-CEB6-487D-AEE7-67922AF5CA52}.Dev|x86.Build.0 = Dev|Any CPU
		{1FA7C648-CEB6-487D-AEE7-67922AF5CA52}.Release|Any CPU.ActiveCfg = Release|Any CPU
		{1FA7C648-CEB6-487D-AEE7-67922AF5CA52}.Release|Any CPU.Build.0 = Release|Any CPU
		{1FA7C648-CEB6-487D-AEE7-67922AF5CA52}.Release|x64.ActiveCfg = Release|x64
		{1FA7C648-CEB6-487D-AEE7-67922AF5CA52}.Release|x64.Build.0 = Release|x64
		{1FA7C648-CEB6-487D-AEE7-67922AF5CA52}.Release|x86.ActiveCfg = Release|Any CPU
		{1FA7C648-CEB6-487D-AEE7-67922AF5CA52}.Release|x86.Build.0 = Release|Any CPU
		{DB56273B-09B6-4D0A-B7C3-C160D5BF781B}.Debug|Any CPU.ActiveCfg = Debug|Any CPU
		{DB56273B-09B6-4D0A-B7C3-C160D5BF781B}.Debug|Any CPU.Build.0 = Debug|Any CPU
		{DB56273B-09B6-4D0A-B7C3-C160D5BF781B}.Debug|x64.ActiveCfg = Debug|Any CPU
		{DB56273B-09B6-4D0A-B7C3-C160D5BF781B}.Debug|x64.Build.0 = Debug|Any CPU
		{DB56273B-09B6-4D0A-B7C3-C160D5BF781B}.Debug|x86.ActiveCfg = Debug|Any CPU
		{DB56273B-09B6-4D0A-B7C3-C160D5BF781B}.Debug|x86.Build.0 = Debug|Any CPU
		{DB56273B-09B6-4D0A-B7C3-C160D5BF781B}.Dev|Any CPU.ActiveCfg = Dev|Any CPU
		{DB56273B-09B6-4D0A-B7C3-C160D5BF781B}.Dev|Any CPU.Build.0 = Dev|Any CPU
		{DB56273B-09B6-4D0A-B7C3-C160D5BF781B}.Dev|x64.ActiveCfg = Dev|Any CPU
		{DB56273B-09B6-4D0A-B7C3-C160D5BF781B}.Dev|x64.Build.0 = Dev|Any CPU
		{DB56273B-09B6-4D0A-B7C3-C160D5BF781B}.Dev|x86.ActiveCfg = Dev|Any CPU
		{DB56273B-09B6-4D0A-B7C3-C160D5BF781B}.Dev|x86.Build.0 = Dev|Any CPU
		{DB56273B-09B6-4D0A-B7C3-C160D5BF781B}.Release|Any CPU.ActiveCfg = Release|Any CPU
		{DB56273B-09B6-4D0A-B7C3-C160D5BF781B}.Release|Any CPU.Build.0 = Release|Any CPU
		{DB56273B-09B6-4D0A-B7C3-C160D5BF781B}.Release|x64.ActiveCfg = Release|Any CPU
		{DB56273B-09B6-4D0A-B7C3-C160D5BF781B}.Release|x64.Build.0 = Release|Any CPU
		{DB56273B-09B6-4D0A-B7C3-C160D5BF781B}.Release|x86.ActiveCfg = Release|Any CPU
		{DB56273B-09B6-4D0A-B7C3-C160D5BF781B}.Release|x86.Build.0 = Release|Any CPU
		{068AF81E-354C-41C4-B4DF-AE6D19B1D18C}.Debug|Any CPU.ActiveCfg = Debug|Any CPU
		{068AF81E-354C-41C4-B4DF-AE6D19B1D18C}.Debug|Any CPU.Build.0 = Debug|Any CPU
		{068AF81E-354C-41C4-B4DF-AE6D19B1D18C}.Debug|x64.ActiveCfg = Debug|Any CPU
		{068AF81E-354C-41C4-B4DF-AE6D19B1D18C}.Debug|x64.Build.0 = Debug|Any CPU
		{068AF81E-354C-41C4-B4DF-AE6D19B1D18C}.Debug|x86.ActiveCfg = Debug|Any CPU
		{068AF81E-354C-41C4-B4DF-AE6D19B1D18C}.Debug|x86.Build.0 = Debug|Any CPU
		{068AF81E-354C-41C4-B4DF-AE6D19B1D18C}.Dev|Any CPU.ActiveCfg = Dev|Any CPU
		{068AF81E-354C-41C4-B4DF-AE6D19B1D18C}.Dev|Any CPU.Build.0 = Dev|Any CPU
		{068AF81E-354C-41C4-B4DF-AE6D19B1D18C}.Dev|x64.ActiveCfg = Dev|Any CPU
		{068AF81E-354C-41C4-B4DF-AE6D19B1D18C}.Dev|x64.Build.0 = Dev|Any CPU
		{068AF81E-354C-41C4-B4DF-AE6D19B1D18C}.Dev|x86.ActiveCfg = Dev|Any CPU
		{068AF81E-354C-41C4-B4DF-AE6D19B1D18C}.Dev|x86.Build.0 = Dev|Any CPU
		{068AF81E-354C-41C4-B4DF-AE6D19B1D18C}.Release|Any CPU.ActiveCfg = Release|Any CPU
		{068AF81E-354C-41C4-B4DF-AE6D19B1D18C}.Release|Any CPU.Build.0 = Release|Any CPU
		{068AF81E-354C-41C4-B4DF-AE6D19B1D18C}.Release|x64.ActiveCfg = Release|Any CPU
		{068AF81E-354C-41C4-B4DF-AE6D19B1D18C}.Release|x64.Build.0 = Release|Any CPU
		{068AF81E-354C-41C4-B4DF-AE6D19B1D18C}.Release|x86.ActiveCfg = Release|Any CPU
		{068AF81E-354C-41C4-B4DF-AE6D19B1D18C}.Release|x86.Build.0 = Release|Any CPU
		{0F0419A1-2FC9-44BA-8987-9668BACAFC84}.Debug|Any CPU.ActiveCfg = Debug|Any CPU
		{0F0419A1-2FC9-44BA-8987-9668BACAFC84}.Debug|Any CPU.Build.0 = Debug|Any CPU
		{0F0419A1-2FC9-44BA-8987-9668BACAFC84}.Debug|Any CPU.Deploy.0 = Debug|Any CPU
		{0F0419A1-2FC9-44BA-8987-9668BACAFC84}.Debug|x64.ActiveCfg = Debug|Any CPU
		{0F0419A1-2FC9-44BA-8987-9668BACAFC84}.Debug|x64.Build.0 = Debug|Any CPU
		{0F0419A1-2FC9-44BA-8987-9668BACAFC84}.Debug|x64.Deploy.0 = Debug|Any CPU
		{0F0419A1-2FC9-44BA-8987-9668BACAFC84}.Debug|x86.ActiveCfg = Debug|Any CPU
		{0F0419A1-2FC9-44BA-8987-9668BACAFC84}.Debug|x86.Build.0 = Debug|Any CPU
		{0F0419A1-2FC9-44BA-8987-9668BACAFC84}.Debug|x86.Deploy.0 = Debug|Any CPU
		{0F0419A1-2FC9-44BA-8987-9668BACAFC84}.Dev|Any CPU.ActiveCfg = Debug|Any CPU
		{0F0419A1-2FC9-44BA-8987-9668BACAFC84}.Dev|Any CPU.Build.0 = Debug|Any CPU
		{0F0419A1-2FC9-44BA-8987-9668BACAFC84}.Dev|Any CPU.Deploy.0 = Debug|Any CPU
		{0F0419A1-2FC9-44BA-8987-9668BACAFC84}.Dev|x64.ActiveCfg = Debug|Any CPU
		{0F0419A1-2FC9-44BA-8987-9668BACAFC84}.Dev|x64.Build.0 = Debug|Any CPU
		{0F0419A1-2FC9-44BA-8987-9668BACAFC84}.Dev|x64.Deploy.0 = Debug|Any CPU
		{0F0419A1-2FC9-44BA-8987-9668BACAFC84}.Dev|x86.ActiveCfg = Debug|Any CPU
		{0F0419A1-2FC9-44BA-8987-9668BACAFC84}.Dev|x86.Build.0 = Debug|Any CPU
		{0F0419A1-2FC9-44BA-8987-9668BACAFC84}.Dev|x86.Deploy.0 = Debug|Any CPU
		{0F0419A1-2FC9-44BA-8987-9668BACAFC84}.Release|Any CPU.ActiveCfg = Release|Any CPU
		{0F0419A1-2FC9-44BA-8987-9668BACAFC84}.Release|Any CPU.Build.0 = Release|Any CPU
		{0F0419A1-2FC9-44BA-8987-9668BACAFC84}.Release|Any CPU.Deploy.0 = Release|Any CPU
		{0F0419A1-2FC9-44BA-8987-9668BACAFC84}.Release|x64.ActiveCfg = Release|Any CPU
		{0F0419A1-2FC9-44BA-8987-9668BACAFC84}.Release|x64.Build.0 = Release|Any CPU
		{0F0419A1-2FC9-44BA-8987-9668BACAFC84}.Release|x64.Deploy.0 = Release|Any CPU
		{0F0419A1-2FC9-44BA-8987-9668BACAFC84}.Release|x86.ActiveCfg = Release|Any CPU
		{0F0419A1-2FC9-44BA-8987-9668BACAFC84}.Release|x86.Build.0 = Release|Any CPU
		{0F0419A1-2FC9-44BA-8987-9668BACAFC84}.Release|x86.Deploy.0 = Release|Any CPU
		{11AABCF9-7C81-4A30-9889-E7EF0DBFD533}.Debug|Any CPU.ActiveCfg = Debug|Any CPU
		{11AABCF9-7C81-4A30-9889-E7EF0DBFD533}.Debug|Any CPU.Build.0 = Debug|Any CPU
		{11AABCF9-7C81-4A30-9889-E7EF0DBFD533}.Debug|Any CPU.Deploy.0 = Debug|Any CPU
		{11AABCF9-7C81-4A30-9889-E7EF0DBFD533}.Debug|x64.ActiveCfg = Debug|Any CPU
		{11AABCF9-7C81-4A30-9889-E7EF0DBFD533}.Debug|x64.Build.0 = Debug|Any CPU
		{11AABCF9-7C81-4A30-9889-E7EF0DBFD533}.Debug|x64.Deploy.0 = Debug|Any CPU
		{11AABCF9-7C81-4A30-9889-E7EF0DBFD533}.Debug|x86.ActiveCfg = Debug|Any CPU
		{11AABCF9-7C81-4A30-9889-E7EF0DBFD533}.Debug|x86.Build.0 = Debug|Any CPU
		{11AABCF9-7C81-4A30-9889-E7EF0DBFD533}.Debug|x86.Deploy.0 = Debug|Any CPU
		{11AABCF9-7C81-4A30-9889-E7EF0DBFD533}.Dev|Any CPU.ActiveCfg = Debug|Any CPU
		{11AABCF9-7C81-4A30-9889-E7EF0DBFD533}.Dev|Any CPU.Build.0 = Debug|Any CPU
		{11AABCF9-7C81-4A30-9889-E7EF0DBFD533}.Dev|Any CPU.Deploy.0 = Debug|Any CPU
		{11AABCF9-7C81-4A30-9889-E7EF0DBFD533}.Dev|x64.ActiveCfg = Debug|Any CPU
		{11AABCF9-7C81-4A30-9889-E7EF0DBFD533}.Dev|x64.Build.0 = Debug|Any CPU
		{11AABCF9-7C81-4A30-9889-E7EF0DBFD533}.Dev|x64.Deploy.0 = Debug|Any CPU
		{11AABCF9-7C81-4A30-9889-E7EF0DBFD533}.Dev|x86.ActiveCfg = Debug|Any CPU
		{11AABCF9-7C81-4A30-9889-E7EF0DBFD533}.Dev|x86.Build.0 = Debug|Any CPU
		{11AABCF9-7C81-4A30-9889-E7EF0DBFD533}.Dev|x86.Deploy.0 = Debug|Any CPU
		{11AABCF9-7C81-4A30-9889-E7EF0DBFD533}.Release|Any CPU.ActiveCfg = Release|Any CPU
		{11AABCF9-7C81-4A30-9889-E7EF0DBFD533}.Release|Any CPU.Build.0 = Release|Any CPU
		{11AABCF9-7C81-4A30-9889-E7EF0DBFD533}.Release|Any CPU.Deploy.0 = Release|Any CPU
		{11AABCF9-7C81-4A30-9889-E7EF0DBFD533}.Release|x64.ActiveCfg = Release|Any CPU
		{11AABCF9-7C81-4A30-9889-E7EF0DBFD533}.Release|x64.Build.0 = Release|Any CPU
		{11AABCF9-7C81-4A30-9889-E7EF0DBFD533}.Release|x64.Deploy.0 = Release|Any CPU
		{11AABCF9-7C81-4A30-9889-E7EF0DBFD533}.Release|x86.ActiveCfg = Release|Any CPU
		{11AABCF9-7C81-4A30-9889-E7EF0DBFD533}.Release|x86.Build.0 = Release|Any CPU
		{11AABCF9-7C81-4A30-9889-E7EF0DBFD533}.Release|x86.Deploy.0 = Release|Any CPU
		{51C1AA1F-3104-4438-93EA-9E348F18EAD7}.Debug|Any CPU.ActiveCfg = Debug|Any CPU
		{51C1AA1F-3104-4438-93EA-9E348F18EAD7}.Debug|Any CPU.Build.0 = Debug|Any CPU
		{51C1AA1F-3104-4438-93EA-9E348F18EAD7}.Debug|x64.ActiveCfg = Debug|x64
		{51C1AA1F-3104-4438-93EA-9E348F18EAD7}.Debug|x64.Build.0 = Debug|x64
		{51C1AA1F-3104-4438-93EA-9E348F18EAD7}.Debug|x86.ActiveCfg = Debug|Any CPU
		{51C1AA1F-3104-4438-93EA-9E348F18EAD7}.Debug|x86.Build.0 = Debug|Any CPU
		{51C1AA1F-3104-4438-93EA-9E348F18EAD7}.Dev|Any CPU.ActiveCfg = Dev|Any CPU
		{51C1AA1F-3104-4438-93EA-9E348F18EAD7}.Dev|Any CPU.Build.0 = Dev|Any CPU
		{51C1AA1F-3104-4438-93EA-9E348F18EAD7}.Dev|x64.ActiveCfg = Dev|x64
		{51C1AA1F-3104-4438-93EA-9E348F18EAD7}.Dev|x64.Build.0 = Dev|x64
		{51C1AA1F-3104-4438-93EA-9E348F18EAD7}.Dev|x86.ActiveCfg = Dev|Any CPU
		{51C1AA1F-3104-4438-93EA-9E348F18EAD7}.Dev|x86.Build.0 = Dev|Any CPU
		{51C1AA1F-3104-4438-93EA-9E348F18EAD7}.Release|Any CPU.ActiveCfg = Release|Any CPU
		{51C1AA1F-3104-4438-93EA-9E348F18EAD7}.Release|Any CPU.Build.0 = Release|Any CPU
		{51C1AA1F-3104-4438-93EA-9E348F18EAD7}.Release|x64.ActiveCfg = Release|x64
		{51C1AA1F-3104-4438-93EA-9E348F18EAD7}.Release|x64.Build.0 = Release|x64
		{51C1AA1F-3104-4438-93EA-9E348F18EAD7}.Release|x86.ActiveCfg = Release|Any CPU
		{51C1AA1F-3104-4438-93EA-9E348F18EAD7}.Release|x86.Build.0 = Release|Any CPU
		{7BF7EC6A-7F21-4319-8994-87D6763EF524}.Debug|Any CPU.ActiveCfg = Debug|Any CPU
		{7BF7EC6A-7F21-4319-8994-87D6763EF524}.Debug|Any CPU.Build.0 = Debug|Any CPU
		{7BF7EC6A-7F21-4319-8994-87D6763EF524}.Debug|x64.ActiveCfg = Debug|x64
		{7BF7EC6A-7F21-4319-8994-87D6763EF524}.Debug|x64.Build.0 = Debug|x64
		{7BF7EC6A-7F21-4319-8994-87D6763EF524}.Debug|x86.ActiveCfg = Debug|Any CPU
		{7BF7EC6A-7F21-4319-8994-87D6763EF524}.Debug|x86.Build.0 = Debug|Any CPU
		{7BF7EC6A-7F21-4319-8994-87D6763EF524}.Dev|Any CPU.ActiveCfg = Dev|Any CPU
		{7BF7EC6A-7F21-4319-8994-87D6763EF524}.Dev|Any CPU.Build.0 = Dev|Any CPU
		{7BF7EC6A-7F21-4319-8994-87D6763EF524}.Dev|x64.ActiveCfg = Dev|x64
		{7BF7EC6A-7F21-4319-8994-87D6763EF524}.Dev|x64.Build.0 = Dev|x64
		{7BF7EC6A-7F21-4319-8994-87D6763EF524}.Dev|x86.ActiveCfg = Dev|Any CPU
		{7BF7EC6A-7F21-4319-8994-87D6763EF524}.Dev|x86.Build.0 = Dev|Any CPU
		{7BF7EC6A-7F21-4319-8994-87D6763EF524}.Release|Any CPU.ActiveCfg = Release|Any CPU
		{7BF7EC6A-7F21-4319-8994-87D6763EF524}.Release|Any CPU.Build.0 = Release|Any CPU
		{7BF7EC6A-7F21-4319-8994-87D6763EF524}.Release|x64.ActiveCfg = Release|x64
		{7BF7EC6A-7F21-4319-8994-87D6763EF524}.Release|x64.Build.0 = Release|x64
		{7BF7EC6A-7F21-4319-8994-87D6763EF524}.Release|x86.ActiveCfg = Release|Any CPU
		{7BF7EC6A-7F21-4319-8994-87D6763EF524}.Release|x86.Build.0 = Release|Any CPU
		{66C3C690-C64C-4C35-B496-3ADB6B5D7BE9}.Debug|Any CPU.ActiveCfg = Debug|Any CPU
		{66C3C690-C64C-4C35-B496-3ADB6B5D7BE9}.Debug|Any CPU.Build.0 = Debug|Any CPU
		{66C3C690-C64C-4C35-B496-3ADB6B5D7BE9}.Debug|x64.ActiveCfg = Debug|x64
		{66C3C690-C64C-4C35-B496-3ADB6B5D7BE9}.Debug|x64.Build.0 = Debug|x64
		{66C3C690-C64C-4C35-B496-3ADB6B5D7BE9}.Debug|x86.ActiveCfg = Debug|Any CPU
		{66C3C690-C64C-4C35-B496-3ADB6B5D7BE9}.Debug|x86.Build.0 = Debug|Any CPU
		{66C3C690-C64C-4C35-B496-3ADB6B5D7BE9}.Dev|Any CPU.ActiveCfg = Debug|Any CPU
		{66C3C690-C64C-4C35-B496-3ADB6B5D7BE9}.Dev|x64.ActiveCfg = Debug|x64
		{66C3C690-C64C-4C35-B496-3ADB6B5D7BE9}.Dev|x86.ActiveCfg = Debug|Any CPU
		{66C3C690-C64C-4C35-B496-3ADB6B5D7BE9}.Release|Any CPU.ActiveCfg = Release|Any CPU
		{66C3C690-C64C-4C35-B496-3ADB6B5D7BE9}.Release|Any CPU.Build.0 = Release|Any CPU
		{66C3C690-C64C-4C35-B496-3ADB6B5D7BE9}.Release|x64.ActiveCfg = Release|x64
		{66C3C690-C64C-4C35-B496-3ADB6B5D7BE9}.Release|x64.Build.0 = Release|x64
		{66C3C690-C64C-4C35-B496-3ADB6B5D7BE9}.Release|x86.ActiveCfg = Release|Any CPU
		{66C3C690-C64C-4C35-B496-3ADB6B5D7BE9}.Release|x86.Build.0 = Release|Any CPU
		{913F871D-77C5-432F-8BA7-10170E9818D7}.Debug|Any CPU.ActiveCfg = Debug|Any CPU
		{913F871D-77C5-432F-8BA7-10170E9818D7}.Debug|Any CPU.Build.0 = Debug|Any CPU
		{913F871D-77C5-432F-8BA7-10170E9818D7}.Debug|x64.ActiveCfg = Debug|x64
		{913F871D-77C5-432F-8BA7-10170E9818D7}.Debug|x64.Build.0 = Debug|x64
		{913F871D-77C5-432F-8BA7-10170E9818D7}.Debug|x86.ActiveCfg = Debug|Any CPU
		{913F871D-77C5-432F-8BA7-10170E9818D7}.Debug|x86.Build.0 = Debug|Any CPU
		{913F871D-77C5-432F-8BA7-10170E9818D7}.Dev|Any CPU.ActiveCfg = Debug|Any CPU
		{913F871D-77C5-432F-8BA7-10170E9818D7}.Dev|x64.ActiveCfg = Debug|x64
		{913F871D-77C5-432F-8BA7-10170E9818D7}.Dev|x86.ActiveCfg = Debug|Any CPU
		{913F871D-77C5-432F-8BA7-10170E9818D7}.Release|Any CPU.ActiveCfg = Release|Any CPU
		{913F871D-77C5-432F-8BA7-10170E9818D7}.Release|Any CPU.Build.0 = Release|Any CPU
		{913F871D-77C5-432F-8BA7-10170E9818D7}.Release|x64.ActiveCfg = Release|x64
		{913F871D-77C5-432F-8BA7-10170E9818D7}.Release|x64.Build.0 = Release|x64
		{913F871D-77C5-432F-8BA7-10170E9818D7}.Release|x86.ActiveCfg = Release|Any CPU
		{913F871D-77C5-432F-8BA7-10170E9818D7}.Release|x86.Build.0 = Release|Any CPU
		{183B5D17-B8A4-4A2E-AE01-33A92426B520}.Debug|Any CPU.ActiveCfg = Debug|Any CPU
		{183B5D17-B8A4-4A2E-AE01-33A92426B520}.Debug|Any CPU.Build.0 = Debug|Any CPU
		{183B5D17-B8A4-4A2E-AE01-33A92426B520}.Debug|x64.ActiveCfg = Debug|x64
		{183B5D17-B8A4-4A2E-AE01-33A92426B520}.Debug|x64.Build.0 = Debug|x64
		{183B5D17-B8A4-4A2E-AE01-33A92426B520}.Debug|x86.ActiveCfg = Debug|Any CPU
		{183B5D17-B8A4-4A2E-AE01-33A92426B520}.Debug|x86.Build.0 = Debug|Any CPU
		{183B5D17-B8A4-4A2E-AE01-33A92426B520}.Dev|Any CPU.ActiveCfg = Dev|Any CPU
		{183B5D17-B8A4-4A2E-AE01-33A92426B520}.Dev|Any CPU.Build.0 = Dev|Any CPU
		{183B5D17-B8A4-4A2E-AE01-33A92426B520}.Dev|x64.ActiveCfg = Dev|x64
		{183B5D17-B8A4-4A2E-AE01-33A92426B520}.Dev|x64.Build.0 = Dev|x64
		{183B5D17-B8A4-4A2E-AE01-33A92426B520}.Dev|x86.ActiveCfg = Dev|Any CPU
		{183B5D17-B8A4-4A2E-AE01-33A92426B520}.Dev|x86.Build.0 = Dev|Any CPU
		{183B5D17-B8A4-4A2E-AE01-33A92426B520}.Release|Any CPU.ActiveCfg = Release|Any CPU
		{183B5D17-B8A4-4A2E-AE01-33A92426B520}.Release|Any CPU.Build.0 = Release|Any CPU
		{183B5D17-B8A4-4A2E-AE01-33A92426B520}.Release|x64.ActiveCfg = Release|x64
		{183B5D17-B8A4-4A2E-AE01-33A92426B520}.Release|x64.Build.0 = Release|x64
		{183B5D17-B8A4-4A2E-AE01-33A92426B520}.Release|x86.ActiveCfg = Release|Any CPU
		{183B5D17-B8A4-4A2E-AE01-33A92426B520}.Release|x86.Build.0 = Release|Any CPU
		{68055D28-5A64-4A55-80D0-3A11015B05F2}.Debug|Any CPU.ActiveCfg = Debug|Any CPU
		{68055D28-5A64-4A55-80D0-3A11015B05F2}.Debug|Any CPU.Build.0 = Debug|Any CPU
		{68055D28-5A64-4A55-80D0-3A11015B05F2}.Debug|x64.ActiveCfg = Debug|x64
		{68055D28-5A64-4A55-80D0-3A11015B05F2}.Debug|x64.Build.0 = Debug|x64
		{68055D28-5A64-4A55-80D0-3A11015B05F2}.Debug|x86.ActiveCfg = Debug|Any CPU
		{68055D28-5A64-4A55-80D0-3A11015B05F2}.Debug|x86.Build.0 = Debug|Any CPU
		{68055D28-5A64-4A55-80D0-3A11015B05F2}.Dev|Any CPU.ActiveCfg = Dev|Any CPU
		{68055D28-5A64-4A55-80D0-3A11015B05F2}.Dev|Any CPU.Build.0 = Dev|Any CPU
		{68055D28-5A64-4A55-80D0-3A11015B05F2}.Dev|x64.ActiveCfg = Dev|x64
		{68055D28-5A64-4A55-80D0-3A11015B05F2}.Dev|x64.Build.0 = Dev|x64
		{68055D28-5A64-4A55-80D0-3A11015B05F2}.Dev|x86.ActiveCfg = Dev|Any CPU
		{68055D28-5A64-4A55-80D0-3A11015B05F2}.Dev|x86.Build.0 = Dev|Any CPU
		{68055D28-5A64-4A55-80D0-3A11015B05F2}.Release|Any CPU.ActiveCfg = Release|Any CPU
		{68055D28-5A64-4A55-80D0-3A11015B05F2}.Release|Any CPU.Build.0 = Release|Any CPU
		{68055D28-5A64-4A55-80D0-3A11015B05F2}.Release|x64.ActiveCfg = Release|x64
		{68055D28-5A64-4A55-80D0-3A11015B05F2}.Release|x64.Build.0 = Release|x64
		{68055D28-5A64-4A55-80D0-3A11015B05F2}.Release|x86.ActiveCfg = Release|Any CPU
		{68055D28-5A64-4A55-80D0-3A11015B05F2}.Release|x86.Build.0 = Release|Any CPU
		{F1C3B9B5-D958-493B-BC95-AE34AE235BD0}.Debug|Any CPU.ActiveCfg = Debug|Any CPU
		{F1C3B9B5-D958-493B-BC95-AE34AE235BD0}.Debug|Any CPU.Build.0 = Debug|Any CPU
		{F1C3B9B5-D958-493B-BC95-AE34AE235BD0}.Debug|x64.ActiveCfg = Debug|Any CPU
		{F1C3B9B5-D958-493B-BC95-AE34AE235BD0}.Debug|x64.Build.0 = Debug|Any CPU
		{F1C3B9B5-D958-493B-BC95-AE34AE235BD0}.Debug|x86.ActiveCfg = Debug|Any CPU
		{F1C3B9B5-D958-493B-BC95-AE34AE235BD0}.Debug|x86.Build.0 = Debug|Any CPU
		{F1C3B9B5-D958-493B-BC95-AE34AE235BD0}.Dev|Any CPU.ActiveCfg = Debug|Any CPU
		{F1C3B9B5-D958-493B-BC95-AE34AE235BD0}.Dev|Any CPU.Build.0 = Debug|Any CPU
		{F1C3B9B5-D958-493B-BC95-AE34AE235BD0}.Dev|x64.ActiveCfg = Debug|Any CPU
		{F1C3B9B5-D958-493B-BC95-AE34AE235BD0}.Dev|x64.Build.0 = Debug|Any CPU
		{F1C3B9B5-D958-493B-BC95-AE34AE235BD0}.Dev|x86.ActiveCfg = Debug|Any CPU
		{F1C3B9B5-D958-493B-BC95-AE34AE235BD0}.Dev|x86.Build.0 = Debug|Any CPU
		{F1C3B9B5-D958-493B-BC95-AE34AE235BD0}.Release|Any CPU.ActiveCfg = Release|Any CPU
		{F1C3B9B5-D958-493B-BC95-AE34AE235BD0}.Release|Any CPU.Build.0 = Release|Any CPU
		{F1C3B9B5-D958-493B-BC95-AE34AE235BD0}.Release|x64.ActiveCfg = Release|Any CPU
		{F1C3B9B5-D958-493B-BC95-AE34AE235BD0}.Release|x64.Build.0 = Release|Any CPU
		{F1C3B9B5-D958-493B-BC95-AE34AE235BD0}.Release|x86.ActiveCfg = Release|Any CPU
		{F1C3B9B5-D958-493B-BC95-AE34AE235BD0}.Release|x86.Build.0 = Release|Any CPU
		{3E4418DC-A2AB-4C21-85E4-8E5751BBE425}.Debug|Any CPU.ActiveCfg = Debug|Any CPU
		{3E4418DC-A2AB-4C21-85E4-8E5751BBE425}.Debug|Any CPU.Build.0 = Debug|Any CPU
		{3E4418DC-A2AB-4C21-85E4-8E5751BBE425}.Debug|x64.ActiveCfg = Debug|x64
		{3E4418DC-A2AB-4C21-85E4-8E5751BBE425}.Debug|x64.Build.0 = Debug|x64
		{3E4418DC-A2AB-4C21-85E4-8E5751BBE425}.Debug|x86.ActiveCfg = Debug|Any CPU
		{3E4418DC-A2AB-4C21-85E4-8E5751BBE425}.Debug|x86.Build.0 = Debug|Any CPU
		{3E4418DC-A2AB-4C21-85E4-8E5751BBE425}.Dev|Any CPU.ActiveCfg = Dev|Any CPU
		{3E4418DC-A2AB-4C21-85E4-8E5751BBE425}.Dev|Any CPU.Build.0 = Dev|Any CPU
		{3E4418DC-A2AB-4C21-85E4-8E5751BBE425}.Dev|x64.ActiveCfg = Dev|x64
		{3E4418DC-A2AB-4C21-85E4-8E5751BBE425}.Dev|x64.Build.0 = Dev|x64
		{3E4418DC-A2AB-4C21-85E4-8E5751BBE425}.Dev|x86.ActiveCfg = Dev|Any CPU
		{3E4418DC-A2AB-4C21-85E4-8E5751BBE425}.Dev|x86.Build.0 = Dev|Any CPU
		{3E4418DC-A2AB-4C21-85E4-8E5751BBE425}.Release|Any CPU.ActiveCfg = Release|Any CPU
		{3E4418DC-A2AB-4C21-85E4-8E5751BBE425}.Release|Any CPU.Build.0 = Release|Any CPU
		{3E4418DC-A2AB-4C21-85E4-8E5751BBE425}.Release|x64.ActiveCfg = Release|x64
		{3E4418DC-A2AB-4C21-85E4-8E5751BBE425}.Release|x64.Build.0 = Release|x64
		{3E4418DC-A2AB-4C21-85E4-8E5751BBE425}.Release|x86.ActiveCfg = Release|Any CPU
		{3E4418DC-A2AB-4C21-85E4-8E5751BBE425}.Release|x86.Build.0 = Release|Any CPU
		{01A7F41D-4911-4E5E-BEA0-D6CEA5D9EDF2}.Debug|Any CPU.ActiveCfg = Debug|Any CPU
		{01A7F41D-4911-4E5E-BEA0-D6CEA5D9EDF2}.Debug|Any CPU.Build.0 = Debug|Any CPU
		{01A7F41D-4911-4E5E-BEA0-D6CEA5D9EDF2}.Debug|x64.ActiveCfg = Debug|x64
		{01A7F41D-4911-4E5E-BEA0-D6CEA5D9EDF2}.Debug|x64.Build.0 = Debug|x64
		{01A7F41D-4911-4E5E-BEA0-D6CEA5D9EDF2}.Debug|x86.ActiveCfg = Debug|Any CPU
		{01A7F41D-4911-4E5E-BEA0-D6CEA5D9EDF2}.Debug|x86.Build.0 = Debug|Any CPU
		{01A7F41D-4911-4E5E-BEA0-D6CEA5D9EDF2}.Dev|Any CPU.ActiveCfg = Dev|Any CPU
		{01A7F41D-4911-4E5E-BEA0-D6CEA5D9EDF2}.Dev|Any CPU.Build.0 = Dev|Any CPU
		{01A7F41D-4911-4E5E-BEA0-D6CEA5D9EDF2}.Dev|x64.ActiveCfg = Dev|x64
		{01A7F41D-4911-4E5E-BEA0-D6CEA5D9EDF2}.Dev|x64.Build.0 = Dev|x64
		{01A7F41D-4911-4E5E-BEA0-D6CEA5D9EDF2}.Dev|x86.ActiveCfg = Dev|Any CPU
		{01A7F41D-4911-4E5E-BEA0-D6CEA5D9EDF2}.Dev|x86.Build.0 = Dev|Any CPU
		{01A7F41D-4911-4E5E-BEA0-D6CEA5D9EDF2}.Release|Any CPU.ActiveCfg = Release|Any CPU
		{01A7F41D-4911-4E5E-BEA0-D6CEA5D9EDF2}.Release|Any CPU.Build.0 = Release|Any CPU
		{01A7F41D-4911-4E5E-BEA0-D6CEA5D9EDF2}.Release|x64.ActiveCfg = Release|x64
		{01A7F41D-4911-4E5E-BEA0-D6CEA5D9EDF2}.Release|x64.Build.0 = Release|x64
		{01A7F41D-4911-4E5E-BEA0-D6CEA5D9EDF2}.Release|x86.ActiveCfg = Release|Any CPU
		{01A7F41D-4911-4E5E-BEA0-D6CEA5D9EDF2}.Release|x86.Build.0 = Release|Any CPU
		{75EA4756-B7A3-4F1D-B034-AC6D1E6D98E6}.Debug|Any CPU.ActiveCfg = Debug|Any CPU
		{75EA4756-B7A3-4F1D-B034-AC6D1E6D98E6}.Debug|Any CPU.Build.0 = Debug|Any CPU
		{75EA4756-B7A3-4F1D-B034-AC6D1E6D98E6}.Debug|x64.ActiveCfg = Debug|Any CPU
		{75EA4756-B7A3-4F1D-B034-AC6D1E6D98E6}.Debug|x64.Build.0 = Debug|Any CPU
		{75EA4756-B7A3-4F1D-B034-AC6D1E6D98E6}.Debug|x86.ActiveCfg = Debug|Any CPU
		{75EA4756-B7A3-4F1D-B034-AC6D1E6D98E6}.Debug|x86.Build.0 = Debug|Any CPU
		{75EA4756-B7A3-4F1D-B034-AC6D1E6D98E6}.Dev|Any CPU.ActiveCfg = Debug|Any CPU
		{75EA4756-B7A3-4F1D-B034-AC6D1E6D98E6}.Dev|Any CPU.Build.0 = Debug|Any CPU
		{75EA4756-B7A3-4F1D-B034-AC6D1E6D98E6}.Dev|x64.ActiveCfg = Debug|Any CPU
		{75EA4756-B7A3-4F1D-B034-AC6D1E6D98E6}.Dev|x64.Build.0 = Debug|Any CPU
		{75EA4756-B7A3-4F1D-B034-AC6D1E6D98E6}.Dev|x86.ActiveCfg = Debug|Any CPU
		{75EA4756-B7A3-4F1D-B034-AC6D1E6D98E6}.Dev|x86.Build.0 = Debug|Any CPU
		{75EA4756-B7A3-4F1D-B034-AC6D1E6D98E6}.Release|Any CPU.ActiveCfg = Release|Any CPU
		{75EA4756-B7A3-4F1D-B034-AC6D1E6D98E6}.Release|Any CPU.Build.0 = Release|Any CPU
		{75EA4756-B7A3-4F1D-B034-AC6D1E6D98E6}.Release|x64.ActiveCfg = Release|Any CPU
		{75EA4756-B7A3-4F1D-B034-AC6D1E6D98E6}.Release|x64.Build.0 = Release|Any CPU
		{75EA4756-B7A3-4F1D-B034-AC6D1E6D98E6}.Release|x86.ActiveCfg = Release|Any CPU
		{75EA4756-B7A3-4F1D-B034-AC6D1E6D98E6}.Release|x86.Build.0 = Release|Any CPU
		{734BDB45-B45E-43FB-9EC3-21BD562AE82C}.Debug|Any CPU.ActiveCfg = Debug|Any CPU
		{734BDB45-B45E-43FB-9EC3-21BD562AE82C}.Debug|Any CPU.Build.0 = Debug|Any CPU
		{734BDB45-B45E-43FB-9EC3-21BD562AE82C}.Debug|x64.ActiveCfg = Debug|Any CPU
		{734BDB45-B45E-43FB-9EC3-21BD562AE82C}.Debug|x64.Build.0 = Debug|Any CPU
		{734BDB45-B45E-43FB-9EC3-21BD562AE82C}.Debug|x86.ActiveCfg = Debug|Any CPU
		{734BDB45-B45E-43FB-9EC3-21BD562AE82C}.Debug|x86.Build.0 = Debug|Any CPU
		{734BDB45-B45E-43FB-9EC3-21BD562AE82C}.Dev|Any CPU.ActiveCfg = Debug|Any CPU
		{734BDB45-B45E-43FB-9EC3-21BD562AE82C}.Dev|Any CPU.Build.0 = Debug|Any CPU
		{734BDB45-B45E-43FB-9EC3-21BD562AE82C}.Dev|x64.ActiveCfg = Debug|Any CPU
		{734BDB45-B45E-43FB-9EC3-21BD562AE82C}.Dev|x64.Build.0 = Debug|Any CPU
		{734BDB45-B45E-43FB-9EC3-21BD562AE82C}.Dev|x86.ActiveCfg = Debug|Any CPU
		{734BDB45-B45E-43FB-9EC3-21BD562AE82C}.Dev|x86.Build.0 = Debug|Any CPU
		{734BDB45-B45E-43FB-9EC3-21BD562AE82C}.Release|Any CPU.ActiveCfg = Release|Any CPU
		{734BDB45-B45E-43FB-9EC3-21BD562AE82C}.Release|Any CPU.Build.0 = Release|Any CPU
		{734BDB45-B45E-43FB-9EC3-21BD562AE82C}.Release|x64.ActiveCfg = Release|Any CPU
		{734BDB45-B45E-43FB-9EC3-21BD562AE82C}.Release|x64.Build.0 = Release|Any CPU
		{734BDB45-B45E-43FB-9EC3-21BD562AE82C}.Release|x86.ActiveCfg = Release|Any CPU
		{734BDB45-B45E-43FB-9EC3-21BD562AE82C}.Release|x86.Build.0 = Release|Any CPU
	EndGlobalSection
	GlobalSection(SolutionProperties) = preSolution
		HideSolutionNode = FALSE
	EndGlobalSection
	GlobalSection(NestedProjects) = preSolution
		{7433D1A9-AB41-4BFD-A6E8-3B2FEB0F46E5} = {94C4EB53-BC8E-45A4-9ACA-B8A2CE45E497}
		{E92E8921-572E-437B-B288-C508B153EF3B} = {94C4EB53-BC8E-45A4-9ACA-B8A2CE45E497}
		{F5635B3B-1E4F-448E-861F-43305D58C8D1} = {94C4EB53-BC8E-45A4-9ACA-B8A2CE45E497}
		{F93145FD-2BD5-44AE-8FB5-4597B5AD1D33} = {94C4EB53-BC8E-45A4-9ACA-B8A2CE45E497}
		{91A97E4B-FC8E-44C1-B0BF-4F91EE4BAE27} = {94C4EB53-BC8E-45A4-9ACA-B8A2CE45E497}
		{62CCE789-EEFE-4AA7-8C79-3154FCD1FA9D} = {91A97E4B-FC8E-44C1-B0BF-4F91EE4BAE27}
		{24D3D99E-E4F5-4531-967C-746566307077} = {91A97E4B-FC8E-44C1-B0BF-4F91EE4BAE27}
		{D017AF5F-AF6D-4D1A-B1D0-0D27E4DF5B51} = {91A97E4B-FC8E-44C1-B0BF-4F91EE4BAE27}
		{6244AF63-32F6-44CD-B2F0-5FED7B98E55F} = {91A97E4B-FC8E-44C1-B0BF-4F91EE4BAE27}
	EndGlobalSection
	GlobalSection(ExtensibilityGlobals) = postSolution
		VisualSVNWorkingCopyRoot = .
		SolutionGuid = {BAF483B4-517E-4CBD-90A7-3F3FC76B238D}
	EndGlobalSection
EndGlobal
