
Microsoft Visual Studio Solution File, Format Version 12.00
# Visual Studio Version 16
VisualStudioVersion = 16.0.31112.23
MinimumVisualStudioVersion = 10.0.40219.1
Project("{FAE04EC0-301F-11D3-BF4B-00C04F79EFBC}") = "TokenRead", "TokenWriteRead\TokenRead.csproj", "{C9C3A743-CFF7-47A0-A32A-7CCC22096DC4}"
EndProject
Project("{FAE04EC0-301F-11D3-BF4B-00C04F79EFBC}") = "TokenWrite", "TokenWrite\TokenWrite.csproj", "{013F79DB-41EF-4712-B8E0-D6133766C7A4}"
EndProject
Project("{FAE04EC0-301F-11D3-BF4B-00C04F79EFBC}") = "EncryptingLib", "EncryptingLib\EncryptingLib.csproj", "{9728EE27-8A23-4784-AD0E-DF320622B3CE}"
EndProject
Global
	GlobalSection(SolutionConfigurationPlatforms) = preSolution
		Debug|Any CPU = Debug|Any CPU
		Release|Any CPU = Release|Any CPU
	EndGlobalSection
	GlobalSection(ProjectConfigurationPlatforms) = postSolution
		{C9C3A743-CFF7-47A0-A32A-7CCC22096DC4}.Debug|Any CPU.ActiveCfg = Debug|Any CPU
		{C9C3A743-CFF7-47A0-A32A-7CCC22096DC4}.Debug|Any CPU.Build.0 = Debug|Any CPU
		{C9C3A743-CFF7-47A0-A32A-7CCC22096DC4}.Release|Any CPU.ActiveCfg = Release|Any CPU
		{C9C3A743-CFF7-47A0-A32A-7CCC22096DC4}.Release|Any CPU.Build.0 = Release|Any CPU
		{013F79DB-41EF-4712-B8E0-D6133766C7A4}.Debug|Any CPU.ActiveCfg = Debug|Any CPU
		{013F79DB-41EF-4712-B8E0-D6133766C7A4}.Debug|Any CPU.Build.0 = Debug|Any CPU
		{013F79DB-41EF-4712-B8E0-D6133766C7A4}.Release|Any CPU.ActiveCfg = Release|Any CPU
		{013F79DB-41EF-4712-B8E0-D6133766C7A4}.Release|Any CPU.Build.0 = Release|Any CPU
		{9728EE27-8A23-4784-AD0E-DF320622B3CE}.Debug|Any CPU.ActiveCfg = Debug|Any CPU
		{9728EE27-8A23-4784-AD0E-DF320622B3CE}.Debug|Any CPU.Build.0 = Debug|Any CPU
		{9728EE27-8A23-4784-AD0E-DF320622B3CE}.Release|Any CPU.ActiveCfg = Release|Any CPU
		{9728EE27-8A23-4784-AD0E-DF320622B3CE}.Release|Any CPU.Build.0 = Release|Any CPU
	EndGlobalSection
	GlobalSection(SolutionProperties) = preSolution
		HideSolutionNode = FALSE
	EndGlobalSection
	GlobalSection(ExtensibilityGlobals) = postSolution
		SolutionGuid = {63E431EF-CD26-4CA9-8D22-E84731BE5152}
	EndGlobalSection
EndGlobal
